
Microsoft Visual Studio Solution File, Format Version 12.00
# Visual Studio 15
VisualStudioVersion = 15.0.27703.2000
MinimumVisualStudioVersion = 10.0.40219.1
Project("{FAE04EC0-301F-11D3-BF4B-00C04F79EFBC}") = "Test.Android", "Test\Test.Android\Test.Android.csproj", "{361AA4D4-485D-422B-92AE-6702142CDFAF}"
EndProject
Project("{FAE04EC0-301F-11D3-BF4B-00C04F79EFBC}") = "Test.iOS", "Test\Test.iOS\Test.iOS.csproj", "{4DC91587-F4D4-4D94-9E62-DE17360D1805}"
EndProject
Project("{D954291E-2A0B-460D-934E-DC6B0785DB48}") = "Test", "Test\Test\Test.shproj", "{D2BEA81B-EECC-4355-A209-B21FBE3B3EEB}"
EndProject
Global
	GlobalSection(SharedMSBuildProjectFiles) = preSolution
		Test\Test\Test.projitems*{361aa4d4-485d-422b-92ae-6702142cdfaf}*SharedItemsImports = 4
		Test\Test\Test.projitems*{4dc91587-f4d4-4d94-9e62-de17360d1805}*SharedItemsImports = 4
		Test\Test\Test.projitems*{d2bea81b-eecc-4355-a209-b21fbe3b3eeb}*SharedItemsImports = 13
	EndGlobalSection
	GlobalSection(SolutionConfigurationPlatforms) = preSolution
		Ad-Hoc|Any CPU = Ad-Hoc|Any CPU
		Ad-Hoc|ARM = Ad-Hoc|ARM
		Ad-Hoc|iPhone = Ad-Hoc|iPhone
		Ad-Hoc|iPhoneSimulator = Ad-Hoc|iPhoneSimulator
		Ad-Hoc|x64 = Ad-Hoc|x64
		Ad-Hoc|x86 = Ad-Hoc|x86
		AppStore|Any CPU = AppStore|Any CPU
		AppStore|ARM = AppStore|ARM
		AppStore|iPhone = AppStore|iPhone
		AppStore|iPhoneSimulator = AppStore|iPhoneSimulator
		AppStore|x64 = AppStore|x64
		AppStore|x86 = AppStore|x86
		Debug|Any CPU = Debug|Any CPU
		Debug|ARM = Debug|ARM
		Debug|iPhone = Debug|iPhone
		Debug|iPhoneSimulator = Debug|iPhoneSimulator
		Debug|x64 = Debug|x64
		Debug|x86 = Debug|x86
		Release|Any CPU = Release|Any CPU
		Release|ARM = Release|ARM
		Release|iPhone = Release|iPhone
		Release|iPhoneSimulator = Release|iPhoneSimulator
		Release|x64 = Release|x64
		Release|x86 = Release|x86
	EndGlobalSection
	GlobalSection(ProjectConfigurationPlatforms) = postSolution
		{361AA4D4-485D-422B-92AE-6702142CDFAF}.Ad-Hoc|Any CPU.ActiveCfg = Release|Any CPU
		{361AA4D4-485D-422B-92AE-6702142CDFAF}.Ad-Hoc|Any CPU.Build.0 = Release|Any CPU
		{361AA4D4-485D-422B-92AE-6702142CDFAF}.Ad-Hoc|Any CPU.Deploy.0 = Release|Any CPU
		{361AA4D4-485D-422B-92AE-6702142CDFAF}.Ad-Hoc|ARM.ActiveCfg = Release|Any CPU
		{361AA4D4-485D-422B-92AE-6702142CDFAF}.Ad-Hoc|ARM.Build.0 = Release|Any CPU
		{361AA4D4-485D-422B-92AE-6702142CDFAF}.Ad-Hoc|ARM.Deploy.0 = Release|Any CPU
		{361AA4D4-485D-422B-92AE-6702142CDFAF}.Ad-Hoc|iPhone.ActiveCfg = Release|Any CPU
		{361AA4D4-485D-422B-92AE-6702142CDFAF}.Ad-Hoc|iPhone.Build.0 = Release|Any CPU
		{361AA4D4-485D-422B-92AE-6702142CDFAF}.Ad-Hoc|iPhone.Deploy.0 = Release|Any CPU
		{361AA4D4-485D-422B-92AE-6702142CDFAF}.Ad-Hoc|iPhoneSimulator.ActiveCfg = Release|Any CPU
		{361AA4D4-485D-422B-92AE-6702142CDFAF}.Ad-Hoc|iPhoneSimulator.Build.0 = Release|Any CPU
		{361AA4D4-485D-422B-92AE-6702142CDFAF}.Ad-Hoc|iPhoneSimulator.Deploy.0 = Release|Any CPU
		{361AA4D4-485D-422B-92AE-6702142CDFAF}.Ad-Hoc|x64.ActiveCfg = Release|Any CPU
		{361AA4D4-485D-422B-92AE-6702142CDFAF}.Ad-Hoc|x64.Build.0 = Release|Any CPU
		{361AA4D4-485D-422B-92AE-6702142CDFAF}.Ad-Hoc|x64.Deploy.0 = Release|Any CPU
		{361AA4D4-485D-422B-92AE-6702142CDFAF}.Ad-Hoc|x86.ActiveCfg = Release|Any CPU
		{361AA4D4-485D-422B-92AE-6702142CDFAF}.Ad-Hoc|x86.Build.0 = Release|Any CPU
		{361AA4D4-485D-422B-92AE-6702142CDFAF}.Ad-Hoc|x86.Deploy.0 = Release|Any CPU
		{361AA4D4-485D-422B-92AE-6702142CDFAF}.AppStore|Any CPU.ActiveCfg = Release|Any CPU
		{361AA4D4-485D-422B-92AE-6702142CDFAF}.AppStore|Any CPU.Build.0 = Release|Any CPU
		{361AA4D4-485D-422B-92AE-6702142CDFAF}.AppStore|Any CPU.Deploy.0 = Release|Any CPU
		{361AA4D4-485D-422B-92AE-6702142CDFAF}.AppStore|ARM.ActiveCfg = Release|Any CPU
		{361AA4D4-485D-422B-92AE-6702142CDFAF}.AppStore|ARM.Build.0 = Release|Any CPU
		{361AA4D4-485D-422B-92AE-6702142CDFAF}.AppStore|ARM.Deploy.0 = Release|Any CPU
		{361AA4D4-485D-422B-92AE-6702142CDFAF}.AppStore|iPhone.ActiveCfg = Release|Any CPU
		{361AA4D4-485D-422B-92AE-6702142CDFAF}.AppStore|iPhone.Build.0 = Release|Any CPU
		{361AA4D4-485D-422B-92AE-6702142CDFAF}.AppStore|iPhone.Deploy.0 = Release|Any CPU
		{361AA4D4-485D-422B-92AE-6702142CDFAF}.AppStore|iPhoneSimulator.ActiveCfg = Release|Any CPU
		{361AA4D4-485D-422B-92AE-6702142CDFAF}.AppStore|iPhoneSimulator.Build.0 = Release|Any CPU
		{361AA4D4-485D-422B-92AE-6702142CDFAF}.AppStore|iPhoneSimulator.Deploy.0 = Release|Any CPU
		{361AA4D4-485D-422B-92AE-6702142CDFAF}.AppStore|x64.ActiveCfg = Release|Any CPU
		{361AA4D4-485D-422B-92AE-6702142CDFAF}.AppStore|x64.Build.0 = Release|Any CPU
		{361AA4D4-485D-422B-92AE-6702142CDFAF}.AppStore|x64.Deploy.0 = Release|Any CPU
		{361AA4D4-485D-422B-92AE-6702142CDFAF}.AppStore|x86.ActiveCfg = Release|Any CPU
		{361AA4D4-485D-422B-92AE-6702142CDFAF}.AppStore|x86.Build.0 = Release|Any CPU
		{361AA4D4-485D-422B-92AE-6702142CDFAF}.AppStore|x86.Deploy.0 = Release|Any CPU
		{361AA4D4-485D-422B-92AE-6702142CDFAF}.Debug|Any CPU.ActiveCfg = Debug|Any CPU
		{361AA4D4-485D-422B-92AE-6702142CDFAF}.Debug|Any CPU.Build.0 = Debug|Any CPU
		{361AA4D4-485D-422B-92AE-6702142CDFAF}.Debug|Any CPU.Deploy.0 = Debug|Any CPU
		{361AA4D4-485D-422B-92AE-6702142CDFAF}.Debug|ARM.ActiveCfg = Debug|Any CPU
		{361AA4D4-485D-422B-92AE-6702142CDFAF}.Debug|ARM.Build.0 = Debug|Any CPU
		{361AA4D4-485D-422B-92AE-6702142CDFAF}.Debug|ARM.Deploy.0 = Debug|Any CPU
		{361AA4D4-485D-422B-92AE-6702142CDFAF}.Debug|iPhone.ActiveCfg = Debug|Any CPU
		{361AA4D4-485D-422B-92AE-6702142CDFAF}.Debug|iPhone.Build.0 = Debug|Any CPU
		{361AA4D4-485D-422B-92AE-6702142CDFAF}.Debug|iPhone.Deploy.0 = Debug|Any CPU
		{361AA4D4-485D-422B-92AE-6702142CDFAF}.Debug|iPhoneSimulator.ActiveCfg = Debug|Any CPU
		{361AA4D4-485D-422B-92AE-6702142CDFAF}.Debug|iPhoneSimulator.Build.0 = Debug|Any CPU
		{361AA4D4-485D-422B-92AE-6702142CDFAF}.Debug|iPhoneSimulator.Deploy.0 = Debug|Any CPU
		{361AA4D4-485D-422B-92AE-6702142CDFAF}.Debug|x64.ActiveCfg = Debug|Any CPU
		{361AA4D4-485D-422B-92AE-6702142CDFAF}.Debug|x64.Build.0 = Debug|Any CPU
		{361AA4D4-485D-422B-92AE-6702142CDFAF}.Debug|x64.Deploy.0 = Debug|Any CPU
		{361AA4D4-485D-422B-92AE-6702142CDFAF}.Debug|x86.ActiveCfg = Debug|Any CPU
		{361AA4D4-485D-422B-92AE-6702142CDFAF}.Debug|x86.Build.0 = Debug|Any CPU
		{361AA4D4-485D-422B-92AE-6702142CDFAF}.Debug|x86.Deploy.0 = Debug|Any CPU
		{361AA4D4-485D-422B-92AE-6702142CDFAF}.Release|Any CPU.ActiveCfg = Release|Any CPU
		{361AA4D4-485D-422B-92AE-6702142CDFAF}.Release|Any CPU.Build.0 = Release|Any CPU
		{361AA4D4-485D-422B-92AE-6702142CDFAF}.Release|Any CPU.Deploy.0 = Release|Any CPU
		{361AA4D4-485D-422B-92AE-6702142CDFAF}.Release|ARM.ActiveCfg = Release|Any CPU
		{361AA4D4-485D-422B-92AE-6702142CDFAF}.Release|ARM.Build.0 = Release|Any CPU
		{361AA4D4-485D-422B-92AE-6702142CDFAF}.Release|ARM.Deploy.0 = Release|Any CPU
		{361AA4D4-485D-422B-92AE-6702142CDFAF}.Release|iPhone.ActiveCfg = Release|Any CPU
		{361AA4D4-485D-422B-92AE-6702142CDFAF}.Release|iPhone.Build.0 = Release|Any CPU
		{361AA4D4-485D-422B-92AE-6702142CDFAF}.Release|iPhone.Deploy.0 = Release|Any CPU
		{361AA4D4-485D-422B-92AE-6702142CDFAF}.Release|iPhoneSimulator.ActiveCfg = Release|Any CPU
		{361AA4D4-485D-422B-92AE-6702142CDFAF}.Release|iPhoneSimulator.Build.0 = Release|Any CPU
		{361AA4D4-485D-422B-92AE-6702142CDFAF}.Release|iPhoneSimulator.Deploy.0 = Release|Any CPU
		{361AA4D4-485D-422B-92AE-6702142CDFAF}.Release|x64.ActiveCfg = Release|Any CPU
		{361AA4D4-485D-422B-92AE-6702142CDFAF}.Release|x64.Build.0 = Release|Any CPU
		{361AA4D4-485D-422B-92AE-6702142CDFAF}.Release|x64.Deploy.0 = Release|Any CPU
		{361AA4D4-485D-422B-92AE-6702142CDFAF}.Release|x86.ActiveCfg = Release|Any CPU
		{361AA4D4-485D-422B-92AE-6702142CDFAF}.Release|x86.Build.0 = Release|Any CPU
		{361AA4D4-485D-422B-92AE-6702142CDFAF}.Release|x86.Deploy.0 = Release|Any CPU
		{4DC91587-F4D4-4D94-9E62-DE17360D1805}.Ad-Hoc|Any CPU.ActiveCfg = Ad-Hoc|iPhone
		{4DC91587-F4D4-4D94-9E62-DE17360D1805}.Ad-Hoc|Any CPU.Build.0 = Ad-Hoc|iPhone
		{4DC91587-F4D4-4D94-9E62-DE17360D1805}.Ad-Hoc|Any CPU.Deploy.0 = Ad-Hoc|iPhone
		{4DC91587-F4D4-4D94-9E62-DE17360D1805}.Ad-Hoc|ARM.ActiveCfg = Ad-Hoc|iPhone
		{4DC91587-F4D4-4D94-9E62-DE17360D1805}.Ad-Hoc|ARM.Build.0 = Ad-Hoc|iPhone
		{4DC91587-F4D4-4D94-9E62-DE17360D1805}.Ad-Hoc|ARM.Deploy.0 = Ad-Hoc|iPhone
		{4DC91587-F4D4-4D94-9E62-DE17360D1805}.Ad-Hoc|iPhone.ActiveCfg = Ad-Hoc|iPhone
		{4DC91587-F4D4-4D94-9E62-DE17360D1805}.Ad-Hoc|iPhone.Build.0 = Ad-Hoc|iPhone
		{4DC91587-F4D4-4D94-9E62-DE17360D1805}.Ad-Hoc|iPhone.Deploy.0 = Ad-Hoc|iPhone
		{4DC91587-F4D4-4D94-9E62-DE17360D1805}.Ad-Hoc|iPhoneSimulator.ActiveCfg = Ad-Hoc|iPhoneSimulator
		{4DC91587-F4D4-4D94-9E62-DE17360D1805}.Ad-Hoc|iPhoneSimulator.Build.0 = Ad-Hoc|iPhoneSimulator
		{4DC91587-F4D4-4D94-9E62-DE17360D1805}.Ad-Hoc|iPhoneSimulator.Deploy.0 = Ad-Hoc|iPhoneSimulator
		{4DC91587-F4D4-4D94-9E62-DE17360D1805}.Ad-Hoc|x64.ActiveCfg = Ad-Hoc|iPhone
		{4DC91587-F4D4-4D94-9E62-DE17360D1805}.Ad-Hoc|x64.Build.0 = Ad-Hoc|iPhone
		{4DC91587-F4D4-4D94-9E62-DE17360D1805}.Ad-Hoc|x64.Deploy.0 = Ad-Hoc|iPhone
		{4DC91587-F4D4-4D94-9E62-DE17360D1805}.Ad-Hoc|x86.ActiveCfg = Ad-Hoc|iPhone
		{4DC91587-F4D4-4D94-9E62-DE17360D1805}.Ad-Hoc|x86.Build.0 = Ad-Hoc|iPhone
		{4DC91587-F4D4-4D94-9E62-DE17360D1805}.Ad-Hoc|x86.Deploy.0 = Ad-Hoc|iPhone
		{4DC91587-F4D4-4D94-9E62-DE17360D1805}.AppStore|Any CPU.ActiveCfg = AppStore|iPhone
		{4DC91587-F4D4-4D94-9E62-DE17360D1805}.AppStore|Any CPU.Build.0 = AppStore|iPhone
		{4DC91587-F4D4-4D94-9E62-DE17360D1805}.AppStore|Any CPU.Deploy.0 = AppStore|iPhone
		{4DC91587-F4D4-4D94-9E62-DE17360D1805}.AppStore|ARM.ActiveCfg = AppStore|iPhone
		{4DC91587-F4D4-4D94-9E62-DE17360D1805}.AppStore|ARM.Build.0 = AppStore|iPhone
		{4DC91587-F4D4-4D94-9E62-DE17360D1805}.AppStore|ARM.Deploy.0 = AppStore|iPhone
		{4DC91587-F4D4-4D94-9E62-DE17360D1805}.AppStore|iPhone.ActiveCfg = AppStore|iPhone
		{4DC91587-F4D4-4D94-9E62-DE17360D1805}.AppStore|iPhone.Build.0 = AppStore|iPhone
		{4DC91587-F4D4-4D94-9E62-DE17360D1805}.AppStore|iPhone.Deploy.0 = AppStore|iPhone
		{4DC91587-F4D4-4D94-9E62-DE17360D1805}.AppStore|iPhoneSimulator.ActiveCfg = AppStore|iPhoneSimulator
		{4DC91587-F4D4-4D94-9E62-DE17360D1805}.AppStore|iPhoneSimulator.Build.0 = AppStore|iPhoneSimulator
		{4DC91587-F4D4-4D94-9E62-DE17360D1805}.AppStore|iPhoneSimulator.Deploy.0 = AppStore|iPhoneSimulator
		{4DC91587-F4D4-4D94-9E62-DE17360D1805}.AppStore|x64.ActiveCfg = AppStore|iPhone
		{4DC91587-F4D4-4D94-9E62-DE17360D1805}.AppStore|x64.Build.0 = AppStore|iPhone
		{4DC91587-F4D4-4D94-9E62-DE17360D1805}.AppStore|x64.Deploy.0 = AppStore|iPhone
		{4DC91587-F4D4-4D94-9E62-DE17360D1805}.AppStore|x86.ActiveCfg = AppStore|iPhone
		{4DC91587-F4D4-4D94-9E62-DE17360D1805}.AppStore|x86.Build.0 = AppStore|iPhone
		{4DC91587-F4D4-4D94-9E62-DE17360D1805}.AppStore|x86.Deploy.0 = AppStore|iPhone
		{4DC91587-F4D4-4D94-9E62-DE17360D1805}.Debug|Any CPU.ActiveCfg = Debug|iPhoneSimulator
		{4DC91587-F4D4-4D94-9E62-DE17360D1805}.Debug|Any CPU.Build.0 = Debug|iPhoneSimulator
		{4DC91587-F4D4-4D94-9E62-DE17360D1805}.Debug|Any CPU.Deploy.0 = Debug|iPhoneSimulator
		{4DC91587-F4D4-4D94-9E62-DE17360D1805}.Debug|ARM.ActiveCfg = Debug|iPhone
		{4DC91587-F4D4-4D94-9E62-DE17360D1805}.Debug|ARM.Build.0 = Debug|iPhone
		{4DC91587-F4D4-4D94-9E62-DE17360D1805}.Debug|ARM.Deploy.0 = Debug|iPhone
		{4DC91587-F4D4-4D94-9E62-DE17360D1805}.Debug|iPhone.ActiveCfg = Debug|iPhone
		{4DC91587-F4D4-4D94-9E62-DE17360D1805}.Debug|iPhone.Build.0 = Debug|iPhone
		{4DC91587-F4D4-4D94-9E62-DE17360D1805}.Debug|iPhone.Deploy.0 = Debug|iPhone
		{4DC91587-F4D4-4D94-9E62-DE17360D1805}.Debug|iPhoneSimulator.ActiveCfg = Debug|iPhoneSimulator
		{4DC91587-F4D4-4D94-9E62-DE17360D1805}.Debug|iPhoneSimulator.Build.0 = Debug|iPhoneSimulator
		{4DC91587-F4D4-4D94-9E62-DE17360D1805}.Debug|iPhoneSimulator.Deploy.0 = Debug|iPhoneSimulator
		{4DC91587-F4D4-4D94-9E62-DE17360D1805}.Debug|x64.ActiveCfg = Debug|iPhone
		{4DC91587-F4D4-4D94-9E62-DE17360D1805}.Debug|x64.Build.0 = Debug|iPhone
		{4DC91587-F4D4-4D94-9E62-DE17360D1805}.Debug|x64.Deploy.0 = Debug|iPhone
		{4DC91587-F4D4-4D94-9E62-DE17360D1805}.Debug|x86.ActiveCfg = Debug|iPhone
		{4DC91587-F4D4-4D94-9E62-DE17360D1805}.Debug|x86.Build.0 = Debug|iPhone
		{4DC91587-F4D4-4D94-9E62-DE17360D1805}.Debug|x86.Deploy.0 = Debug|iPhone
		{4DC91587-F4D4-4D94-9E62-DE17360D1805}.Release|Any CPU.ActiveCfg = Release|iPhone
		{4DC91587-F4D4-4D94-9E62-DE17360D1805}.Release|Any CPU.Build.0 = Release|iPhone
		{4DC91587-F4D4-4D94-9E62-DE17360D1805}.Release|Any CPU.Deploy.0 = Release|iPhone
		{4DC91587-F4D4-4D94-9E62-DE17360D1805}.Release|ARM.ActiveCfg = Release|iPhone
		{4DC91587-F4D4-4D94-9E62-DE17360D1805}.Release|ARM.Build.0 = Release|iPhone
		{4DC91587-F4D4-4D94-9E62-DE17360D1805}.Release|ARM.Deploy.0 = Release|iPhone
		{4DC91587-F4D4-4D94-9E62-DE17360D1805}.Release|iPhone.ActiveCfg = Release|iPhone
		{4DC91587-F4D4-4D94-9E62-DE17360D1805}.Release|iPhone.Build.0 = Release|iPhone
		{4DC91587-F4D4-4D94-9E62-DE17360D1805}.Release|iPhone.Deploy.0 = Release|iPhone
		{4DC91587-F4D4-4D94-9E62-DE17360D1805}.Release|iPhoneSimulator.ActiveCfg = Release|iPhoneSimulator
		{4DC91587-F4D4-4D94-9E62-DE17360D1805}.Release|iPhoneSimulator.Build.0 = Release|iPhoneSimulator
		{4DC91587-F4D4-4D94-9E62-DE17360D1805}.Release|iPhoneSimulator.Deploy.0 = Release|iPhoneSimulator
		{4DC91587-F4D4-4D94-9E62-DE17360D1805}.Release|x64.ActiveCfg = Release|iPhone
		{4DC91587-F4D4-4D94-9E62-DE17360D1805}.Release|x64.Build.0 = Release|iPhone
		{4DC91587-F4D4-4D94-9E62-DE17360D1805}.Release|x64.Deploy.0 = Release|iPhone
		{4DC91587-F4D4-4D94-9E62-DE17360D1805}.Release|x86.ActiveCfg = Release|iPhone
		{4DC91587-F4D4-4D94-9E62-DE17360D1805}.Release|x86.Build.0 = Release|iPhone
		{4DC91587-F4D4-4D94-9E62-DE17360D1805}.Release|x86.Deploy.0 = Release|iPhone
	EndGlobalSection
	GlobalSection(SolutionProperties) = preSolution
		HideSolutionNode = FALSE
	EndGlobalSection
	GlobalSection(ExtensibilityGlobals) = postSolution
		SolutionGuid = {3B647727-74FD-4F84-9B4F-D960A12BE366}
	EndGlobalSection
EndGlobal
