
Microsoft Visual Studio Solution File, Format Version 12.00
# Visual Studio 15
VisualStudioVersion = 15.0.27703.2000
MinimumVisualStudioVersion = 10.0.40219.1
Project("{FAE04EC0-301F-11D3-BF4B-00C04F79EFBC}") = "RenderersDemo.Android", "RenderersDemo\RenderersDemo.Android\RenderersDemo.Android.csproj", "{F7BA061A-50D1-485F-A3E2-233BF72604BB}"
EndProject
Project("{FAE04EC0-301F-11D3-BF4B-00C04F79EFBC}") = "RenderersDemo.iOS", "RenderersDemo\RenderersDemo.iOS\RenderersDemo.iOS.csproj", "{F03A393D-9A0E-4414-90AA-6CD7CB89617E}"
EndProject
Project("{FAE04EC0-301F-11D3-BF4B-00C04F79EFBC}") = "RenderersDemo", "RenderersDemo\RenderersDemo\RenderersDemo.csproj", "{3A5034A0-6A91-46D2-810A-BA1C521A0B06}"
EndProject
Global
	GlobalSection(SolutionConfigurationPlatforms) = preSolution
		Ad-Hoc|Any CPU = Ad-Hoc|Any CPU
		Ad-Hoc|iPhone = Ad-Hoc|iPhone
		Ad-Hoc|iPhoneSimulator = Ad-Hoc|iPhoneSimulator
		AppStore|Any CPU = AppStore|Any CPU
		AppStore|iPhone = AppStore|iPhone
		AppStore|iPhoneSimulator = AppStore|iPhoneSimulator
		Debug|Any CPU = Debug|Any CPU
		Debug|iPhone = Debug|iPhone
		Debug|iPhoneSimulator = Debug|iPhoneSimulator
		Release|Any CPU = Release|Any CPU
		Release|iPhone = Release|iPhone
		Release|iPhoneSimulator = Release|iPhoneSimulator
	EndGlobalSection
	GlobalSection(ProjectConfigurationPlatforms) = postSolution
		{F7BA061A-50D1-485F-A3E2-233BF72604BB}.Ad-Hoc|Any CPU.ActiveCfg = Release|Any CPU
		{F7BA061A-50D1-485F-A3E2-233BF72604BB}.Ad-Hoc|Any CPU.Build.0 = Release|Any CPU
		{F7BA061A-50D1-485F-A3E2-233BF72604BB}.Ad-Hoc|Any CPU.Deploy.0 = Release|Any CPU
		{F7BA061A-50D1-485F-A3E2-233BF72604BB}.Ad-Hoc|iPhone.ActiveCfg = Release|Any CPU
		{F7BA061A-50D1-485F-A3E2-233BF72604BB}.Ad-Hoc|iPhone.Build.0 = Release|Any CPU
		{F7BA061A-50D1-485F-A3E2-233BF72604BB}.Ad-Hoc|iPhone.Deploy.0 = Release|Any CPU
		{F7BA061A-50D1-485F-A3E2-233BF72604BB}.Ad-Hoc|iPhoneSimulator.ActiveCfg = Release|Any CPU
		{F7BA061A-50D1-485F-A3E2-233BF72604BB}.Ad-Hoc|iPhoneSimulator.Build.0 = Release|Any CPU
		{F7BA061A-50D1-485F-A3E2-233BF72604BB}.Ad-Hoc|iPhoneSimulator.Deploy.0 = Release|Any CPU
		{F7BA061A-50D1-485F-A3E2-233BF72604BB}.AppStore|Any CPU.ActiveCfg = Release|Any CPU
		{F7BA061A-50D1-485F-A3E2-233BF72604BB}.AppStore|Any CPU.Build.0 = Release|Any CPU
		{F7BA061A-50D1-485F-A3E2-233BF72604BB}.AppStore|Any CPU.Deploy.0 = Release|Any CPU
		{F7BA061A-50D1-485F-A3E2-233BF72604BB}.AppStore|iPhone.ActiveCfg = Release|Any CPU
		{F7BA061A-50D1-485F-A3E2-233BF72604BB}.AppStore|iPhone.Build.0 = Release|Any CPU
		{F7BA061A-50D1-485F-A3E2-233BF72604BB}.AppStore|iPhone.Deploy.0 = Release|Any CPU
		{F7BA061A-50D1-485F-A3E2-233BF72604BB}.AppStore|iPhoneSimulator.ActiveCfg = Release|Any CPU
		{F7BA061A-50D1-485F-A3E2-233BF72604BB}.AppStore|iPhoneSimulator.Build.0 = Release|Any CPU
		{F7BA061A-50D1-485F-A3E2-233BF72604BB}.AppStore|iPhoneSimulator.Deploy.0 = Release|Any CPU
		{F7BA061A-50D1-485F-A3E2-233BF72604BB}.Debug|Any CPU.ActiveCfg = Debug|Any CPU
		{F7BA061A-50D1-485F-A3E2-233BF72604BB}.Debug|Any CPU.Build.0 = Debug|Any CPU
		{F7BA061A-50D1-485F-A3E2-233BF72604BB}.Debug|Any CPU.Deploy.0 = Debug|Any CPU
		{F7BA061A-50D1-485F-A3E2-233BF72604BB}.Debug|iPhone.ActiveCfg = Debug|Any CPU
		{F7BA061A-50D1-485F-A3E2-233BF72604BB}.Debug|iPhone.Build.0 = Debug|Any CPU
		{F7BA061A-50D1-485F-A3E2-233BF72604BB}.Debug|iPhone.Deploy.0 = Debug|Any CPU
		{F7BA061A-50D1-485F-A3E2-233BF72604BB}.Debug|iPhoneSimulator.ActiveCfg = Debug|Any CPU
		{F7BA061A-50D1-485F-A3E2-233BF72604BB}.Debug|iPhoneSimulator.Build.0 = Debug|Any CPU
		{F7BA061A-50D1-485F-A3E2-233BF72604BB}.Debug|iPhoneSimulator.Deploy.0 = Debug|Any CPU
		{F7BA061A-50D1-485F-A3E2-233BF72604BB}.Release|Any CPU.ActiveCfg = Release|Any CPU
		{F7BA061A-50D1-485F-A3E2-233BF72604BB}.Release|Any CPU.Build.0 = Release|Any CPU
		{F7BA061A-50D1-485F-A3E2-233BF72604BB}.Release|Any CPU.Deploy.0 = Release|Any CPU
		{F7BA061A-50D1-485F-A3E2-233BF72604BB}.Release|iPhone.ActiveCfg = Release|Any CPU
		{F7BA061A-50D1-485F-A3E2-233BF72604BB}.Release|iPhone.Build.0 = Release|Any CPU
		{F7BA061A-50D1-485F-A3E2-233BF72604BB}.Release|iPhone.Deploy.0 = Release|Any CPU
		{F7BA061A-50D1-485F-A3E2-233BF72604BB}.Release|iPhoneSimulator.ActiveCfg = Release|Any CPU
		{F7BA061A-50D1-485F-A3E2-233BF72604BB}.Release|iPhoneSimulator.Build.0 = Release|Any CPU
		{F7BA061A-50D1-485F-A3E2-233BF72604BB}.Release|iPhoneSimulator.Deploy.0 = Release|Any CPU
		{F03A393D-9A0E-4414-90AA-6CD7CB89617E}.Ad-Hoc|Any CPU.ActiveCfg = Ad-Hoc|iPhone
		{F03A393D-9A0E-4414-90AA-6CD7CB89617E}.Ad-Hoc|Any CPU.Build.0 = Ad-Hoc|iPhone
		{F03A393D-9A0E-4414-90AA-6CD7CB89617E}.Ad-Hoc|Any CPU.Deploy.0 = Ad-Hoc|iPhone
		{F03A393D-9A0E-4414-90AA-6CD7CB89617E}.Ad-Hoc|iPhone.ActiveCfg = Ad-Hoc|iPhone
		{F03A393D-9A0E-4414-90AA-6CD7CB89617E}.Ad-Hoc|iPhone.Build.0 = Ad-Hoc|iPhone
		{F03A393D-9A0E-4414-90AA-6CD7CB89617E}.Ad-Hoc|iPhone.Deploy.0 = Ad-Hoc|iPhone
		{F03A393D-9A0E-4414-90AA-6CD7CB89617E}.Ad-Hoc|iPhoneSimulator.ActiveCfg = Ad-Hoc|iPhoneSimulator
		{F03A393D-9A0E-4414-90AA-6CD7CB89617E}.Ad-Hoc|iPhoneSimulator.Build.0 = Ad-Hoc|iPhoneSimulator
		{F03A393D-9A0E-4414-90AA-6CD7CB89617E}.Ad-Hoc|iPhoneSimulator.Deploy.0 = Ad-Hoc|iPhoneSimulator
		{F03A393D-9A0E-4414-90AA-6CD7CB89617E}.AppStore|Any CPU.ActiveCfg = AppStore|iPhone
		{F03A393D-9A0E-4414-90AA-6CD7CB89617E}.AppStore|Any CPU.Build.0 = AppStore|iPhone
		{F03A393D-9A0E-4414-90AA-6CD7CB89617E}.AppStore|Any CPU.Deploy.0 = AppStore|iPhone
		{F03A393D-9A0E-4414-90AA-6CD7CB89617E}.AppStore|iPhone.ActiveCfg = AppStore|iPhone
		{F03A393D-9A0E-4414-90AA-6CD7CB89617E}.AppStore|iPhone.Build.0 = AppStore|iPhone
		{F03A393D-9A0E-4414-90AA-6CD7CB89617E}.AppStore|iPhone.Deploy.0 = AppStore|iPhone
		{F03A393D-9A0E-4414-90AA-6CD7CB89617E}.AppStore|iPhoneSimulator.ActiveCfg = AppStore|iPhoneSimulator
		{F03A393D-9A0E-4414-90AA-6CD7CB89617E}.AppStore|iPhoneSimulator.Build.0 = AppStore|iPhoneSimulator
		{F03A393D-9A0E-4414-90AA-6CD7CB89617E}.AppStore|iPhoneSimulator.Deploy.0 = AppStore|iPhoneSimulator
		{F03A393D-9A0E-4414-90AA-6CD7CB89617E}.Debug|Any CPU.ActiveCfg = Debug|iPhoneSimulator
		{F03A393D-9A0E-4414-90AA-6CD7CB89617E}.Debug|Any CPU.Build.0 = Debug|iPhoneSimulator
		{F03A393D-9A0E-4414-90AA-6CD7CB89617E}.Debug|Any CPU.Deploy.0 = Debug|iPhoneSimulator
		{F03A393D-9A0E-4414-90AA-6CD7CB89617E}.Debug|iPhone.ActiveCfg = Debug|iPhone
		{F03A393D-9A0E-4414-90AA-6CD7CB89617E}.Debug|iPhone.Build.0 = Debug|iPhone
		{F03A393D-9A0E-4414-90AA-6CD7CB89617E}.Debug|iPhone.Deploy.0 = Debug|iPhone
		{F03A393D-9A0E-4414-90AA-6CD7CB89617E}.Debug|iPhoneSimulator.ActiveCfg = Debug|iPhoneSimulator
		{F03A393D-9A0E-4414-90AA-6CD7CB89617E}.Debug|iPhoneSimulator.Build.0 = Debug|iPhoneSimulator
		{F03A393D-9A0E-4414-90AA-6CD7CB89617E}.Debug|iPhoneSimulator.Deploy.0 = Debug|iPhoneSimulator
		{F03A393D-9A0E-4414-90AA-6CD7CB89617E}.Release|Any CPU.ActiveCfg = Release|iPhone
		{F03A393D-9A0E-4414-90AA-6CD7CB89617E}.Release|Any CPU.Build.0 = Release|iPhone
		{F03A393D-9A0E-4414-90AA-6CD7CB89617E}.Release|Any CPU.Deploy.0 = Release|iPhone
		{F03A393D-9A0E-4414-90AA-6CD7CB89617E}.Release|iPhone.ActiveCfg = Release|iPhone
		{F03A393D-9A0E-4414-90AA-6CD7CB89617E}.Release|iPhone.Build.0 = Release|iPhone
		{F03A393D-9A0E-4414-90AA-6CD7CB89617E}.Release|iPhone.Deploy.0 = Release|iPhone
		{F03A393D-9A0E-4414-90AA-6CD7CB89617E}.Release|iPhoneSimulator.ActiveCfg = Release|iPhoneSimulator
		{F03A393D-9A0E-4414-90AA-6CD7CB89617E}.Release|iPhoneSimulator.Build.0 = Release|iPhoneSimulator
		{F03A393D-9A0E-4414-90AA-6CD7CB89617E}.Release|iPhoneSimulator.Deploy.0 = Release|iPhoneSimulator
		{3A5034A0-6A91-46D2-810A-BA1C521A0B06}.Ad-Hoc|Any CPU.ActiveCfg = Debug|Any CPU
		{3A5034A0-6A91-46D2-810A-BA1C521A0B06}.Ad-Hoc|Any CPU.Build.0 = Debug|Any CPU
		{3A5034A0-6A91-46D2-810A-BA1C521A0B06}.Ad-Hoc|Any CPU.Deploy.0 = Debug|Any CPU
		{3A5034A0-6A91-46D2-810A-BA1C521A0B06}.Ad-Hoc|iPhone.ActiveCfg = Debug|Any CPU
		{3A5034A0-6A91-46D2-810A-BA1C521A0B06}.Ad-Hoc|iPhone.Build.0 = Debug|Any CPU
		{3A5034A0-6A91-46D2-810A-BA1C521A0B06}.Ad-Hoc|iPhone.Deploy.0 = Debug|Any CPU
		{3A5034A0-6A91-46D2-810A-BA1C521A0B06}.Ad-Hoc|iPhoneSimulator.ActiveCfg = Debug|Any CPU
		{3A5034A0-6A91-46D2-810A-BA1C521A0B06}.Ad-Hoc|iPhoneSimulator.Build.0 = Debug|Any CPU
		{3A5034A0-6A91-46D2-810A-BA1C521A0B06}.Ad-Hoc|iPhoneSimulator.Deploy.0 = Debug|Any CPU
		{3A5034A0-6A91-46D2-810A-BA1C521A0B06}.AppStore|Any CPU.ActiveCfg = Debug|Any CPU
		{3A5034A0-6A91-46D2-810A-BA1C521A0B06}.AppStore|Any CPU.Build.0 = Debug|Any CPU
		{3A5034A0-6A91-46D2-810A-BA1C521A0B06}.AppStore|Any CPU.Deploy.0 = Debug|Any CPU
		{3A5034A0-6A91-46D2-810A-BA1C521A0B06}.AppStore|iPhone.ActiveCfg = Debug|Any CPU
		{3A5034A0-6A91-46D2-810A-BA1C521A0B06}.AppStore|iPhone.Build.0 = Debug|Any CPU
		{3A5034A0-6A91-46D2-810A-BA1C521A0B06}.AppStore|iPhone.Deploy.0 = Debug|Any CPU
		{3A5034A0-6A91-46D2-810A-BA1C521A0B06}.AppStore|iPhoneSimulator.ActiveCfg = Debug|Any CPU
		{3A5034A0-6A91-46D2-810A-BA1C521A0B06}.AppStore|iPhoneSimulator.Build.0 = Debug|Any CPU
		{3A5034A0-6A91-46D2-810A-BA1C521A0B06}.AppStore|iPhoneSimulator.Deploy.0 = Debug|Any CPU
		{3A5034A0-6A91-46D2-810A-BA1C521A0B06}.Debug|Any CPU.ActiveCfg = Debug|Any CPU
		{3A5034A0-6A91-46D2-810A-BA1C521A0B06}.Debug|Any CPU.Build.0 = Debug|Any CPU
		{3A5034A0-6A91-46D2-810A-BA1C521A0B06}.Debug|Any CPU.Deploy.0 = Debug|Any CPU
		{3A5034A0-6A91-46D2-810A-BA1C521A0B06}.Debug|iPhone.ActiveCfg = Debug|Any CPU
		{3A5034A0-6A91-46D2-810A-BA1C521A0B06}.Debug|iPhone.Build.0 = Debug|Any CPU
		{3A5034A0-6A91-46D2-810A-BA1C521A0B06}.Debug|iPhone.Deploy.0 = Debug|Any CPU
		{3A5034A0-6A91-46D2-810A-BA1C521A0B06}.Debug|iPhoneSimulator.ActiveCfg = Debug|Any CPU
		{3A5034A0-6A91-46D2-810A-BA1C521A0B06}.Debug|iPhoneSimulator.Build.0 = Debug|Any CPU
		{3A5034A0-6A91-46D2-810A-BA1C521A0B06}.Debug|iPhoneSimulator.Deploy.0 = Debug|Any CPU
		{3A5034A0-6A91-46D2-810A-BA1C521A0B06}.Release|Any CPU.ActiveCfg = Release|Any CPU
		{3A5034A0-6A91-46D2-810A-BA1C521A0B06}.Release|Any CPU.Build.0 = Release|Any CPU
		{3A5034A0-6A91-46D2-810A-BA1C521A0B06}.Release|Any CPU.Deploy.0 = Release|Any CPU
		{3A5034A0-6A91-46D2-810A-BA1C521A0B06}.Release|iPhone.ActiveCfg = Release|Any CPU
		{3A5034A0-6A91-46D2-810A-BA1C521A0B06}.Release|iPhone.Build.0 = Release|Any CPU
		{3A5034A0-6A91-46D2-810A-BA1C521A0B06}.Release|iPhone.Deploy.0 = Release|Any CPU
		{3A5034A0-6A91-46D2-810A-BA1C521A0B06}.Release|iPhoneSimulator.ActiveCfg = Release|Any CPU
		{3A5034A0-6A91-46D2-810A-BA1C521A0B06}.Release|iPhoneSimulator.Build.0 = Release|Any CPU
		{3A5034A0-6A91-46D2-810A-BA1C521A0B06}.Release|iPhoneSimulator.Deploy.0 = Release|Any CPU
	EndGlobalSection
	GlobalSection(SolutionProperties) = preSolution
		HideSolutionNode = FALSE
	EndGlobalSection
	GlobalSection(ExtensibilityGlobals) = postSolution
		SolutionGuid = {BF183F14-0FB5-4223-8C27-6CA5FA6AA1B3}
	EndGlobalSection
EndGlobal
