
Microsoft Visual Studio Solution File, Format Version 12.00
# Visual Studio 15
VisualStudioVersion = 15.0.27703.2000
MinimumVisualStudioVersion = 10.0.40219.1
Project("{FAE04EC0-301F-11D3-BF4B-00C04F79EFBC}") = "GridDemo.Android", "GridDemo\GridDemo.Android\GridDemo.Android.csproj", "{B13AA572-039C-4A7B-A518-005008504E4C}"
EndProject
Project("{FAE04EC0-301F-11D3-BF4B-00C04F79EFBC}") = "GridDemo.iOS", "GridDemo\GridDemo.iOS\GridDemo.iOS.csproj", "{A1593473-477F-41E4-9113-DEB88D8BBDB7}"
EndProject
Project("{FAE04EC0-301F-11D3-BF4B-00C04F79EFBC}") = "GridDemo", "GridDemo\GridDemo\GridDemo.csproj", "{B33EF2EC-85B0-4542-A92F-75C48E5B43E9}"
EndProject
Global
	GlobalSection(SolutionConfigurationPlatforms) = preSolution
		Ad-Hoc|Any CPU = Ad-Hoc|Any CPU
		Ad-Hoc|iPhone = Ad-Hoc|iPhone
		Ad-Hoc|iPhoneSimulator = Ad-Hoc|iPhoneSimulator
		AppStore|Any CPU = AppStore|Any CPU
		AppStore|iPhone = AppStore|iPhone
		AppStore|iPhoneSimulator = AppStore|iPhoneSimulator
		Debug|Any CPU = Debug|Any CPU
		Debug|iPhone = Debug|iPhone
		Debug|iPhoneSimulator = Debug|iPhoneSimulator
		Release|Any CPU = Release|Any CPU
		Release|iPhone = Release|iPhone
		Release|iPhoneSimulator = Release|iPhoneSimulator
	EndGlobalSection
	GlobalSection(ProjectConfigurationPlatforms) = postSolution
		{B13AA572-039C-4A7B-A518-005008504E4C}.Ad-Hoc|Any CPU.ActiveCfg = Release|Any CPU
		{B13AA572-039C-4A7B-A518-005008504E4C}.Ad-Hoc|Any CPU.Build.0 = Release|Any CPU
		{B13AA572-039C-4A7B-A518-005008504E4C}.Ad-Hoc|Any CPU.Deploy.0 = Release|Any CPU
		{B13AA572-039C-4A7B-A518-005008504E4C}.Ad-Hoc|iPhone.ActiveCfg = Release|Any CPU
		{B13AA572-039C-4A7B-A518-005008504E4C}.Ad-Hoc|iPhone.Build.0 = Release|Any CPU
		{B13AA572-039C-4A7B-A518-005008504E4C}.Ad-Hoc|iPhone.Deploy.0 = Release|Any CPU
		{B13AA572-039C-4A7B-A518-005008504E4C}.Ad-Hoc|iPhoneSimulator.ActiveCfg = Release|Any CPU
		{B13AA572-039C-4A7B-A518-005008504E4C}.Ad-Hoc|iPhoneSimulator.Build.0 = Release|Any CPU
		{B13AA572-039C-4A7B-A518-005008504E4C}.Ad-Hoc|iPhoneSimulator.Deploy.0 = Release|Any CPU
		{B13AA572-039C-4A7B-A518-005008504E4C}.AppStore|Any CPU.ActiveCfg = Release|Any CPU
		{B13AA572-039C-4A7B-A518-005008504E4C}.AppStore|Any CPU.Build.0 = Release|Any CPU
		{B13AA572-039C-4A7B-A518-005008504E4C}.AppStore|Any CPU.Deploy.0 = Release|Any CPU
		{B13AA572-039C-4A7B-A518-005008504E4C}.AppStore|iPhone.ActiveCfg = Release|Any CPU
		{B13AA572-039C-4A7B-A518-005008504E4C}.AppStore|iPhone.Build.0 = Release|Any CPU
		{B13AA572-039C-4A7B-A518-005008504E4C}.AppStore|iPhone.Deploy.0 = Release|Any CPU
		{B13AA572-039C-4A7B-A518-005008504E4C}.AppStore|iPhoneSimulator.ActiveCfg = Release|Any CPU
		{B13AA572-039C-4A7B-A518-005008504E4C}.AppStore|iPhoneSimulator.Build.0 = Release|Any CPU
		{B13AA572-039C-4A7B-A518-005008504E4C}.AppStore|iPhoneSimulator.Deploy.0 = Release|Any CPU
		{B13AA572-039C-4A7B-A518-005008504E4C}.Debug|Any CPU.ActiveCfg = Debug|Any CPU
		{B13AA572-039C-4A7B-A518-005008504E4C}.Debug|Any CPU.Build.0 = Debug|Any CPU
		{B13AA572-039C-4A7B-A518-005008504E4C}.Debug|Any CPU.Deploy.0 = Debug|Any CPU
		{B13AA572-039C-4A7B-A518-005008504E4C}.Debug|iPhone.ActiveCfg = Debug|Any CPU
		{B13AA572-039C-4A7B-A518-005008504E4C}.Debug|iPhone.Build.0 = Debug|Any CPU
		{B13AA572-039C-4A7B-A518-005008504E4C}.Debug|iPhone.Deploy.0 = Debug|Any CPU
		{B13AA572-039C-4A7B-A518-005008504E4C}.Debug|iPhoneSimulator.ActiveCfg = Debug|Any CPU
		{B13AA572-039C-4A7B-A518-005008504E4C}.Debug|iPhoneSimulator.Build.0 = Debug|Any CPU
		{B13AA572-039C-4A7B-A518-005008504E4C}.Debug|iPhoneSimulator.Deploy.0 = Debug|Any CPU
		{B13AA572-039C-4A7B-A518-005008504E4C}.Release|Any CPU.ActiveCfg = Release|Any CPU
		{B13AA572-039C-4A7B-A518-005008504E4C}.Release|Any CPU.Build.0 = Release|Any CPU
		{B13AA572-039C-4A7B-A518-005008504E4C}.Release|Any CPU.Deploy.0 = Release|Any CPU
		{B13AA572-039C-4A7B-A518-005008504E4C}.Release|iPhone.ActiveCfg = Release|Any CPU
		{B13AA572-039C-4A7B-A518-005008504E4C}.Release|iPhone.Build.0 = Release|Any CPU
		{B13AA572-039C-4A7B-A518-005008504E4C}.Release|iPhone.Deploy.0 = Release|Any CPU
		{B13AA572-039C-4A7B-A518-005008504E4C}.Release|iPhoneSimulator.ActiveCfg = Release|Any CPU
		{B13AA572-039C-4A7B-A518-005008504E4C}.Release|iPhoneSimulator.Build.0 = Release|Any CPU
		{B13AA572-039C-4A7B-A518-005008504E4C}.Release|iPhoneSimulator.Deploy.0 = Release|Any CPU
		{A1593473-477F-41E4-9113-DEB88D8BBDB7}.Ad-Hoc|Any CPU.ActiveCfg = Ad-Hoc|iPhone
		{A1593473-477F-41E4-9113-DEB88D8BBDB7}.Ad-Hoc|Any CPU.Build.0 = Ad-Hoc|iPhone
		{A1593473-477F-41E4-9113-DEB88D8BBDB7}.Ad-Hoc|Any CPU.Deploy.0 = Ad-Hoc|iPhone
		{A1593473-477F-41E4-9113-DEB88D8BBDB7}.Ad-Hoc|iPhone.ActiveCfg = Ad-Hoc|iPhone
		{A1593473-477F-41E4-9113-DEB88D8BBDB7}.Ad-Hoc|iPhone.Build.0 = Ad-Hoc|iPhone
		{A1593473-477F-41E4-9113-DEB88D8BBDB7}.Ad-Hoc|iPhone.Deploy.0 = Ad-Hoc|iPhone
		{A1593473-477F-41E4-9113-DEB88D8BBDB7}.Ad-Hoc|iPhoneSimulator.ActiveCfg = Ad-Hoc|iPhoneSimulator
		{A1593473-477F-41E4-9113-DEB88D8BBDB7}.Ad-Hoc|iPhoneSimulator.Build.0 = Ad-Hoc|iPhoneSimulator
		{A1593473-477F-41E4-9113-DEB88D8BBDB7}.Ad-Hoc|iPhoneSimulator.Deploy.0 = Ad-Hoc|iPhoneSimulator
		{A1593473-477F-41E4-9113-DEB88D8BBDB7}.AppStore|Any CPU.ActiveCfg = AppStore|iPhone
		{A1593473-477F-41E4-9113-DEB88D8BBDB7}.AppStore|Any CPU.Build.0 = AppStore|iPhone
		{A1593473-477F-41E4-9113-DEB88D8BBDB7}.AppStore|Any CPU.Deploy.0 = AppStore|iPhone
		{A1593473-477F-41E4-9113-DEB88D8BBDB7}.AppStore|iPhone.ActiveCfg = AppStore|iPhone
		{A1593473-477F-41E4-9113-DEB88D8BBDB7}.AppStore|iPhone.Build.0 = AppStore|iPhone
		{A1593473-477F-41E4-9113-DEB88D8BBDB7}.AppStore|iPhone.Deploy.0 = AppStore|iPhone
		{A1593473-477F-41E4-9113-DEB88D8BBDB7}.AppStore|iPhoneSimulator.ActiveCfg = AppStore|iPhoneSimulator
		{A1593473-477F-41E4-9113-DEB88D8BBDB7}.AppStore|iPhoneSimulator.Build.0 = AppStore|iPhoneSimulator
		{A1593473-477F-41E4-9113-DEB88D8BBDB7}.AppStore|iPhoneSimulator.Deploy.0 = AppStore|iPhoneSimulator
		{A1593473-477F-41E4-9113-DEB88D8BBDB7}.Debug|Any CPU.ActiveCfg = Debug|iPhoneSimulator
		{A1593473-477F-41E4-9113-DEB88D8BBDB7}.Debug|Any CPU.Build.0 = Debug|iPhoneSimulator
		{A1593473-477F-41E4-9113-DEB88D8BBDB7}.Debug|Any CPU.Deploy.0 = Debug|iPhoneSimulator
		{A1593473-477F-41E4-9113-DEB88D8BBDB7}.Debug|iPhone.ActiveCfg = Debug|iPhone
		{A1593473-477F-41E4-9113-DEB88D8BBDB7}.Debug|iPhone.Build.0 = Debug|iPhone
		{A1593473-477F-41E4-9113-DEB88D8BBDB7}.Debug|iPhone.Deploy.0 = Debug|iPhone
		{A1593473-477F-41E4-9113-DEB88D8BBDB7}.Debug|iPhoneSimulator.ActiveCfg = Debug|iPhoneSimulator
		{A1593473-477F-41E4-9113-DEB88D8BBDB7}.Debug|iPhoneSimulator.Build.0 = Debug|iPhoneSimulator
		{A1593473-477F-41E4-9113-DEB88D8BBDB7}.Debug|iPhoneSimulator.Deploy.0 = Debug|iPhoneSimulator
		{A1593473-477F-41E4-9113-DEB88D8BBDB7}.Release|Any CPU.ActiveCfg = Release|iPhone
		{A1593473-477F-41E4-9113-DEB88D8BBDB7}.Release|Any CPU.Build.0 = Release|iPhone
		{A1593473-477F-41E4-9113-DEB88D8BBDB7}.Release|Any CPU.Deploy.0 = Release|iPhone
		{A1593473-477F-41E4-9113-DEB88D8BBDB7}.Release|iPhone.ActiveCfg = Release|iPhone
		{A1593473-477F-41E4-9113-DEB88D8BBDB7}.Release|iPhone.Build.0 = Release|iPhone
		{A1593473-477F-41E4-9113-DEB88D8BBDB7}.Release|iPhone.Deploy.0 = Release|iPhone
		{A1593473-477F-41E4-9113-DEB88D8BBDB7}.Release|iPhoneSimulator.ActiveCfg = Release|iPhoneSimulator
		{A1593473-477F-41E4-9113-DEB88D8BBDB7}.Release|iPhoneSimulator.Build.0 = Release|iPhoneSimulator
		{A1593473-477F-41E4-9113-DEB88D8BBDB7}.Release|iPhoneSimulator.Deploy.0 = Release|iPhoneSimulator
		{B33EF2EC-85B0-4542-A92F-75C48E5B43E9}.Ad-Hoc|Any CPU.ActiveCfg = Debug|Any CPU
		{B33EF2EC-85B0-4542-A92F-75C48E5B43E9}.Ad-Hoc|Any CPU.Build.0 = Debug|Any CPU
		{B33EF2EC-85B0-4542-A92F-75C48E5B43E9}.Ad-Hoc|Any CPU.Deploy.0 = Debug|Any CPU
		{B33EF2EC-85B0-4542-A92F-75C48E5B43E9}.Ad-Hoc|iPhone.ActiveCfg = Debug|Any CPU
		{B33EF2EC-85B0-4542-A92F-75C48E5B43E9}.Ad-Hoc|iPhone.Build.0 = Debug|Any CPU
		{B33EF2EC-85B0-4542-A92F-75C48E5B43E9}.Ad-Hoc|iPhone.Deploy.0 = Debug|Any CPU
		{B33EF2EC-85B0-4542-A92F-75C48E5B43E9}.Ad-Hoc|iPhoneSimulator.ActiveCfg = Debug|Any CPU
		{B33EF2EC-85B0-4542-A92F-75C48E5B43E9}.Ad-Hoc|iPhoneSimulator.Build.0 = Debug|Any CPU
		{B33EF2EC-85B0-4542-A92F-75C48E5B43E9}.Ad-Hoc|iPhoneSimulator.Deploy.0 = Debug|Any CPU
		{B33EF2EC-85B0-4542-A92F-75C48E5B43E9}.AppStore|Any CPU.ActiveCfg = Debug|Any CPU
		{B33EF2EC-85B0-4542-A92F-75C48E5B43E9}.AppStore|Any CPU.Build.0 = Debug|Any CPU
		{B33EF2EC-85B0-4542-A92F-75C48E5B43E9}.AppStore|Any CPU.Deploy.0 = Debug|Any CPU
		{B33EF2EC-85B0-4542-A92F-75C48E5B43E9}.AppStore|iPhone.ActiveCfg = Debug|Any CPU
		{B33EF2EC-85B0-4542-A92F-75C48E5B43E9}.AppStore|iPhone.Build.0 = Debug|Any CPU
		{B33EF2EC-85B0-4542-A92F-75C48E5B43E9}.AppStore|iPhone.Deploy.0 = Debug|Any CPU
		{B33EF2EC-85B0-4542-A92F-75C48E5B43E9}.AppStore|iPhoneSimulator.ActiveCfg = Debug|Any CPU
		{B33EF2EC-85B0-4542-A92F-75C48E5B43E9}.AppStore|iPhoneSimulator.Build.0 = Debug|Any CPU
		{B33EF2EC-85B0-4542-A92F-75C48E5B43E9}.AppStore|iPhoneSimulator.Deploy.0 = Debug|Any CPU
		{B33EF2EC-85B0-4542-A92F-75C48E5B43E9}.Debug|Any CPU.ActiveCfg = Debug|Any CPU
		{B33EF2EC-85B0-4542-A92F-75C48E5B43E9}.Debug|Any CPU.Build.0 = Debug|Any CPU
		{B33EF2EC-85B0-4542-A92F-75C48E5B43E9}.Debug|Any CPU.Deploy.0 = Debug|Any CPU
		{B33EF2EC-85B0-4542-A92F-75C48E5B43E9}.Debug|iPhone.ActiveCfg = Debug|Any CPU
		{B33EF2EC-85B0-4542-A92F-75C48E5B43E9}.Debug|iPhone.Build.0 = Debug|Any CPU
		{B33EF2EC-85B0-4542-A92F-75C48E5B43E9}.Debug|iPhone.Deploy.0 = Debug|Any CPU
		{B33EF2EC-85B0-4542-A92F-75C48E5B43E9}.Debug|iPhoneSimulator.ActiveCfg = Debug|Any CPU
		{B33EF2EC-85B0-4542-A92F-75C48E5B43E9}.Debug|iPhoneSimulator.Build.0 = Debug|Any CPU
		{B33EF2EC-85B0-4542-A92F-75C48E5B43E9}.Debug|iPhoneSimulator.Deploy.0 = Debug|Any CPU
		{B33EF2EC-85B0-4542-A92F-75C48E5B43E9}.Release|Any CPU.ActiveCfg = Release|Any CPU
		{B33EF2EC-85B0-4542-A92F-75C48E5B43E9}.Release|Any CPU.Build.0 = Release|Any CPU
		{B33EF2EC-85B0-4542-A92F-75C48E5B43E9}.Release|Any CPU.Deploy.0 = Release|Any CPU
		{B33EF2EC-85B0-4542-A92F-75C48E5B43E9}.Release|iPhone.ActiveCfg = Release|Any CPU
		{B33EF2EC-85B0-4542-A92F-75C48E5B43E9}.Release|iPhone.Build.0 = Release|Any CPU
		{B33EF2EC-85B0-4542-A92F-75C48E5B43E9}.Release|iPhone.Deploy.0 = Release|Any CPU
		{B33EF2EC-85B0-4542-A92F-75C48E5B43E9}.Release|iPhoneSimulator.ActiveCfg = Release|Any CPU
		{B33EF2EC-85B0-4542-A92F-75C48E5B43E9}.Release|iPhoneSimulator.Build.0 = Release|Any CPU
		{B33EF2EC-85B0-4542-A92F-75C48E5B43E9}.Release|iPhoneSimulator.Deploy.0 = Release|Any CPU
	EndGlobalSection
	GlobalSection(SolutionProperties) = preSolution
		HideSolutionNode = FALSE
	EndGlobalSection
	GlobalSection(ExtensibilityGlobals) = postSolution
		SolutionGuid = {AE2DC3F4-3980-4643-AA04-5BEF5260B015}
	EndGlobalSection
EndGlobal
