
Microsoft Visual Studio Solution File, Format Version 12.00
# Visual Studio 15
VisualStudioVersion = 15.0.27703.2000
MinimumVisualStudioVersion = 10.0.40219.1
Project("{FAE04EC0-301F-11D3-BF4B-00C04F79EFBC}") = "DataBindingPractical.Android", "DataBindingPractical\DataBindingPractical.Android\DataBindingPractical.Android.csproj", "{4EB23C99-D4A5-49E1-AD29-D4667BFD607D}"
EndProject
Project("{FAE04EC0-301F-11D3-BF4B-00C04F79EFBC}") = "DataBindingPractical.iOS", "DataBindingPractical\DataBindingPractical.iOS\DataBindingPractical.iOS.csproj", "{4900C39E-B471-4A90-A984-6B895CA8F0EB}"
EndProject
Project("{FAE04EC0-301F-11D3-BF4B-00C04F79EFBC}") = "DataBindingPractical", "DataBindingPractical\DataBindingPractical\DataBindingPractical.csproj", "{49922C3F-C063-4ABE-A927-86B5B55938E6}"
EndProject
Global
	GlobalSection(SolutionConfigurationPlatforms) = preSolution
		Ad-Hoc|Any CPU = Ad-Hoc|Any CPU
		Ad-Hoc|iPhone = Ad-Hoc|iPhone
		Ad-Hoc|iPhoneSimulator = Ad-Hoc|iPhoneSimulator
		AppStore|Any CPU = AppStore|Any CPU
		AppStore|iPhone = AppStore|iPhone
		AppStore|iPhoneSimulator = AppStore|iPhoneSimulator
		Debug|Any CPU = Debug|Any CPU
		Debug|iPhone = Debug|iPhone
		Debug|iPhoneSimulator = Debug|iPhoneSimulator
		Release|Any CPU = Release|Any CPU
		Release|iPhone = Release|iPhone
		Release|iPhoneSimulator = Release|iPhoneSimulator
	EndGlobalSection
	GlobalSection(ProjectConfigurationPlatforms) = postSolution
		{4EB23C99-D4A5-49E1-AD29-D4667BFD607D}.Ad-Hoc|Any CPU.ActiveCfg = Release|Any CPU
		{4EB23C99-D4A5-49E1-AD29-D4667BFD607D}.Ad-Hoc|Any CPU.Build.0 = Release|Any CPU
		{4EB23C99-D4A5-49E1-AD29-D4667BFD607D}.Ad-Hoc|Any CPU.Deploy.0 = Release|Any CPU
		{4EB23C99-D4A5-49E1-AD29-D4667BFD607D}.Ad-Hoc|iPhone.ActiveCfg = Release|Any CPU
		{4EB23C99-D4A5-49E1-AD29-D4667BFD607D}.Ad-Hoc|iPhone.Build.0 = Release|Any CPU
		{4EB23C99-D4A5-49E1-AD29-D4667BFD607D}.Ad-Hoc|iPhone.Deploy.0 = Release|Any CPU
		{4EB23C99-D4A5-49E1-AD29-D4667BFD607D}.Ad-Hoc|iPhoneSimulator.ActiveCfg = Release|Any CPU
		{4EB23C99-D4A5-49E1-AD29-D4667BFD607D}.Ad-Hoc|iPhoneSimulator.Build.0 = Release|Any CPU
		{4EB23C99-D4A5-49E1-AD29-D4667BFD607D}.Ad-Hoc|iPhoneSimulator.Deploy.0 = Release|Any CPU
		{4EB23C99-D4A5-49E1-AD29-D4667BFD607D}.AppStore|Any CPU.ActiveCfg = Release|Any CPU
		{4EB23C99-D4A5-49E1-AD29-D4667BFD607D}.AppStore|Any CPU.Build.0 = Release|Any CPU
		{4EB23C99-D4A5-49E1-AD29-D4667BFD607D}.AppStore|Any CPU.Deploy.0 = Release|Any CPU
		{4EB23C99-D4A5-49E1-AD29-D4667BFD607D}.AppStore|iPhone.ActiveCfg = Release|Any CPU
		{4EB23C99-D4A5-49E1-AD29-D4667BFD607D}.AppStore|iPhone.Build.0 = Release|Any CPU
		{4EB23C99-D4A5-49E1-AD29-D4667BFD607D}.AppStore|iPhone.Deploy.0 = Release|Any CPU
		{4EB23C99-D4A5-49E1-AD29-D4667BFD607D}.AppStore|iPhoneSimulator.ActiveCfg = Release|Any CPU
		{4EB23C99-D4A5-49E1-AD29-D4667BFD607D}.AppStore|iPhoneSimulator.Build.0 = Release|Any CPU
		{4EB23C99-D4A5-49E1-AD29-D4667BFD607D}.AppStore|iPhoneSimulator.Deploy.0 = Release|Any CPU
		{4EB23C99-D4A5-49E1-AD29-D4667BFD607D}.Debug|Any CPU.ActiveCfg = Debug|Any CPU
		{4EB23C99-D4A5-49E1-AD29-D4667BFD607D}.Debug|Any CPU.Build.0 = Debug|Any CPU
		{4EB23C99-D4A5-49E1-AD29-D4667BFD607D}.Debug|Any CPU.Deploy.0 = Debug|Any CPU
		{4EB23C99-D4A5-49E1-AD29-D4667BFD607D}.Debug|iPhone.ActiveCfg = Debug|Any CPU
		{4EB23C99-D4A5-49E1-AD29-D4667BFD607D}.Debug|iPhone.Build.0 = Debug|Any CPU
		{4EB23C99-D4A5-49E1-AD29-D4667BFD607D}.Debug|iPhone.Deploy.0 = Debug|Any CPU
		{4EB23C99-D4A5-49E1-AD29-D4667BFD607D}.Debug|iPhoneSimulator.ActiveCfg = Debug|Any CPU
		{4EB23C99-D4A5-49E1-AD29-D4667BFD607D}.Debug|iPhoneSimulator.Build.0 = Debug|Any CPU
		{4EB23C99-D4A5-49E1-AD29-D4667BFD607D}.Debug|iPhoneSimulator.Deploy.0 = Debug|Any CPU
		{4EB23C99-D4A5-49E1-AD29-D4667BFD607D}.Release|Any CPU.ActiveCfg = Release|Any CPU
		{4EB23C99-D4A5-49E1-AD29-D4667BFD607D}.Release|Any CPU.Build.0 = Release|Any CPU
		{4EB23C99-D4A5-49E1-AD29-D4667BFD607D}.Release|Any CPU.Deploy.0 = Release|Any CPU
		{4EB23C99-D4A5-49E1-AD29-D4667BFD607D}.Release|iPhone.ActiveCfg = Release|Any CPU
		{4EB23C99-D4A5-49E1-AD29-D4667BFD607D}.Release|iPhone.Build.0 = Release|Any CPU
		{4EB23C99-D4A5-49E1-AD29-D4667BFD607D}.Release|iPhone.Deploy.0 = Release|Any CPU
		{4EB23C99-D4A5-49E1-AD29-D4667BFD607D}.Release|iPhoneSimulator.ActiveCfg = Release|Any CPU
		{4EB23C99-D4A5-49E1-AD29-D4667BFD607D}.Release|iPhoneSimulator.Build.0 = Release|Any CPU
		{4EB23C99-D4A5-49E1-AD29-D4667BFD607D}.Release|iPhoneSimulator.Deploy.0 = Release|Any CPU
		{4900C39E-B471-4A90-A984-6B895CA8F0EB}.Ad-Hoc|Any CPU.ActiveCfg = Ad-Hoc|iPhone
		{4900C39E-B471-4A90-A984-6B895CA8F0EB}.Ad-Hoc|Any CPU.Build.0 = Ad-Hoc|iPhone
		{4900C39E-B471-4A90-A984-6B895CA8F0EB}.Ad-Hoc|Any CPU.Deploy.0 = Ad-Hoc|iPhone
		{4900C39E-B471-4A90-A984-6B895CA8F0EB}.Ad-Hoc|iPhone.ActiveCfg = Ad-Hoc|iPhone
		{4900C39E-B471-4A90-A984-6B895CA8F0EB}.Ad-Hoc|iPhone.Build.0 = Ad-Hoc|iPhone
		{4900C39E-B471-4A90-A984-6B895CA8F0EB}.Ad-Hoc|iPhone.Deploy.0 = Ad-Hoc|iPhone
		{4900C39E-B471-4A90-A984-6B895CA8F0EB}.Ad-Hoc|iPhoneSimulator.ActiveCfg = Ad-Hoc|iPhoneSimulator
		{4900C39E-B471-4A90-A984-6B895CA8F0EB}.Ad-Hoc|iPhoneSimulator.Build.0 = Ad-Hoc|iPhoneSimulator
		{4900C39E-B471-4A90-A984-6B895CA8F0EB}.Ad-Hoc|iPhoneSimulator.Deploy.0 = Ad-Hoc|iPhoneSimulator
		{4900C39E-B471-4A90-A984-6B895CA8F0EB}.AppStore|Any CPU.ActiveCfg = AppStore|iPhone
		{4900C39E-B471-4A90-A984-6B895CA8F0EB}.AppStore|Any CPU.Build.0 = AppStore|iPhone
		{4900C39E-B471-4A90-A984-6B895CA8F0EB}.AppStore|Any CPU.Deploy.0 = AppStore|iPhone
		{4900C39E-B471-4A90-A984-6B895CA8F0EB}.AppStore|iPhone.ActiveCfg = AppStore|iPhone
		{4900C39E-B471-4A90-A984-6B895CA8F0EB}.AppStore|iPhone.Build.0 = AppStore|iPhone
		{4900C39E-B471-4A90-A984-6B895CA8F0EB}.AppStore|iPhone.Deploy.0 = AppStore|iPhone
		{4900C39E-B471-4A90-A984-6B895CA8F0EB}.AppStore|iPhoneSimulator.ActiveCfg = AppStore|iPhoneSimulator
		{4900C39E-B471-4A90-A984-6B895CA8F0EB}.AppStore|iPhoneSimulator.Build.0 = AppStore|iPhoneSimulator
		{4900C39E-B471-4A90-A984-6B895CA8F0EB}.AppStore|iPhoneSimulator.Deploy.0 = AppStore|iPhoneSimulator
		{4900C39E-B471-4A90-A984-6B895CA8F0EB}.Debug|Any CPU.ActiveCfg = Debug|iPhoneSimulator
		{4900C39E-B471-4A90-A984-6B895CA8F0EB}.Debug|Any CPU.Build.0 = Debug|iPhoneSimulator
		{4900C39E-B471-4A90-A984-6B895CA8F0EB}.Debug|Any CPU.Deploy.0 = Debug|iPhoneSimulator
		{4900C39E-B471-4A90-A984-6B895CA8F0EB}.Debug|iPhone.ActiveCfg = Debug|iPhone
		{4900C39E-B471-4A90-A984-6B895CA8F0EB}.Debug|iPhone.Build.0 = Debug|iPhone
		{4900C39E-B471-4A90-A984-6B895CA8F0EB}.Debug|iPhone.Deploy.0 = Debug|iPhone
		{4900C39E-B471-4A90-A984-6B895CA8F0EB}.Debug|iPhoneSimulator.ActiveCfg = Debug|iPhoneSimulator
		{4900C39E-B471-4A90-A984-6B895CA8F0EB}.Debug|iPhoneSimulator.Build.0 = Debug|iPhoneSimulator
		{4900C39E-B471-4A90-A984-6B895CA8F0EB}.Debug|iPhoneSimulator.Deploy.0 = Debug|iPhoneSimulator
		{4900C39E-B471-4A90-A984-6B895CA8F0EB}.Release|Any CPU.ActiveCfg = Release|iPhone
		{4900C39E-B471-4A90-A984-6B895CA8F0EB}.Release|Any CPU.Build.0 = Release|iPhone
		{4900C39E-B471-4A90-A984-6B895CA8F0EB}.Release|Any CPU.Deploy.0 = Release|iPhone
		{4900C39E-B471-4A90-A984-6B895CA8F0EB}.Release|iPhone.ActiveCfg = Release|iPhone
		{4900C39E-B471-4A90-A984-6B895CA8F0EB}.Release|iPhone.Build.0 = Release|iPhone
		{4900C39E-B471-4A90-A984-6B895CA8F0EB}.Release|iPhone.Deploy.0 = Release|iPhone
		{4900C39E-B471-4A90-A984-6B895CA8F0EB}.Release|iPhoneSimulator.ActiveCfg = Release|iPhoneSimulator
		{4900C39E-B471-4A90-A984-6B895CA8F0EB}.Release|iPhoneSimulator.Build.0 = Release|iPhoneSimulator
		{4900C39E-B471-4A90-A984-6B895CA8F0EB}.Release|iPhoneSimulator.Deploy.0 = Release|iPhoneSimulator
		{49922C3F-C063-4ABE-A927-86B5B55938E6}.Ad-Hoc|Any CPU.ActiveCfg = Debug|Any CPU
		{49922C3F-C063-4ABE-A927-86B5B55938E6}.Ad-Hoc|Any CPU.Build.0 = Debug|Any CPU
		{49922C3F-C063-4ABE-A927-86B5B55938E6}.Ad-Hoc|Any CPU.Deploy.0 = Debug|Any CPU
		{49922C3F-C063-4ABE-A927-86B5B55938E6}.Ad-Hoc|iPhone.ActiveCfg = Debug|Any CPU
		{49922C3F-C063-4ABE-A927-86B5B55938E6}.Ad-Hoc|iPhone.Build.0 = Debug|Any CPU
		{49922C3F-C063-4ABE-A927-86B5B55938E6}.Ad-Hoc|iPhone.Deploy.0 = Debug|Any CPU
		{49922C3F-C063-4ABE-A927-86B5B55938E6}.Ad-Hoc|iPhoneSimulator.ActiveCfg = Debug|Any CPU
		{49922C3F-C063-4ABE-A927-86B5B55938E6}.Ad-Hoc|iPhoneSimulator.Build.0 = Debug|Any CPU
		{49922C3F-C063-4ABE-A927-86B5B55938E6}.Ad-Hoc|iPhoneSimulator.Deploy.0 = Debug|Any CPU
		{49922C3F-C063-4ABE-A927-86B5B55938E6}.AppStore|Any CPU.ActiveCfg = Debug|Any CPU
		{49922C3F-C063-4ABE-A927-86B5B55938E6}.AppStore|Any CPU.Build.0 = Debug|Any CPU
		{49922C3F-C063-4ABE-A927-86B5B55938E6}.AppStore|Any CPU.Deploy.0 = Debug|Any CPU
		{49922C3F-C063-4ABE-A927-86B5B55938E6}.AppStore|iPhone.ActiveCfg = Debug|Any CPU
		{49922C3F-C063-4ABE-A927-86B5B55938E6}.AppStore|iPhone.Build.0 = Debug|Any CPU
		{49922C3F-C063-4ABE-A927-86B5B55938E6}.AppStore|iPhone.Deploy.0 = Debug|Any CPU
		{49922C3F-C063-4ABE-A927-86B5B55938E6}.AppStore|iPhoneSimulator.ActiveCfg = Debug|Any CPU
		{49922C3F-C063-4ABE-A927-86B5B55938E6}.AppStore|iPhoneSimulator.Build.0 = Debug|Any CPU
		{49922C3F-C063-4ABE-A927-86B5B55938E6}.AppStore|iPhoneSimulator.Deploy.0 = Debug|Any CPU
		{49922C3F-C063-4ABE-A927-86B5B55938E6}.Debug|Any CPU.ActiveCfg = Debug|Any CPU
		{49922C3F-C063-4ABE-A927-86B5B55938E6}.Debug|Any CPU.Build.0 = Debug|Any CPU
		{49922C3F-C063-4ABE-A927-86B5B55938E6}.Debug|Any CPU.Deploy.0 = Debug|Any CPU
		{49922C3F-C063-4ABE-A927-86B5B55938E6}.Debug|iPhone.ActiveCfg = Debug|Any CPU
		{49922C3F-C063-4ABE-A927-86B5B55938E6}.Debug|iPhone.Build.0 = Debug|Any CPU
		{49922C3F-C063-4ABE-A927-86B5B55938E6}.Debug|iPhone.Deploy.0 = Debug|Any CPU
		{49922C3F-C063-4ABE-A927-86B5B55938E6}.Debug|iPhoneSimulator.ActiveCfg = Debug|Any CPU
		{49922C3F-C063-4ABE-A927-86B5B55938E6}.Debug|iPhoneSimulator.Build.0 = Debug|Any CPU
		{49922C3F-C063-4ABE-A927-86B5B55938E6}.Debug|iPhoneSimulator.Deploy.0 = Debug|Any CPU
		{49922C3F-C063-4ABE-A927-86B5B55938E6}.Release|Any CPU.ActiveCfg = Release|Any CPU
		{49922C3F-C063-4ABE-A927-86B5B55938E6}.Release|Any CPU.Build.0 = Release|Any CPU
		{49922C3F-C063-4ABE-A927-86B5B55938E6}.Release|Any CPU.Deploy.0 = Release|Any CPU
		{49922C3F-C063-4ABE-A927-86B5B55938E6}.Release|iPhone.ActiveCfg = Release|Any CPU
		{49922C3F-C063-4ABE-A927-86B5B55938E6}.Release|iPhone.Build.0 = Release|Any CPU
		{49922C3F-C063-4ABE-A927-86B5B55938E6}.Release|iPhone.Deploy.0 = Release|Any CPU
		{49922C3F-C063-4ABE-A927-86B5B55938E6}.Release|iPhoneSimulator.ActiveCfg = Release|Any CPU
		{49922C3F-C063-4ABE-A927-86B5B55938E6}.Release|iPhoneSimulator.Build.0 = Release|Any CPU
		{49922C3F-C063-4ABE-A927-86B5B55938E6}.Release|iPhoneSimulator.Deploy.0 = Release|Any CPU
	EndGlobalSection
	GlobalSection(SolutionProperties) = preSolution
		HideSolutionNode = FALSE
	EndGlobalSection
	GlobalSection(ExtensibilityGlobals) = postSolution
		SolutionGuid = {FA2599BE-9B21-4E78-A773-50F1393F3269}
	EndGlobalSection
EndGlobal
