
Microsoft Visual Studio Solution File, Format Version 12.00
# Visual Studio 15
VisualStudioVersion = 15.0.27703.2000
MinimumVisualStudioVersion = 10.0.40219.1
Project("{FAE04EC0-301F-11D3-BF4B-00C04F79EFBC}") = "MessagingCenterDemo.Android", "MessagingCenterDemo\MessagingCenterDemo.Android\MessagingCenterDemo.Android.csproj", "{DDFD7D4E-3174-4CF0-8DDF-FEF629823C0D}"
EndProject
Project("{FAE04EC0-301F-11D3-BF4B-00C04F79EFBC}") = "MessagingCenterDemo.iOS", "MessagingCenterDemo\MessagingCenterDemo.iOS\MessagingCenterDemo.iOS.csproj", "{40C7499E-30A3-4DCA-8A72-502ECD8F2D5D}"
EndProject
Project("{FAE04EC0-301F-11D3-BF4B-00C04F79EFBC}") = "MessagingCenterDemo", "MessagingCenterDemo\MessagingCenterDemo\MessagingCenterDemo.csproj", "{5CF0E707-3AD3-48D4-8914-6DB5D611A21B}"
EndProject
Global
	GlobalSection(SolutionConfigurationPlatforms) = preSolution
		Ad-Hoc|Any CPU = Ad-Hoc|Any CPU
		Ad-Hoc|iPhone = Ad-Hoc|iPhone
		Ad-Hoc|iPhoneSimulator = Ad-Hoc|iPhoneSimulator
		AppStore|Any CPU = AppStore|Any CPU
		AppStore|iPhone = AppStore|iPhone
		AppStore|iPhoneSimulator = AppStore|iPhoneSimulator
		Debug|Any CPU = Debug|Any CPU
		Debug|iPhone = Debug|iPhone
		Debug|iPhoneSimulator = Debug|iPhoneSimulator
		Release|Any CPU = Release|Any CPU
		Release|iPhone = Release|iPhone
		Release|iPhoneSimulator = Release|iPhoneSimulator
	EndGlobalSection
	GlobalSection(ProjectConfigurationPlatforms) = postSolution
		{DDFD7D4E-3174-4CF0-8DDF-FEF629823C0D}.Ad-Hoc|Any CPU.ActiveCfg = Release|Any CPU
		{DDFD7D4E-3174-4CF0-8DDF-FEF629823C0D}.Ad-Hoc|Any CPU.Build.0 = Release|Any CPU
		{DDFD7D4E-3174-4CF0-8DDF-FEF629823C0D}.Ad-Hoc|Any CPU.Deploy.0 = Release|Any CPU
		{DDFD7D4E-3174-4CF0-8DDF-FEF629823C0D}.Ad-Hoc|iPhone.ActiveCfg = Release|Any CPU
		{DDFD7D4E-3174-4CF0-8DDF-FEF629823C0D}.Ad-Hoc|iPhone.Build.0 = Release|Any CPU
		{DDFD7D4E-3174-4CF0-8DDF-FEF629823C0D}.Ad-Hoc|iPhone.Deploy.0 = Release|Any CPU
		{DDFD7D4E-3174-4CF0-8DDF-FEF629823C0D}.Ad-Hoc|iPhoneSimulator.ActiveCfg = Release|Any CPU
		{DDFD7D4E-3174-4CF0-8DDF-FEF629823C0D}.Ad-Hoc|iPhoneSimulator.Build.0 = Release|Any CPU
		{DDFD7D4E-3174-4CF0-8DDF-FEF629823C0D}.Ad-Hoc|iPhoneSimulator.Deploy.0 = Release|Any CPU
		{DDFD7D4E-3174-4CF0-8DDF-FEF629823C0D}.AppStore|Any CPU.ActiveCfg = Release|Any CPU
		{DDFD7D4E-3174-4CF0-8DDF-FEF629823C0D}.AppStore|Any CPU.Build.0 = Release|Any CPU
		{DDFD7D4E-3174-4CF0-8DDF-FEF629823C0D}.AppStore|Any CPU.Deploy.0 = Release|Any CPU
		{DDFD7D4E-3174-4CF0-8DDF-FEF629823C0D}.AppStore|iPhone.ActiveCfg = Release|Any CPU
		{DDFD7D4E-3174-4CF0-8DDF-FEF629823C0D}.AppStore|iPhone.Build.0 = Release|Any CPU
		{DDFD7D4E-3174-4CF0-8DDF-FEF629823C0D}.AppStore|iPhone.Deploy.0 = Release|Any CPU
		{DDFD7D4E-3174-4CF0-8DDF-FEF629823C0D}.AppStore|iPhoneSimulator.ActiveCfg = Release|Any CPU
		{DDFD7D4E-3174-4CF0-8DDF-FEF629823C0D}.AppStore|iPhoneSimulator.Build.0 = Release|Any CPU
		{DDFD7D4E-3174-4CF0-8DDF-FEF629823C0D}.AppStore|iPhoneSimulator.Deploy.0 = Release|Any CPU
		{DDFD7D4E-3174-4CF0-8DDF-FEF629823C0D}.Debug|Any CPU.ActiveCfg = Debug|Any CPU
		{DDFD7D4E-3174-4CF0-8DDF-FEF629823C0D}.Debug|Any CPU.Build.0 = Debug|Any CPU
		{DDFD7D4E-3174-4CF0-8DDF-FEF629823C0D}.Debug|Any CPU.Deploy.0 = Debug|Any CPU
		{DDFD7D4E-3174-4CF0-8DDF-FEF629823C0D}.Debug|iPhone.ActiveCfg = Debug|Any CPU
		{DDFD7D4E-3174-4CF0-8DDF-FEF629823C0D}.Debug|iPhone.Build.0 = Debug|Any CPU
		{DDFD7D4E-3174-4CF0-8DDF-FEF629823C0D}.Debug|iPhone.Deploy.0 = Debug|Any CPU
		{DDFD7D4E-3174-4CF0-8DDF-FEF629823C0D}.Debug|iPhoneSimulator.ActiveCfg = Debug|Any CPU
		{DDFD7D4E-3174-4CF0-8DDF-FEF629823C0D}.Debug|iPhoneSimulator.Build.0 = Debug|Any CPU
		{DDFD7D4E-3174-4CF0-8DDF-FEF629823C0D}.Debug|iPhoneSimulator.Deploy.0 = Debug|Any CPU
		{DDFD7D4E-3174-4CF0-8DDF-FEF629823C0D}.Release|Any CPU.ActiveCfg = Release|Any CPU
		{DDFD7D4E-3174-4CF0-8DDF-FEF629823C0D}.Release|Any CPU.Build.0 = Release|Any CPU
		{DDFD7D4E-3174-4CF0-8DDF-FEF629823C0D}.Release|Any CPU.Deploy.0 = Release|Any CPU
		{DDFD7D4E-3174-4CF0-8DDF-FEF629823C0D}.Release|iPhone.ActiveCfg = Release|Any CPU
		{DDFD7D4E-3174-4CF0-8DDF-FEF629823C0D}.Release|iPhone.Build.0 = Release|Any CPU
		{DDFD7D4E-3174-4CF0-8DDF-FEF629823C0D}.Release|iPhone.Deploy.0 = Release|Any CPU
		{DDFD7D4E-3174-4CF0-8DDF-FEF629823C0D}.Release|iPhoneSimulator.ActiveCfg = Release|Any CPU
		{DDFD7D4E-3174-4CF0-8DDF-FEF629823C0D}.Release|iPhoneSimulator.Build.0 = Release|Any CPU
		{DDFD7D4E-3174-4CF0-8DDF-FEF629823C0D}.Release|iPhoneSimulator.Deploy.0 = Release|Any CPU
		{40C7499E-30A3-4DCA-8A72-502ECD8F2D5D}.Ad-Hoc|Any CPU.ActiveCfg = Ad-Hoc|iPhone
		{40C7499E-30A3-4DCA-8A72-502ECD8F2D5D}.Ad-Hoc|Any CPU.Build.0 = Ad-Hoc|iPhone
		{40C7499E-30A3-4DCA-8A72-502ECD8F2D5D}.Ad-Hoc|Any CPU.Deploy.0 = Ad-Hoc|iPhone
		{40C7499E-30A3-4DCA-8A72-502ECD8F2D5D}.Ad-Hoc|iPhone.ActiveCfg = Ad-Hoc|iPhone
		{40C7499E-30A3-4DCA-8A72-502ECD8F2D5D}.Ad-Hoc|iPhone.Build.0 = Ad-Hoc|iPhone
		{40C7499E-30A3-4DCA-8A72-502ECD8F2D5D}.Ad-Hoc|iPhone.Deploy.0 = Ad-Hoc|iPhone
		{40C7499E-30A3-4DCA-8A72-502ECD8F2D5D}.Ad-Hoc|iPhoneSimulator.ActiveCfg = Ad-Hoc|iPhoneSimulator
		{40C7499E-30A3-4DCA-8A72-502ECD8F2D5D}.Ad-Hoc|iPhoneSimulator.Build.0 = Ad-Hoc|iPhoneSimulator
		{40C7499E-30A3-4DCA-8A72-502ECD8F2D5D}.Ad-Hoc|iPhoneSimulator.Deploy.0 = Ad-Hoc|iPhoneSimulator
		{40C7499E-30A3-4DCA-8A72-502ECD8F2D5D}.AppStore|Any CPU.ActiveCfg = AppStore|iPhone
		{40C7499E-30A3-4DCA-8A72-502ECD8F2D5D}.AppStore|Any CPU.Build.0 = AppStore|iPhone
		{40C7499E-30A3-4DCA-8A72-502ECD8F2D5D}.AppStore|Any CPU.Deploy.0 = AppStore|iPhone
		{40C7499E-30A3-4DCA-8A72-502ECD8F2D5D}.AppStore|iPhone.ActiveCfg = AppStore|iPhone
		{40C7499E-30A3-4DCA-8A72-502ECD8F2D5D}.AppStore|iPhone.Build.0 = AppStore|iPhone
		{40C7499E-30A3-4DCA-8A72-502ECD8F2D5D}.AppStore|iPhone.Deploy.0 = AppStore|iPhone
		{40C7499E-30A3-4DCA-8A72-502ECD8F2D5D}.AppStore|iPhoneSimulator.ActiveCfg = AppStore|iPhoneSimulator
		{40C7499E-30A3-4DCA-8A72-502ECD8F2D5D}.AppStore|iPhoneSimulator.Build.0 = AppStore|iPhoneSimulator
		{40C7499E-30A3-4DCA-8A72-502ECD8F2D5D}.AppStore|iPhoneSimulator.Deploy.0 = AppStore|iPhoneSimulator
		{40C7499E-30A3-4DCA-8A72-502ECD8F2D5D}.Debug|Any CPU.ActiveCfg = Debug|iPhoneSimulator
		{40C7499E-30A3-4DCA-8A72-502ECD8F2D5D}.Debug|Any CPU.Build.0 = Debug|iPhoneSimulator
		{40C7499E-30A3-4DCA-8A72-502ECD8F2D5D}.Debug|Any CPU.Deploy.0 = Debug|iPhoneSimulator
		{40C7499E-30A3-4DCA-8A72-502ECD8F2D5D}.Debug|iPhone.ActiveCfg = Debug|iPhone
		{40C7499E-30A3-4DCA-8A72-502ECD8F2D5D}.Debug|iPhone.Build.0 = Debug|iPhone
		{40C7499E-30A3-4DCA-8A72-502ECD8F2D5D}.Debug|iPhone.Deploy.0 = Debug|iPhone
		{40C7499E-30A3-4DCA-8A72-502ECD8F2D5D}.Debug|iPhoneSimulator.ActiveCfg = Debug|iPhoneSimulator
		{40C7499E-30A3-4DCA-8A72-502ECD8F2D5D}.Debug|iPhoneSimulator.Build.0 = Debug|iPhoneSimulator
		{40C7499E-30A3-4DCA-8A72-502ECD8F2D5D}.Debug|iPhoneSimulator.Deploy.0 = Debug|iPhoneSimulator
		{40C7499E-30A3-4DCA-8A72-502ECD8F2D5D}.Release|Any CPU.ActiveCfg = Release|iPhone
		{40C7499E-30A3-4DCA-8A72-502ECD8F2D5D}.Release|Any CPU.Build.0 = Release|iPhone
		{40C7499E-30A3-4DCA-8A72-502ECD8F2D5D}.Release|Any CPU.Deploy.0 = Release|iPhone
		{40C7499E-30A3-4DCA-8A72-502ECD8F2D5D}.Release|iPhone.ActiveCfg = Release|iPhone
		{40C7499E-30A3-4DCA-8A72-502ECD8F2D5D}.Release|iPhone.Build.0 = Release|iPhone
		{40C7499E-30A3-4DCA-8A72-502ECD8F2D5D}.Release|iPhone.Deploy.0 = Release|iPhone
		{40C7499E-30A3-4DCA-8A72-502ECD8F2D5D}.Release|iPhoneSimulator.ActiveCfg = Release|iPhoneSimulator
		{40C7499E-30A3-4DCA-8A72-502ECD8F2D5D}.Release|iPhoneSimulator.Build.0 = Release|iPhoneSimulator
		{40C7499E-30A3-4DCA-8A72-502ECD8F2D5D}.Release|iPhoneSimulator.Deploy.0 = Release|iPhoneSimulator
		{5CF0E707-3AD3-48D4-8914-6DB5D611A21B}.Ad-Hoc|Any CPU.ActiveCfg = Debug|Any CPU
		{5CF0E707-3AD3-48D4-8914-6DB5D611A21B}.Ad-Hoc|Any CPU.Build.0 = Debug|Any CPU
		{5CF0E707-3AD3-48D4-8914-6DB5D611A21B}.Ad-Hoc|Any CPU.Deploy.0 = Debug|Any CPU
		{5CF0E707-3AD3-48D4-8914-6DB5D611A21B}.Ad-Hoc|iPhone.ActiveCfg = Debug|Any CPU
		{5CF0E707-3AD3-48D4-8914-6DB5D611A21B}.Ad-Hoc|iPhone.Build.0 = Debug|Any CPU
		{5CF0E707-3AD3-48D4-8914-6DB5D611A21B}.Ad-Hoc|iPhone.Deploy.0 = Debug|Any CPU
		{5CF0E707-3AD3-48D4-8914-6DB5D611A21B}.Ad-Hoc|iPhoneSimulator.ActiveCfg = Debug|Any CPU
		{5CF0E707-3AD3-48D4-8914-6DB5D611A21B}.Ad-Hoc|iPhoneSimulator.Build.0 = Debug|Any CPU
		{5CF0E707-3AD3-48D4-8914-6DB5D611A21B}.Ad-Hoc|iPhoneSimulator.Deploy.0 = Debug|Any CPU
		{5CF0E707-3AD3-48D4-8914-6DB5D611A21B}.AppStore|Any CPU.ActiveCfg = Debug|Any CPU
		{5CF0E707-3AD3-48D4-8914-6DB5D611A21B}.AppStore|Any CPU.Build.0 = Debug|Any CPU
		{5CF0E707-3AD3-48D4-8914-6DB5D611A21B}.AppStore|Any CPU.Deploy.0 = Debug|Any CPU
		{5CF0E707-3AD3-48D4-8914-6DB5D611A21B}.AppStore|iPhone.ActiveCfg = Debug|Any CPU
		{5CF0E707-3AD3-48D4-8914-6DB5D611A21B}.AppStore|iPhone.Build.0 = Debug|Any CPU
		{5CF0E707-3AD3-48D4-8914-6DB5D611A21B}.AppStore|iPhone.Deploy.0 = Debug|Any CPU
		{5CF0E707-3AD3-48D4-8914-6DB5D611A21B}.AppStore|iPhoneSimulator.ActiveCfg = Debug|Any CPU
		{5CF0E707-3AD3-48D4-8914-6DB5D611A21B}.AppStore|iPhoneSimulator.Build.0 = Debug|Any CPU
		{5CF0E707-3AD3-48D4-8914-6DB5D611A21B}.AppStore|iPhoneSimulator.Deploy.0 = Debug|Any CPU
		{5CF0E707-3AD3-48D4-8914-6DB5D611A21B}.Debug|Any CPU.ActiveCfg = Debug|Any CPU
		{5CF0E707-3AD3-48D4-8914-6DB5D611A21B}.Debug|Any CPU.Build.0 = Debug|Any CPU
		{5CF0E707-3AD3-48D4-8914-6DB5D611A21B}.Debug|Any CPU.Deploy.0 = Debug|Any CPU
		{5CF0E707-3AD3-48D4-8914-6DB5D611A21B}.Debug|iPhone.ActiveCfg = Debug|Any CPU
		{5CF0E707-3AD3-48D4-8914-6DB5D611A21B}.Debug|iPhone.Build.0 = Debug|Any CPU
		{5CF0E707-3AD3-48D4-8914-6DB5D611A21B}.Debug|iPhone.Deploy.0 = Debug|Any CPU
		{5CF0E707-3AD3-48D4-8914-6DB5D611A21B}.Debug|iPhoneSimulator.ActiveCfg = Debug|Any CPU
		{5CF0E707-3AD3-48D4-8914-6DB5D611A21B}.Debug|iPhoneSimulator.Build.0 = Debug|Any CPU
		{5CF0E707-3AD3-48D4-8914-6DB5D611A21B}.Debug|iPhoneSimulator.Deploy.0 = Debug|Any CPU
		{5CF0E707-3AD3-48D4-8914-6DB5D611A21B}.Release|Any CPU.ActiveCfg = Release|Any CPU
		{5CF0E707-3AD3-48D4-8914-6DB5D611A21B}.Release|Any CPU.Build.0 = Release|Any CPU
		{5CF0E707-3AD3-48D4-8914-6DB5D611A21B}.Release|Any CPU.Deploy.0 = Release|Any CPU
		{5CF0E707-3AD3-48D4-8914-6DB5D611A21B}.Release|iPhone.ActiveCfg = Release|Any CPU
		{5CF0E707-3AD3-48D4-8914-6DB5D611A21B}.Release|iPhone.Build.0 = Release|Any CPU
		{5CF0E707-3AD3-48D4-8914-6DB5D611A21B}.Release|iPhone.Deploy.0 = Release|Any CPU
		{5CF0E707-3AD3-48D4-8914-6DB5D611A21B}.Release|iPhoneSimulator.ActiveCfg = Release|Any CPU
		{5CF0E707-3AD3-48D4-8914-6DB5D611A21B}.Release|iPhoneSimulator.Build.0 = Release|Any CPU
		{5CF0E707-3AD3-48D4-8914-6DB5D611A21B}.Release|iPhoneSimulator.Deploy.0 = Release|Any CPU
	EndGlobalSection
	GlobalSection(SolutionProperties) = preSolution
		HideSolutionNode = FALSE
	EndGlobalSection
	GlobalSection(ExtensibilityGlobals) = postSolution
		SolutionGuid = {E30E46ED-0CBB-48BD-8AEA-38AB6D71E0EA}
	EndGlobalSection
EndGlobal
