
Microsoft Visual Studio Solution File, Format Version 12.00
# Visual Studio 15
VisualStudioVersion = 15.0.27703.2000
MinimumVisualStudioVersion = 10.0.40219.1
Project("{FAE04EC0-301F-11D3-BF4B-00C04F79EFBC}") = "Test2.Android", "Test2\Test2.Android\Test2.Android.csproj", "{73BED609-7978-4360-B035-B79F7842A404}"
EndProject
Project("{FAE04EC0-301F-11D3-BF4B-00C04F79EFBC}") = "Test2.iOS", "Test2\Test2.iOS\Test2.iOS.csproj", "{37C1C841-79AC-4305-ACFD-0F4D611CCAE8}"
EndProject
Project("{FAE04EC0-301F-11D3-BF4B-00C04F79EFBC}") = "Test2", "Test2\Test2\Test2.csproj", "{040DB8B4-8970-45FB-88D5-52C3200B8BC7}"
EndProject
Global
	GlobalSection(SolutionConfigurationPlatforms) = preSolution
		Ad-Hoc|Any CPU = Ad-Hoc|Any CPU
		Ad-Hoc|iPhone = Ad-Hoc|iPhone
		Ad-Hoc|iPhoneSimulator = Ad-Hoc|iPhoneSimulator
		AppStore|Any CPU = AppStore|Any CPU
		AppStore|iPhone = AppStore|iPhone
		AppStore|iPhoneSimulator = AppStore|iPhoneSimulator
		Debug|Any CPU = Debug|Any CPU
		Debug|iPhone = Debug|iPhone
		Debug|iPhoneSimulator = Debug|iPhoneSimulator
		Release|Any CPU = Release|Any CPU
		Release|iPhone = Release|iPhone
		Release|iPhoneSimulator = Release|iPhoneSimulator
	EndGlobalSection
	GlobalSection(ProjectConfigurationPlatforms) = postSolution
		{73BED609-7978-4360-B035-B79F7842A404}.Ad-Hoc|Any CPU.ActiveCfg = Release|Any CPU
		{73BED609-7978-4360-B035-B79F7842A404}.Ad-Hoc|Any CPU.Build.0 = Release|Any CPU
		{73BED609-7978-4360-B035-B79F7842A404}.Ad-Hoc|Any CPU.Deploy.0 = Release|Any CPU
		{73BED609-7978-4360-B035-B79F7842A404}.Ad-Hoc|iPhone.ActiveCfg = Release|Any CPU
		{73BED609-7978-4360-B035-B79F7842A404}.Ad-Hoc|iPhone.Build.0 = Release|Any CPU
		{73BED609-7978-4360-B035-B79F7842A404}.Ad-Hoc|iPhone.Deploy.0 = Release|Any CPU
		{73BED609-7978-4360-B035-B79F7842A404}.Ad-Hoc|iPhoneSimulator.ActiveCfg = Release|Any CPU
		{73BED609-7978-4360-B035-B79F7842A404}.Ad-Hoc|iPhoneSimulator.Build.0 = Release|Any CPU
		{73BED609-7978-4360-B035-B79F7842A404}.Ad-Hoc|iPhoneSimulator.Deploy.0 = Release|Any CPU
		{73BED609-7978-4360-B035-B79F7842A404}.AppStore|Any CPU.ActiveCfg = Release|Any CPU
		{73BED609-7978-4360-B035-B79F7842A404}.AppStore|Any CPU.Build.0 = Release|Any CPU
		{73BED609-7978-4360-B035-B79F7842A404}.AppStore|Any CPU.Deploy.0 = Release|Any CPU
		{73BED609-7978-4360-B035-B79F7842A404}.AppStore|iPhone.ActiveCfg = Release|Any CPU
		{73BED609-7978-4360-B035-B79F7842A404}.AppStore|iPhone.Build.0 = Release|Any CPU
		{73BED609-7978-4360-B035-B79F7842A404}.AppStore|iPhone.Deploy.0 = Release|Any CPU
		{73BED609-7978-4360-B035-B79F7842A404}.AppStore|iPhoneSimulator.ActiveCfg = Release|Any CPU
		{73BED609-7978-4360-B035-B79F7842A404}.AppStore|iPhoneSimulator.Build.0 = Release|Any CPU
		{73BED609-7978-4360-B035-B79F7842A404}.AppStore|iPhoneSimulator.Deploy.0 = Release|Any CPU
		{73BED609-7978-4360-B035-B79F7842A404}.Debug|Any CPU.ActiveCfg = Debug|Any CPU
		{73BED609-7978-4360-B035-B79F7842A404}.Debug|Any CPU.Build.0 = Debug|Any CPU
		{73BED609-7978-4360-B035-B79F7842A404}.Debug|Any CPU.Deploy.0 = Debug|Any CPU
		{73BED609-7978-4360-B035-B79F7842A404}.Debug|iPhone.ActiveCfg = Debug|Any CPU
		{73BED609-7978-4360-B035-B79F7842A404}.Debug|iPhone.Build.0 = Debug|Any CPU
		{73BED609-7978-4360-B035-B79F7842A404}.Debug|iPhone.Deploy.0 = Debug|Any CPU
		{73BED609-7978-4360-B035-B79F7842A404}.Debug|iPhoneSimulator.ActiveCfg = Debug|Any CPU
		{73BED609-7978-4360-B035-B79F7842A404}.Debug|iPhoneSimulator.Build.0 = Debug|Any CPU
		{73BED609-7978-4360-B035-B79F7842A404}.Debug|iPhoneSimulator.Deploy.0 = Debug|Any CPU
		{73BED609-7978-4360-B035-B79F7842A404}.Release|Any CPU.ActiveCfg = Release|Any CPU
		{73BED609-7978-4360-B035-B79F7842A404}.Release|Any CPU.Build.0 = Release|Any CPU
		{73BED609-7978-4360-B035-B79F7842A404}.Release|Any CPU.Deploy.0 = Release|Any CPU
		{73BED609-7978-4360-B035-B79F7842A404}.Release|iPhone.ActiveCfg = Release|Any CPU
		{73BED609-7978-4360-B035-B79F7842A404}.Release|iPhone.Build.0 = Release|Any CPU
		{73BED609-7978-4360-B035-B79F7842A404}.Release|iPhone.Deploy.0 = Release|Any CPU
		{73BED609-7978-4360-B035-B79F7842A404}.Release|iPhoneSimulator.ActiveCfg = Release|Any CPU
		{73BED609-7978-4360-B035-B79F7842A404}.Release|iPhoneSimulator.Build.0 = Release|Any CPU
		{73BED609-7978-4360-B035-B79F7842A404}.Release|iPhoneSimulator.Deploy.0 = Release|Any CPU
		{37C1C841-79AC-4305-ACFD-0F4D611CCAE8}.Ad-Hoc|Any CPU.ActiveCfg = Ad-Hoc|iPhone
		{37C1C841-79AC-4305-ACFD-0F4D611CCAE8}.Ad-Hoc|Any CPU.Build.0 = Ad-Hoc|iPhone
		{37C1C841-79AC-4305-ACFD-0F4D611CCAE8}.Ad-Hoc|Any CPU.Deploy.0 = Ad-Hoc|iPhone
		{37C1C841-79AC-4305-ACFD-0F4D611CCAE8}.Ad-Hoc|iPhone.ActiveCfg = Ad-Hoc|iPhone
		{37C1C841-79AC-4305-ACFD-0F4D611CCAE8}.Ad-Hoc|iPhone.Build.0 = Ad-Hoc|iPhone
		{37C1C841-79AC-4305-ACFD-0F4D611CCAE8}.Ad-Hoc|iPhone.Deploy.0 = Ad-Hoc|iPhone
		{37C1C841-79AC-4305-ACFD-0F4D611CCAE8}.Ad-Hoc|iPhoneSimulator.ActiveCfg = Ad-Hoc|iPhoneSimulator
		{37C1C841-79AC-4305-ACFD-0F4D611CCAE8}.Ad-Hoc|iPhoneSimulator.Build.0 = Ad-Hoc|iPhoneSimulator
		{37C1C841-79AC-4305-ACFD-0F4D611CCAE8}.Ad-Hoc|iPhoneSimulator.Deploy.0 = Ad-Hoc|iPhoneSimulator
		{37C1C841-79AC-4305-ACFD-0F4D611CCAE8}.AppStore|Any CPU.ActiveCfg = AppStore|iPhone
		{37C1C841-79AC-4305-ACFD-0F4D611CCAE8}.AppStore|Any CPU.Build.0 = AppStore|iPhone
		{37C1C841-79AC-4305-ACFD-0F4D611CCAE8}.AppStore|Any CPU.Deploy.0 = AppStore|iPhone
		{37C1C841-79AC-4305-ACFD-0F4D611CCAE8}.AppStore|iPhone.ActiveCfg = AppStore|iPhone
		{37C1C841-79AC-4305-ACFD-0F4D611CCAE8}.AppStore|iPhone.Build.0 = AppStore|iPhone
		{37C1C841-79AC-4305-ACFD-0F4D611CCAE8}.AppStore|iPhone.Deploy.0 = AppStore|iPhone
		{37C1C841-79AC-4305-ACFD-0F4D611CCAE8}.AppStore|iPhoneSimulator.ActiveCfg = AppStore|iPhoneSimulator
		{37C1C841-79AC-4305-ACFD-0F4D611CCAE8}.AppStore|iPhoneSimulator.Build.0 = AppStore|iPhoneSimulator
		{37C1C841-79AC-4305-ACFD-0F4D611CCAE8}.AppStore|iPhoneSimulator.Deploy.0 = AppStore|iPhoneSimulator
		{37C1C841-79AC-4305-ACFD-0F4D611CCAE8}.Debug|Any CPU.ActiveCfg = Debug|iPhoneSimulator
		{37C1C841-79AC-4305-ACFD-0F4D611CCAE8}.Debug|Any CPU.Build.0 = Debug|iPhoneSimulator
		{37C1C841-79AC-4305-ACFD-0F4D611CCAE8}.Debug|Any CPU.Deploy.0 = Debug|iPhoneSimulator
		{37C1C841-79AC-4305-ACFD-0F4D611CCAE8}.Debug|iPhone.ActiveCfg = Debug|iPhone
		{37C1C841-79AC-4305-ACFD-0F4D611CCAE8}.Debug|iPhone.Build.0 = Debug|iPhone
		{37C1C841-79AC-4305-ACFD-0F4D611CCAE8}.Debug|iPhone.Deploy.0 = Debug|iPhone
		{37C1C841-79AC-4305-ACFD-0F4D611CCAE8}.Debug|iPhoneSimulator.ActiveCfg = Debug|iPhoneSimulator
		{37C1C841-79AC-4305-ACFD-0F4D611CCAE8}.Debug|iPhoneSimulator.Build.0 = Debug|iPhoneSimulator
		{37C1C841-79AC-4305-ACFD-0F4D611CCAE8}.Debug|iPhoneSimulator.Deploy.0 = Debug|iPhoneSimulator
		{37C1C841-79AC-4305-ACFD-0F4D611CCAE8}.Release|Any CPU.ActiveCfg = Release|iPhone
		{37C1C841-79AC-4305-ACFD-0F4D611CCAE8}.Release|Any CPU.Build.0 = Release|iPhone
		{37C1C841-79AC-4305-ACFD-0F4D611CCAE8}.Release|Any CPU.Deploy.0 = Release|iPhone
		{37C1C841-79AC-4305-ACFD-0F4D611CCAE8}.Release|iPhone.ActiveCfg = Release|iPhone
		{37C1C841-79AC-4305-ACFD-0F4D611CCAE8}.Release|iPhone.Build.0 = Release|iPhone
		{37C1C841-79AC-4305-ACFD-0F4D611CCAE8}.Release|iPhone.Deploy.0 = Release|iPhone
		{37C1C841-79AC-4305-ACFD-0F4D611CCAE8}.Release|iPhoneSimulator.ActiveCfg = Release|iPhoneSimulator
		{37C1C841-79AC-4305-ACFD-0F4D611CCAE8}.Release|iPhoneSimulator.Build.0 = Release|iPhoneSimulator
		{37C1C841-79AC-4305-ACFD-0F4D611CCAE8}.Release|iPhoneSimulator.Deploy.0 = Release|iPhoneSimulator
		{040DB8B4-8970-45FB-88D5-52C3200B8BC7}.Ad-Hoc|Any CPU.ActiveCfg = Debug|Any CPU
		{040DB8B4-8970-45FB-88D5-52C3200B8BC7}.Ad-Hoc|Any CPU.Build.0 = Debug|Any CPU
		{040DB8B4-8970-45FB-88D5-52C3200B8BC7}.Ad-Hoc|Any CPU.Deploy.0 = Debug|Any CPU
		{040DB8B4-8970-45FB-88D5-52C3200B8BC7}.Ad-Hoc|iPhone.ActiveCfg = Debug|Any CPU
		{040DB8B4-8970-45FB-88D5-52C3200B8BC7}.Ad-Hoc|iPhone.Build.0 = Debug|Any CPU
		{040DB8B4-8970-45FB-88D5-52C3200B8BC7}.Ad-Hoc|iPhone.Deploy.0 = Debug|Any CPU
		{040DB8B4-8970-45FB-88D5-52C3200B8BC7}.Ad-Hoc|iPhoneSimulator.ActiveCfg = Debug|Any CPU
		{040DB8B4-8970-45FB-88D5-52C3200B8BC7}.Ad-Hoc|iPhoneSimulator.Build.0 = Debug|Any CPU
		{040DB8B4-8970-45FB-88D5-52C3200B8BC7}.Ad-Hoc|iPhoneSimulator.Deploy.0 = Debug|Any CPU
		{040DB8B4-8970-45FB-88D5-52C3200B8BC7}.AppStore|Any CPU.ActiveCfg = Debug|Any CPU
		{040DB8B4-8970-45FB-88D5-52C3200B8BC7}.AppStore|Any CPU.Build.0 = Debug|Any CPU
		{040DB8B4-8970-45FB-88D5-52C3200B8BC7}.AppStore|Any CPU.Deploy.0 = Debug|Any CPU
		{040DB8B4-8970-45FB-88D5-52C3200B8BC7}.AppStore|iPhone.ActiveCfg = Debug|Any CPU
		{040DB8B4-8970-45FB-88D5-52C3200B8BC7}.AppStore|iPhone.Build.0 = Debug|Any CPU
		{040DB8B4-8970-45FB-88D5-52C3200B8BC7}.AppStore|iPhone.Deploy.0 = Debug|Any CPU
		{040DB8B4-8970-45FB-88D5-52C3200B8BC7}.AppStore|iPhoneSimulator.ActiveCfg = Debug|Any CPU
		{040DB8B4-8970-45FB-88D5-52C3200B8BC7}.AppStore|iPhoneSimulator.Build.0 = Debug|Any CPU
		{040DB8B4-8970-45FB-88D5-52C3200B8BC7}.AppStore|iPhoneSimulator.Deploy.0 = Debug|Any CPU
		{040DB8B4-8970-45FB-88D5-52C3200B8BC7}.Debug|Any CPU.ActiveCfg = Debug|Any CPU
		{040DB8B4-8970-45FB-88D5-52C3200B8BC7}.Debug|Any CPU.Build.0 = Debug|Any CPU
		{040DB8B4-8970-45FB-88D5-52C3200B8BC7}.Debug|Any CPU.Deploy.0 = Debug|Any CPU
		{040DB8B4-8970-45FB-88D5-52C3200B8BC7}.Debug|iPhone.ActiveCfg = Debug|Any CPU
		{040DB8B4-8970-45FB-88D5-52C3200B8BC7}.Debug|iPhone.Build.0 = Debug|Any CPU
		{040DB8B4-8970-45FB-88D5-52C3200B8BC7}.Debug|iPhone.Deploy.0 = Debug|Any CPU
		{040DB8B4-8970-45FB-88D5-52C3200B8BC7}.Debug|iPhoneSimulator.ActiveCfg = Debug|Any CPU
		{040DB8B4-8970-45FB-88D5-52C3200B8BC7}.Debug|iPhoneSimulator.Build.0 = Debug|Any CPU
		{040DB8B4-8970-45FB-88D5-52C3200B8BC7}.Debug|iPhoneSimulator.Deploy.0 = Debug|Any CPU
		{040DB8B4-8970-45FB-88D5-52C3200B8BC7}.Release|Any CPU.ActiveCfg = Release|Any CPU
		{040DB8B4-8970-45FB-88D5-52C3200B8BC7}.Release|Any CPU.Build.0 = Release|Any CPU
		{040DB8B4-8970-45FB-88D5-52C3200B8BC7}.Release|Any CPU.Deploy.0 = Release|Any CPU
		{040DB8B4-8970-45FB-88D5-52C3200B8BC7}.Release|iPhone.ActiveCfg = Release|Any CPU
		{040DB8B4-8970-45FB-88D5-52C3200B8BC7}.Release|iPhone.Build.0 = Release|Any CPU
		{040DB8B4-8970-45FB-88D5-52C3200B8BC7}.Release|iPhone.Deploy.0 = Release|Any CPU
		{040DB8B4-8970-45FB-88D5-52C3200B8BC7}.Release|iPhoneSimulator.ActiveCfg = Release|Any CPU
		{040DB8B4-8970-45FB-88D5-52C3200B8BC7}.Release|iPhoneSimulator.Build.0 = Release|Any CPU
		{040DB8B4-8970-45FB-88D5-52C3200B8BC7}.Release|iPhoneSimulator.Deploy.0 = Release|Any CPU
	EndGlobalSection
	GlobalSection(SolutionProperties) = preSolution
		HideSolutionNode = FALSE
	EndGlobalSection
	GlobalSection(ExtensibilityGlobals) = postSolution
		SolutionGuid = {233B6342-D4A6-4A98-8EA3-EE4C0EA373F9}
	EndGlobalSection
EndGlobal
