
Microsoft Visual Studio Solution File, Format Version 12.00
# Visual Studio 15
VisualStudioVersion = 15.0.27703.2000
MinimumVisualStudioVersion = 10.0.40219.1
Project("{FAE04EC0-301F-11D3-BF4B-00C04F79EFBC}") = "MasterDetailDemo.Android", "MasterDetailDemo\MasterDetailDemo.Android\MasterDetailDemo.Android.csproj", "{8E0253F0-A900-4B60-8A72-A5BAC5E85849}"
EndProject
Project("{FAE04EC0-301F-11D3-BF4B-00C04F79EFBC}") = "MasterDetailDemo.iOS", "MasterDetailDemo\MasterDetailDemo.iOS\MasterDetailDemo.iOS.csproj", "{3AF3ABCE-FB04-493A-B266-3703495A52E5}"
EndProject
Project("{FAE04EC0-301F-11D3-BF4B-00C04F79EFBC}") = "MasterDetailDemo", "MasterDetailDemo\MasterDetailDemo\MasterDetailDemo.csproj", "{6898C3BC-1289-40FF-ADBE-0B9C8055C71A}"
EndProject
Global
	GlobalSection(SolutionConfigurationPlatforms) = preSolution
		Debug|Any CPU = Debug|Any CPU
		Debug|iPhone = Debug|iPhone
		Debug|iPhoneSimulator = Debug|iPhoneSimulator
		Release|Any CPU = Release|Any CPU
		Release|iPhone = Release|iPhone
		Release|iPhoneSimulator = Release|iPhoneSimulator
	EndGlobalSection
	GlobalSection(ProjectConfigurationPlatforms) = postSolution
		{8E0253F0-A900-4B60-8A72-A5BAC5E85849}.Debug|Any CPU.ActiveCfg = Debug|Any CPU
		{8E0253F0-A900-4B60-8A72-A5BAC5E85849}.Debug|Any CPU.Build.0 = Debug|Any CPU
		{8E0253F0-A900-4B60-8A72-A5BAC5E85849}.Debug|Any CPU.Deploy.0 = Debug|Any CPU
		{8E0253F0-A900-4B60-8A72-A5BAC5E85849}.Debug|iPhone.ActiveCfg = Debug|Any CPU
		{8E0253F0-A900-4B60-8A72-A5BAC5E85849}.Debug|iPhone.Build.0 = Debug|Any CPU
		{8E0253F0-A900-4B60-8A72-A5BAC5E85849}.Debug|iPhone.Deploy.0 = Debug|Any CPU
		{8E0253F0-A900-4B60-8A72-A5BAC5E85849}.Debug|iPhoneSimulator.ActiveCfg = Debug|Any CPU
		{8E0253F0-A900-4B60-8A72-A5BAC5E85849}.Debug|iPhoneSimulator.Build.0 = Debug|Any CPU
		{8E0253F0-A900-4B60-8A72-A5BAC5E85849}.Debug|iPhoneSimulator.Deploy.0 = Debug|Any CPU
		{8E0253F0-A900-4B60-8A72-A5BAC5E85849}.Release|Any CPU.ActiveCfg = Release|Any CPU
		{8E0253F0-A900-4B60-8A72-A5BAC5E85849}.Release|Any CPU.Build.0 = Release|Any CPU
		{8E0253F0-A900-4B60-8A72-A5BAC5E85849}.Release|Any CPU.Deploy.0 = Release|Any CPU
		{8E0253F0-A900-4B60-8A72-A5BAC5E85849}.Release|iPhone.ActiveCfg = Release|Any CPU
		{8E0253F0-A900-4B60-8A72-A5BAC5E85849}.Release|iPhone.Build.0 = Release|Any CPU
		{8E0253F0-A900-4B60-8A72-A5BAC5E85849}.Release|iPhone.Deploy.0 = Release|Any CPU
		{8E0253F0-A900-4B60-8A72-A5BAC5E85849}.Release|iPhoneSimulator.ActiveCfg = Release|Any CPU
		{8E0253F0-A900-4B60-8A72-A5BAC5E85849}.Release|iPhoneSimulator.Build.0 = Release|Any CPU
		{8E0253F0-A900-4B60-8A72-A5BAC5E85849}.Release|iPhoneSimulator.Deploy.0 = Release|Any CPU
		{3AF3ABCE-FB04-493A-B266-3703495A52E5}.Debug|Any CPU.ActiveCfg = Debug|iPhoneSimulator
		{3AF3ABCE-FB04-493A-B266-3703495A52E5}.Debug|Any CPU.Build.0 = Debug|iPhoneSimulator
		{3AF3ABCE-FB04-493A-B266-3703495A52E5}.Debug|Any CPU.Deploy.0 = Debug|iPhoneSimulator
		{3AF3ABCE-FB04-493A-B266-3703495A52E5}.Debug|iPhone.ActiveCfg = Debug|iPhone
		{3AF3ABCE-FB04-493A-B266-3703495A52E5}.Debug|iPhone.Build.0 = Debug|iPhone
		{3AF3ABCE-FB04-493A-B266-3703495A52E5}.Debug|iPhone.Deploy.0 = Debug|iPhone
		{3AF3ABCE-FB04-493A-B266-3703495A52E5}.Debug|iPhoneSimulator.ActiveCfg = Debug|iPhoneSimulator
		{3AF3ABCE-FB04-493A-B266-3703495A52E5}.Debug|iPhoneSimulator.Build.0 = Debug|iPhoneSimulator
		{3AF3ABCE-FB04-493A-B266-3703495A52E5}.Debug|iPhoneSimulator.Deploy.0 = Debug|iPhoneSimulator
		{3AF3ABCE-FB04-493A-B266-3703495A52E5}.Release|Any CPU.ActiveCfg = Release|iPhone
		{3AF3ABCE-FB04-493A-B266-3703495A52E5}.Release|Any CPU.Build.0 = Release|iPhone
		{3AF3ABCE-FB04-493A-B266-3703495A52E5}.Release|Any CPU.Deploy.0 = Release|iPhone
		{3AF3ABCE-FB04-493A-B266-3703495A52E5}.Release|iPhone.ActiveCfg = Release|iPhone
		{3AF3ABCE-FB04-493A-B266-3703495A52E5}.Release|iPhone.Build.0 = Release|iPhone
		{3AF3ABCE-FB04-493A-B266-3703495A52E5}.Release|iPhone.Deploy.0 = Release|iPhone
		{3AF3ABCE-FB04-493A-B266-3703495A52E5}.Release|iPhoneSimulator.ActiveCfg = Release|iPhoneSimulator
		{3AF3ABCE-FB04-493A-B266-3703495A52E5}.Release|iPhoneSimulator.Build.0 = Release|iPhoneSimulator
		{3AF3ABCE-FB04-493A-B266-3703495A52E5}.Release|iPhoneSimulator.Deploy.0 = Release|iPhoneSimulator
		{6898C3BC-1289-40FF-ADBE-0B9C8055C71A}.Debug|Any CPU.ActiveCfg = Debug|Any CPU
		{6898C3BC-1289-40FF-ADBE-0B9C8055C71A}.Debug|Any CPU.Build.0 = Debug|Any CPU
		{6898C3BC-1289-40FF-ADBE-0B9C8055C71A}.Debug|Any CPU.Deploy.0 = Debug|Any CPU
		{6898C3BC-1289-40FF-ADBE-0B9C8055C71A}.Debug|iPhone.ActiveCfg = Debug|Any CPU
		{6898C3BC-1289-40FF-ADBE-0B9C8055C71A}.Debug|iPhone.Build.0 = Debug|Any CPU
		{6898C3BC-1289-40FF-ADBE-0B9C8055C71A}.Debug|iPhone.Deploy.0 = Debug|Any CPU
		{6898C3BC-1289-40FF-ADBE-0B9C8055C71A}.Debug|iPhoneSimulator.ActiveCfg = Debug|Any CPU
		{6898C3BC-1289-40FF-ADBE-0B9C8055C71A}.Debug|iPhoneSimulator.Build.0 = Debug|Any CPU
		{6898C3BC-1289-40FF-ADBE-0B9C8055C71A}.Debug|iPhoneSimulator.Deploy.0 = Debug|Any CPU
		{6898C3BC-1289-40FF-ADBE-0B9C8055C71A}.Release|Any CPU.ActiveCfg = Release|Any CPU
		{6898C3BC-1289-40FF-ADBE-0B9C8055C71A}.Release|Any CPU.Build.0 = Release|Any CPU
		{6898C3BC-1289-40FF-ADBE-0B9C8055C71A}.Release|Any CPU.Deploy.0 = Release|Any CPU
		{6898C3BC-1289-40FF-ADBE-0B9C8055C71A}.Release|iPhone.ActiveCfg = Release|Any CPU
		{6898C3BC-1289-40FF-ADBE-0B9C8055C71A}.Release|iPhone.Build.0 = Release|Any CPU
		{6898C3BC-1289-40FF-ADBE-0B9C8055C71A}.Release|iPhone.Deploy.0 = Release|Any CPU
		{6898C3BC-1289-40FF-ADBE-0B9C8055C71A}.Release|iPhoneSimulator.ActiveCfg = Release|Any CPU
		{6898C3BC-1289-40FF-ADBE-0B9C8055C71A}.Release|iPhoneSimulator.Build.0 = Release|Any CPU
		{6898C3BC-1289-40FF-ADBE-0B9C8055C71A}.Release|iPhoneSimulator.Deploy.0 = Release|Any CPU
	EndGlobalSection
	GlobalSection(SolutionProperties) = preSolution
		HideSolutionNode = FALSE
	EndGlobalSection
	GlobalSection(ExtensibilityGlobals) = postSolution
		SolutionGuid = {4DC1B689-90CA-40B9-9D9D-05D70A945062}
	EndGlobalSection
EndGlobal
