
Microsoft Visual Studio Solution File, Format Version 12.00
# Visual Studio 15
VisualStudioVersion = 15.0.27703.2000
MinimumVisualStudioVersion = 10.0.40219.1
Project("{FAE04EC0-301F-11D3-BF4B-00C04F79EFBC}") = "LayoutDemo.Android", "LayoutDemo\LayoutDemo.Android\LayoutDemo.Android.csproj", "{EFCA7EC4-1637-4C46-9B88-0FC281E99728}"
EndProject
Project("{FAE04EC0-301F-11D3-BF4B-00C04F79EFBC}") = "LayoutDemo.iOS", "LayoutDemo\LayoutDemo.iOS\LayoutDemo.iOS.csproj", "{01360F7C-074C-4493-A5A2-293F6ACC800E}"
EndProject
Project("{FAE04EC0-301F-11D3-BF4B-00C04F79EFBC}") = "LayoutDemo", "LayoutDemo\LayoutDemo\LayoutDemo.csproj", "{10F8284D-75F9-4416-BC7A-9962392F6656}"
EndProject
Global
	GlobalSection(SolutionConfigurationPlatforms) = preSolution
		Ad-Hoc|Any CPU = Ad-Hoc|Any CPU
		Ad-Hoc|iPhone = Ad-Hoc|iPhone
		Ad-Hoc|iPhoneSimulator = Ad-Hoc|iPhoneSimulator
		AppStore|Any CPU = AppStore|Any CPU
		AppStore|iPhone = AppStore|iPhone
		AppStore|iPhoneSimulator = AppStore|iPhoneSimulator
		Debug|Any CPU = Debug|Any CPU
		Debug|iPhone = Debug|iPhone
		Debug|iPhoneSimulator = Debug|iPhoneSimulator
		Release|Any CPU = Release|Any CPU
		Release|iPhone = Release|iPhone
		Release|iPhoneSimulator = Release|iPhoneSimulator
	EndGlobalSection
	GlobalSection(ProjectConfigurationPlatforms) = postSolution
		{EFCA7EC4-1637-4C46-9B88-0FC281E99728}.Ad-Hoc|Any CPU.ActiveCfg = Release|Any CPU
		{EFCA7EC4-1637-4C46-9B88-0FC281E99728}.Ad-Hoc|Any CPU.Build.0 = Release|Any CPU
		{EFCA7EC4-1637-4C46-9B88-0FC281E99728}.Ad-Hoc|Any CPU.Deploy.0 = Release|Any CPU
		{EFCA7EC4-1637-4C46-9B88-0FC281E99728}.Ad-Hoc|iPhone.ActiveCfg = Release|Any CPU
		{EFCA7EC4-1637-4C46-9B88-0FC281E99728}.Ad-Hoc|iPhone.Build.0 = Release|Any CPU
		{EFCA7EC4-1637-4C46-9B88-0FC281E99728}.Ad-Hoc|iPhone.Deploy.0 = Release|Any CPU
		{EFCA7EC4-1637-4C46-9B88-0FC281E99728}.Ad-Hoc|iPhoneSimulator.ActiveCfg = Release|Any CPU
		{EFCA7EC4-1637-4C46-9B88-0FC281E99728}.Ad-Hoc|iPhoneSimulator.Build.0 = Release|Any CPU
		{EFCA7EC4-1637-4C46-9B88-0FC281E99728}.Ad-Hoc|iPhoneSimulator.Deploy.0 = Release|Any CPU
		{EFCA7EC4-1637-4C46-9B88-0FC281E99728}.AppStore|Any CPU.ActiveCfg = Release|Any CPU
		{EFCA7EC4-1637-4C46-9B88-0FC281E99728}.AppStore|Any CPU.Build.0 = Release|Any CPU
		{EFCA7EC4-1637-4C46-9B88-0FC281E99728}.AppStore|Any CPU.Deploy.0 = Release|Any CPU
		{EFCA7EC4-1637-4C46-9B88-0FC281E99728}.AppStore|iPhone.ActiveCfg = Release|Any CPU
		{EFCA7EC4-1637-4C46-9B88-0FC281E99728}.AppStore|iPhone.Build.0 = Release|Any CPU
		{EFCA7EC4-1637-4C46-9B88-0FC281E99728}.AppStore|iPhone.Deploy.0 = Release|Any CPU
		{EFCA7EC4-1637-4C46-9B88-0FC281E99728}.AppStore|iPhoneSimulator.ActiveCfg = Release|Any CPU
		{EFCA7EC4-1637-4C46-9B88-0FC281E99728}.AppStore|iPhoneSimulator.Build.0 = Release|Any CPU
		{EFCA7EC4-1637-4C46-9B88-0FC281E99728}.AppStore|iPhoneSimulator.Deploy.0 = Release|Any CPU
		{EFCA7EC4-1637-4C46-9B88-0FC281E99728}.Debug|Any CPU.ActiveCfg = Debug|Any CPU
		{EFCA7EC4-1637-4C46-9B88-0FC281E99728}.Debug|Any CPU.Build.0 = Debug|Any CPU
		{EFCA7EC4-1637-4C46-9B88-0FC281E99728}.Debug|Any CPU.Deploy.0 = Debug|Any CPU
		{EFCA7EC4-1637-4C46-9B88-0FC281E99728}.Debug|iPhone.ActiveCfg = Debug|Any CPU
		{EFCA7EC4-1637-4C46-9B88-0FC281E99728}.Debug|iPhone.Build.0 = Debug|Any CPU
		{EFCA7EC4-1637-4C46-9B88-0FC281E99728}.Debug|iPhone.Deploy.0 = Debug|Any CPU
		{EFCA7EC4-1637-4C46-9B88-0FC281E99728}.Debug|iPhoneSimulator.ActiveCfg = Debug|Any CPU
		{EFCA7EC4-1637-4C46-9B88-0FC281E99728}.Debug|iPhoneSimulator.Build.0 = Debug|Any CPU
		{EFCA7EC4-1637-4C46-9B88-0FC281E99728}.Debug|iPhoneSimulator.Deploy.0 = Debug|Any CPU
		{EFCA7EC4-1637-4C46-9B88-0FC281E99728}.Release|Any CPU.ActiveCfg = Release|Any CPU
		{EFCA7EC4-1637-4C46-9B88-0FC281E99728}.Release|Any CPU.Build.0 = Release|Any CPU
		{EFCA7EC4-1637-4C46-9B88-0FC281E99728}.Release|Any CPU.Deploy.0 = Release|Any CPU
		{EFCA7EC4-1637-4C46-9B88-0FC281E99728}.Release|iPhone.ActiveCfg = Release|Any CPU
		{EFCA7EC4-1637-4C46-9B88-0FC281E99728}.Release|iPhone.Build.0 = Release|Any CPU
		{EFCA7EC4-1637-4C46-9B88-0FC281E99728}.Release|iPhone.Deploy.0 = Release|Any CPU
		{EFCA7EC4-1637-4C46-9B88-0FC281E99728}.Release|iPhoneSimulator.ActiveCfg = Release|Any CPU
		{EFCA7EC4-1637-4C46-9B88-0FC281E99728}.Release|iPhoneSimulator.Build.0 = Release|Any CPU
		{EFCA7EC4-1637-4C46-9B88-0FC281E99728}.Release|iPhoneSimulator.Deploy.0 = Release|Any CPU
		{01360F7C-074C-4493-A5A2-293F6ACC800E}.Ad-Hoc|Any CPU.ActiveCfg = Ad-Hoc|iPhone
		{01360F7C-074C-4493-A5A2-293F6ACC800E}.Ad-Hoc|Any CPU.Build.0 = Ad-Hoc|iPhone
		{01360F7C-074C-4493-A5A2-293F6ACC800E}.Ad-Hoc|Any CPU.Deploy.0 = Ad-Hoc|iPhone
		{01360F7C-074C-4493-A5A2-293F6ACC800E}.Ad-Hoc|iPhone.ActiveCfg = Ad-Hoc|iPhone
		{01360F7C-074C-4493-A5A2-293F6ACC800E}.Ad-Hoc|iPhone.Build.0 = Ad-Hoc|iPhone
		{01360F7C-074C-4493-A5A2-293F6ACC800E}.Ad-Hoc|iPhone.Deploy.0 = Ad-Hoc|iPhone
		{01360F7C-074C-4493-A5A2-293F6ACC800E}.Ad-Hoc|iPhoneSimulator.ActiveCfg = Ad-Hoc|iPhoneSimulator
		{01360F7C-074C-4493-A5A2-293F6ACC800E}.Ad-Hoc|iPhoneSimulator.Build.0 = Ad-Hoc|iPhoneSimulator
		{01360F7C-074C-4493-A5A2-293F6ACC800E}.Ad-Hoc|iPhoneSimulator.Deploy.0 = Ad-Hoc|iPhoneSimulator
		{01360F7C-074C-4493-A5A2-293F6ACC800E}.AppStore|Any CPU.ActiveCfg = AppStore|iPhone
		{01360F7C-074C-4493-A5A2-293F6ACC800E}.AppStore|Any CPU.Build.0 = AppStore|iPhone
		{01360F7C-074C-4493-A5A2-293F6ACC800E}.AppStore|Any CPU.Deploy.0 = AppStore|iPhone
		{01360F7C-074C-4493-A5A2-293F6ACC800E}.AppStore|iPhone.ActiveCfg = AppStore|iPhone
		{01360F7C-074C-4493-A5A2-293F6ACC800E}.AppStore|iPhone.Build.0 = AppStore|iPhone
		{01360F7C-074C-4493-A5A2-293F6ACC800E}.AppStore|iPhone.Deploy.0 = AppStore|iPhone
		{01360F7C-074C-4493-A5A2-293F6ACC800E}.AppStore|iPhoneSimulator.ActiveCfg = AppStore|iPhoneSimulator
		{01360F7C-074C-4493-A5A2-293F6ACC800E}.AppStore|iPhoneSimulator.Build.0 = AppStore|iPhoneSimulator
		{01360F7C-074C-4493-A5A2-293F6ACC800E}.AppStore|iPhoneSimulator.Deploy.0 = AppStore|iPhoneSimulator
		{01360F7C-074C-4493-A5A2-293F6ACC800E}.Debug|Any CPU.ActiveCfg = Debug|iPhoneSimulator
		{01360F7C-074C-4493-A5A2-293F6ACC800E}.Debug|Any CPU.Build.0 = Debug|iPhoneSimulator
		{01360F7C-074C-4493-A5A2-293F6ACC800E}.Debug|Any CPU.Deploy.0 = Debug|iPhoneSimulator
		{01360F7C-074C-4493-A5A2-293F6ACC800E}.Debug|iPhone.ActiveCfg = Debug|iPhone
		{01360F7C-074C-4493-A5A2-293F6ACC800E}.Debug|iPhone.Build.0 = Debug|iPhone
		{01360F7C-074C-4493-A5A2-293F6ACC800E}.Debug|iPhone.Deploy.0 = Debug|iPhone
		{01360F7C-074C-4493-A5A2-293F6ACC800E}.Debug|iPhoneSimulator.ActiveCfg = Debug|iPhoneSimulator
		{01360F7C-074C-4493-A5A2-293F6ACC800E}.Debug|iPhoneSimulator.Build.0 = Debug|iPhoneSimulator
		{01360F7C-074C-4493-A5A2-293F6ACC800E}.Debug|iPhoneSimulator.Deploy.0 = Debug|iPhoneSimulator
		{01360F7C-074C-4493-A5A2-293F6ACC800E}.Release|Any CPU.ActiveCfg = Release|iPhone
		{01360F7C-074C-4493-A5A2-293F6ACC800E}.Release|Any CPU.Build.0 = Release|iPhone
		{01360F7C-074C-4493-A5A2-293F6ACC800E}.Release|Any CPU.Deploy.0 = Release|iPhone
		{01360F7C-074C-4493-A5A2-293F6ACC800E}.Release|iPhone.ActiveCfg = Release|iPhone
		{01360F7C-074C-4493-A5A2-293F6ACC800E}.Release|iPhone.Build.0 = Release|iPhone
		{01360F7C-074C-4493-A5A2-293F6ACC800E}.Release|iPhone.Deploy.0 = Release|iPhone
		{01360F7C-074C-4493-A5A2-293F6ACC800E}.Release|iPhoneSimulator.ActiveCfg = Release|iPhoneSimulator
		{01360F7C-074C-4493-A5A2-293F6ACC800E}.Release|iPhoneSimulator.Build.0 = Release|iPhoneSimulator
		{01360F7C-074C-4493-A5A2-293F6ACC800E}.Release|iPhoneSimulator.Deploy.0 = Release|iPhoneSimulator
		{10F8284D-75F9-4416-BC7A-9962392F6656}.Ad-Hoc|Any CPU.ActiveCfg = Debug|Any CPU
		{10F8284D-75F9-4416-BC7A-9962392F6656}.Ad-Hoc|Any CPU.Build.0 = Debug|Any CPU
		{10F8284D-75F9-4416-BC7A-9962392F6656}.Ad-Hoc|Any CPU.Deploy.0 = Debug|Any CPU
		{10F8284D-75F9-4416-BC7A-9962392F6656}.Ad-Hoc|iPhone.ActiveCfg = Debug|Any CPU
		{10F8284D-75F9-4416-BC7A-9962392F6656}.Ad-Hoc|iPhone.Build.0 = Debug|Any CPU
		{10F8284D-75F9-4416-BC7A-9962392F6656}.Ad-Hoc|iPhone.Deploy.0 = Debug|Any CPU
		{10F8284D-75F9-4416-BC7A-9962392F6656}.Ad-Hoc|iPhoneSimulator.ActiveCfg = Debug|Any CPU
		{10F8284D-75F9-4416-BC7A-9962392F6656}.Ad-Hoc|iPhoneSimulator.Build.0 = Debug|Any CPU
		{10F8284D-75F9-4416-BC7A-9962392F6656}.Ad-Hoc|iPhoneSimulator.Deploy.0 = Debug|Any CPU
		{10F8284D-75F9-4416-BC7A-9962392F6656}.AppStore|Any CPU.ActiveCfg = Debug|Any CPU
		{10F8284D-75F9-4416-BC7A-9962392F6656}.AppStore|Any CPU.Build.0 = Debug|Any CPU
		{10F8284D-75F9-4416-BC7A-9962392F6656}.AppStore|Any CPU.Deploy.0 = Debug|Any CPU
		{10F8284D-75F9-4416-BC7A-9962392F6656}.AppStore|iPhone.ActiveCfg = Debug|Any CPU
		{10F8284D-75F9-4416-BC7A-9962392F6656}.AppStore|iPhone.Build.0 = Debug|Any CPU
		{10F8284D-75F9-4416-BC7A-9962392F6656}.AppStore|iPhone.Deploy.0 = Debug|Any CPU
		{10F8284D-75F9-4416-BC7A-9962392F6656}.AppStore|iPhoneSimulator.ActiveCfg = Debug|Any CPU
		{10F8284D-75F9-4416-BC7A-9962392F6656}.AppStore|iPhoneSimulator.Build.0 = Debug|Any CPU
		{10F8284D-75F9-4416-BC7A-9962392F6656}.AppStore|iPhoneSimulator.Deploy.0 = Debug|Any CPU
		{10F8284D-75F9-4416-BC7A-9962392F6656}.Debug|Any CPU.ActiveCfg = Debug|Any CPU
		{10F8284D-75F9-4416-BC7A-9962392F6656}.Debug|Any CPU.Build.0 = Debug|Any CPU
		{10F8284D-75F9-4416-BC7A-9962392F6656}.Debug|Any CPU.Deploy.0 = Debug|Any CPU
		{10F8284D-75F9-4416-BC7A-9962392F6656}.Debug|iPhone.ActiveCfg = Debug|Any CPU
		{10F8284D-75F9-4416-BC7A-9962392F6656}.Debug|iPhone.Build.0 = Debug|Any CPU
		{10F8284D-75F9-4416-BC7A-9962392F6656}.Debug|iPhone.Deploy.0 = Debug|Any CPU
		{10F8284D-75F9-4416-BC7A-9962392F6656}.Debug|iPhoneSimulator.ActiveCfg = Debug|Any CPU
		{10F8284D-75F9-4416-BC7A-9962392F6656}.Debug|iPhoneSimulator.Build.0 = Debug|Any CPU
		{10F8284D-75F9-4416-BC7A-9962392F6656}.Debug|iPhoneSimulator.Deploy.0 = Debug|Any CPU
		{10F8284D-75F9-4416-BC7A-9962392F6656}.Release|Any CPU.ActiveCfg = Release|Any CPU
		{10F8284D-75F9-4416-BC7A-9962392F6656}.Release|Any CPU.Build.0 = Release|Any CPU
		{10F8284D-75F9-4416-BC7A-9962392F6656}.Release|Any CPU.Deploy.0 = Release|Any CPU
		{10F8284D-75F9-4416-BC7A-9962392F6656}.Release|iPhone.ActiveCfg = Release|Any CPU
		{10F8284D-75F9-4416-BC7A-9962392F6656}.Release|iPhone.Build.0 = Release|Any CPU
		{10F8284D-75F9-4416-BC7A-9962392F6656}.Release|iPhone.Deploy.0 = Release|Any CPU
		{10F8284D-75F9-4416-BC7A-9962392F6656}.Release|iPhoneSimulator.ActiveCfg = Release|Any CPU
		{10F8284D-75F9-4416-BC7A-9962392F6656}.Release|iPhoneSimulator.Build.0 = Release|Any CPU
		{10F8284D-75F9-4416-BC7A-9962392F6656}.Release|iPhoneSimulator.Deploy.0 = Release|Any CPU
	EndGlobalSection
	GlobalSection(SolutionProperties) = preSolution
		HideSolutionNode = FALSE
	EndGlobalSection
	GlobalSection(ExtensibilityGlobals) = postSolution
		SolutionGuid = {7063A1FC-7F8B-46F5-BB7E-783CF48A2FA4}
	EndGlobalSection
EndGlobal
