
Microsoft Visual Studio Solution File, Format Version 12.00
# Visual Studio 15
VisualStudioVersion = 15.0.27703.2000
MinimumVisualStudioVersion = 10.0.40219.1
Project("{FAE04EC0-301F-11D3-BF4B-00C04F79EFBC}") = "StylesDemo.Android", "StylesDemo\StylesDemo.Android\StylesDemo.Android.csproj", "{76343485-EACC-4A02-BB9D-E4D7ED6800AF}"
EndProject
Project("{FAE04EC0-301F-11D3-BF4B-00C04F79EFBC}") = "StylesDemo.iOS", "StylesDemo\StylesDemo.iOS\StylesDemo.iOS.csproj", "{B558EEA7-FE2C-41FE-AFDE-5A5F6FA110F9}"
EndProject
Project("{FAE04EC0-301F-11D3-BF4B-00C04F79EFBC}") = "StylesDemo", "StylesDemo\StylesDemo\StylesDemo.csproj", "{602674D1-EEDF-459A-96D7-95615E3AB420}"
EndProject
Global
	GlobalSection(SolutionConfigurationPlatforms) = preSolution
		Ad-Hoc|Any CPU = Ad-Hoc|Any CPU
		Ad-Hoc|iPhone = Ad-Hoc|iPhone
		Ad-Hoc|iPhoneSimulator = Ad-Hoc|iPhoneSimulator
		AppStore|Any CPU = AppStore|Any CPU
		AppStore|iPhone = AppStore|iPhone
		AppStore|iPhoneSimulator = AppStore|iPhoneSimulator
		Debug|Any CPU = Debug|Any CPU
		Debug|iPhone = Debug|iPhone
		Debug|iPhoneSimulator = Debug|iPhoneSimulator
		Release|Any CPU = Release|Any CPU
		Release|iPhone = Release|iPhone
		Release|iPhoneSimulator = Release|iPhoneSimulator
	EndGlobalSection
	GlobalSection(ProjectConfigurationPlatforms) = postSolution
		{76343485-EACC-4A02-BB9D-E4D7ED6800AF}.Ad-Hoc|Any CPU.ActiveCfg = Release|Any CPU
		{76343485-EACC-4A02-BB9D-E4D7ED6800AF}.Ad-Hoc|Any CPU.Build.0 = Release|Any CPU
		{76343485-EACC-4A02-BB9D-E4D7ED6800AF}.Ad-Hoc|Any CPU.Deploy.0 = Release|Any CPU
		{76343485-EACC-4A02-BB9D-E4D7ED6800AF}.Ad-Hoc|iPhone.ActiveCfg = Release|Any CPU
		{76343485-EACC-4A02-BB9D-E4D7ED6800AF}.Ad-Hoc|iPhone.Build.0 = Release|Any CPU
		{76343485-EACC-4A02-BB9D-E4D7ED6800AF}.Ad-Hoc|iPhone.Deploy.0 = Release|Any CPU
		{76343485-EACC-4A02-BB9D-E4D7ED6800AF}.Ad-Hoc|iPhoneSimulator.ActiveCfg = Release|Any CPU
		{76343485-EACC-4A02-BB9D-E4D7ED6800AF}.Ad-Hoc|iPhoneSimulator.Build.0 = Release|Any CPU
		{76343485-EACC-4A02-BB9D-E4D7ED6800AF}.Ad-Hoc|iPhoneSimulator.Deploy.0 = Release|Any CPU
		{76343485-EACC-4A02-BB9D-E4D7ED6800AF}.AppStore|Any CPU.ActiveCfg = Release|Any CPU
		{76343485-EACC-4A02-BB9D-E4D7ED6800AF}.AppStore|Any CPU.Build.0 = Release|Any CPU
		{76343485-EACC-4A02-BB9D-E4D7ED6800AF}.AppStore|Any CPU.Deploy.0 = Release|Any CPU
		{76343485-EACC-4A02-BB9D-E4D7ED6800AF}.AppStore|iPhone.ActiveCfg = Release|Any CPU
		{76343485-EACC-4A02-BB9D-E4D7ED6800AF}.AppStore|iPhone.Build.0 = Release|Any CPU
		{76343485-EACC-4A02-BB9D-E4D7ED6800AF}.AppStore|iPhone.Deploy.0 = Release|Any CPU
		{76343485-EACC-4A02-BB9D-E4D7ED6800AF}.AppStore|iPhoneSimulator.ActiveCfg = Release|Any CPU
		{76343485-EACC-4A02-BB9D-E4D7ED6800AF}.AppStore|iPhoneSimulator.Build.0 = Release|Any CPU
		{76343485-EACC-4A02-BB9D-E4D7ED6800AF}.AppStore|iPhoneSimulator.Deploy.0 = Release|Any CPU
		{76343485-EACC-4A02-BB9D-E4D7ED6800AF}.Debug|Any CPU.ActiveCfg = Debug|Any CPU
		{76343485-EACC-4A02-BB9D-E4D7ED6800AF}.Debug|Any CPU.Build.0 = Debug|Any CPU
		{76343485-EACC-4A02-BB9D-E4D7ED6800AF}.Debug|Any CPU.Deploy.0 = Debug|Any CPU
		{76343485-EACC-4A02-BB9D-E4D7ED6800AF}.Debug|iPhone.ActiveCfg = Debug|Any CPU
		{76343485-EACC-4A02-BB9D-E4D7ED6800AF}.Debug|iPhone.Build.0 = Debug|Any CPU
		{76343485-EACC-4A02-BB9D-E4D7ED6800AF}.Debug|iPhone.Deploy.0 = Debug|Any CPU
		{76343485-EACC-4A02-BB9D-E4D7ED6800AF}.Debug|iPhoneSimulator.ActiveCfg = Debug|Any CPU
		{76343485-EACC-4A02-BB9D-E4D7ED6800AF}.Debug|iPhoneSimulator.Build.0 = Debug|Any CPU
		{76343485-EACC-4A02-BB9D-E4D7ED6800AF}.Debug|iPhoneSimulator.Deploy.0 = Debug|Any CPU
		{76343485-EACC-4A02-BB9D-E4D7ED6800AF}.Release|Any CPU.ActiveCfg = Release|Any CPU
		{76343485-EACC-4A02-BB9D-E4D7ED6800AF}.Release|Any CPU.Build.0 = Release|Any CPU
		{76343485-EACC-4A02-BB9D-E4D7ED6800AF}.Release|Any CPU.Deploy.0 = Release|Any CPU
		{76343485-EACC-4A02-BB9D-E4D7ED6800AF}.Release|iPhone.ActiveCfg = Release|Any CPU
		{76343485-EACC-4A02-BB9D-E4D7ED6800AF}.Release|iPhone.Build.0 = Release|Any CPU
		{76343485-EACC-4A02-BB9D-E4D7ED6800AF}.Release|iPhone.Deploy.0 = Release|Any CPU
		{76343485-EACC-4A02-BB9D-E4D7ED6800AF}.Release|iPhoneSimulator.ActiveCfg = Release|Any CPU
		{76343485-EACC-4A02-BB9D-E4D7ED6800AF}.Release|iPhoneSimulator.Build.0 = Release|Any CPU
		{76343485-EACC-4A02-BB9D-E4D7ED6800AF}.Release|iPhoneSimulator.Deploy.0 = Release|Any CPU
		{B558EEA7-FE2C-41FE-AFDE-5A5F6FA110F9}.Ad-Hoc|Any CPU.ActiveCfg = Ad-Hoc|iPhone
		{B558EEA7-FE2C-41FE-AFDE-5A5F6FA110F9}.Ad-Hoc|Any CPU.Build.0 = Ad-Hoc|iPhone
		{B558EEA7-FE2C-41FE-AFDE-5A5F6FA110F9}.Ad-Hoc|Any CPU.Deploy.0 = Ad-Hoc|iPhone
		{B558EEA7-FE2C-41FE-AFDE-5A5F6FA110F9}.Ad-Hoc|iPhone.ActiveCfg = Ad-Hoc|iPhone
		{B558EEA7-FE2C-41FE-AFDE-5A5F6FA110F9}.Ad-Hoc|iPhone.Build.0 = Ad-Hoc|iPhone
		{B558EEA7-FE2C-41FE-AFDE-5A5F6FA110F9}.Ad-Hoc|iPhone.Deploy.0 = Ad-Hoc|iPhone
		{B558EEA7-FE2C-41FE-AFDE-5A5F6FA110F9}.Ad-Hoc|iPhoneSimulator.ActiveCfg = Ad-Hoc|iPhoneSimulator
		{B558EEA7-FE2C-41FE-AFDE-5A5F6FA110F9}.Ad-Hoc|iPhoneSimulator.Build.0 = Ad-Hoc|iPhoneSimulator
		{B558EEA7-FE2C-41FE-AFDE-5A5F6FA110F9}.Ad-Hoc|iPhoneSimulator.Deploy.0 = Ad-Hoc|iPhoneSimulator
		{B558EEA7-FE2C-41FE-AFDE-5A5F6FA110F9}.AppStore|Any CPU.ActiveCfg = AppStore|iPhone
		{B558EEA7-FE2C-41FE-AFDE-5A5F6FA110F9}.AppStore|Any CPU.Build.0 = AppStore|iPhone
		{B558EEA7-FE2C-41FE-AFDE-5A5F6FA110F9}.AppStore|Any CPU.Deploy.0 = AppStore|iPhone
		{B558EEA7-FE2C-41FE-AFDE-5A5F6FA110F9}.AppStore|iPhone.ActiveCfg = AppStore|iPhone
		{B558EEA7-FE2C-41FE-AFDE-5A5F6FA110F9}.AppStore|iPhone.Build.0 = AppStore|iPhone
		{B558EEA7-FE2C-41FE-AFDE-5A5F6FA110F9}.AppStore|iPhone.Deploy.0 = AppStore|iPhone
		{B558EEA7-FE2C-41FE-AFDE-5A5F6FA110F9}.AppStore|iPhoneSimulator.ActiveCfg = AppStore|iPhoneSimulator
		{B558EEA7-FE2C-41FE-AFDE-5A5F6FA110F9}.AppStore|iPhoneSimulator.Build.0 = AppStore|iPhoneSimulator
		{B558EEA7-FE2C-41FE-AFDE-5A5F6FA110F9}.AppStore|iPhoneSimulator.Deploy.0 = AppStore|iPhoneSimulator
		{B558EEA7-FE2C-41FE-AFDE-5A5F6FA110F9}.Debug|Any CPU.ActiveCfg = Debug|iPhoneSimulator
		{B558EEA7-FE2C-41FE-AFDE-5A5F6FA110F9}.Debug|Any CPU.Build.0 = Debug|iPhoneSimulator
		{B558EEA7-FE2C-41FE-AFDE-5A5F6FA110F9}.Debug|Any CPU.Deploy.0 = Debug|iPhoneSimulator
		{B558EEA7-FE2C-41FE-AFDE-5A5F6FA110F9}.Debug|iPhone.ActiveCfg = Debug|iPhone
		{B558EEA7-FE2C-41FE-AFDE-5A5F6FA110F9}.Debug|iPhone.Build.0 = Debug|iPhone
		{B558EEA7-FE2C-41FE-AFDE-5A5F6FA110F9}.Debug|iPhone.Deploy.0 = Debug|iPhone
		{B558EEA7-FE2C-41FE-AFDE-5A5F6FA110F9}.Debug|iPhoneSimulator.ActiveCfg = Debug|iPhoneSimulator
		{B558EEA7-FE2C-41FE-AFDE-5A5F6FA110F9}.Debug|iPhoneSimulator.Build.0 = Debug|iPhoneSimulator
		{B558EEA7-FE2C-41FE-AFDE-5A5F6FA110F9}.Debug|iPhoneSimulator.Deploy.0 = Debug|iPhoneSimulator
		{B558EEA7-FE2C-41FE-AFDE-5A5F6FA110F9}.Release|Any CPU.ActiveCfg = Release|iPhone
		{B558EEA7-FE2C-41FE-AFDE-5A5F6FA110F9}.Release|Any CPU.Build.0 = Release|iPhone
		{B558EEA7-FE2C-41FE-AFDE-5A5F6FA110F9}.Release|Any CPU.Deploy.0 = Release|iPhone
		{B558EEA7-FE2C-41FE-AFDE-5A5F6FA110F9}.Release|iPhone.ActiveCfg = Release|iPhone
		{B558EEA7-FE2C-41FE-AFDE-5A5F6FA110F9}.Release|iPhone.Build.0 = Release|iPhone
		{B558EEA7-FE2C-41FE-AFDE-5A5F6FA110F9}.Release|iPhone.Deploy.0 = Release|iPhone
		{B558EEA7-FE2C-41FE-AFDE-5A5F6FA110F9}.Release|iPhoneSimulator.ActiveCfg = Release|iPhoneSimulator
		{B558EEA7-FE2C-41FE-AFDE-5A5F6FA110F9}.Release|iPhoneSimulator.Build.0 = Release|iPhoneSimulator
		{B558EEA7-FE2C-41FE-AFDE-5A5F6FA110F9}.Release|iPhoneSimulator.Deploy.0 = Release|iPhoneSimulator
		{602674D1-EEDF-459A-96D7-95615E3AB420}.Ad-Hoc|Any CPU.ActiveCfg = Debug|Any CPU
		{602674D1-EEDF-459A-96D7-95615E3AB420}.Ad-Hoc|Any CPU.Build.0 = Debug|Any CPU
		{602674D1-EEDF-459A-96D7-95615E3AB420}.Ad-Hoc|Any CPU.Deploy.0 = Debug|Any CPU
		{602674D1-EEDF-459A-96D7-95615E3AB420}.Ad-Hoc|iPhone.ActiveCfg = Debug|Any CPU
		{602674D1-EEDF-459A-96D7-95615E3AB420}.Ad-Hoc|iPhone.Build.0 = Debug|Any CPU
		{602674D1-EEDF-459A-96D7-95615E3AB420}.Ad-Hoc|iPhone.Deploy.0 = Debug|Any CPU
		{602674D1-EEDF-459A-96D7-95615E3AB420}.Ad-Hoc|iPhoneSimulator.ActiveCfg = Debug|Any CPU
		{602674D1-EEDF-459A-96D7-95615E3AB420}.Ad-Hoc|iPhoneSimulator.Build.0 = Debug|Any CPU
		{602674D1-EEDF-459A-96D7-95615E3AB420}.Ad-Hoc|iPhoneSimulator.Deploy.0 = Debug|Any CPU
		{602674D1-EEDF-459A-96D7-95615E3AB420}.AppStore|Any CPU.ActiveCfg = Debug|Any CPU
		{602674D1-EEDF-459A-96D7-95615E3AB420}.AppStore|Any CPU.Build.0 = Debug|Any CPU
		{602674D1-EEDF-459A-96D7-95615E3AB420}.AppStore|Any CPU.Deploy.0 = Debug|Any CPU
		{602674D1-EEDF-459A-96D7-95615E3AB420}.AppStore|iPhone.ActiveCfg = Debug|Any CPU
		{602674D1-EEDF-459A-96D7-95615E3AB420}.AppStore|iPhone.Build.0 = Debug|Any CPU
		{602674D1-EEDF-459A-96D7-95615E3AB420}.AppStore|iPhone.Deploy.0 = Debug|Any CPU
		{602674D1-EEDF-459A-96D7-95615E3AB420}.AppStore|iPhoneSimulator.ActiveCfg = Debug|Any CPU
		{602674D1-EEDF-459A-96D7-95615E3AB420}.AppStore|iPhoneSimulator.Build.0 = Debug|Any CPU
		{602674D1-EEDF-459A-96D7-95615E3AB420}.AppStore|iPhoneSimulator.Deploy.0 = Debug|Any CPU
		{602674D1-EEDF-459A-96D7-95615E3AB420}.Debug|Any CPU.ActiveCfg = Debug|Any CPU
		{602674D1-EEDF-459A-96D7-95615E3AB420}.Debug|Any CPU.Build.0 = Debug|Any CPU
		{602674D1-EEDF-459A-96D7-95615E3AB420}.Debug|Any CPU.Deploy.0 = Debug|Any CPU
		{602674D1-EEDF-459A-96D7-95615E3AB420}.Debug|iPhone.ActiveCfg = Debug|Any CPU
		{602674D1-EEDF-459A-96D7-95615E3AB420}.Debug|iPhone.Build.0 = Debug|Any CPU
		{602674D1-EEDF-459A-96D7-95615E3AB420}.Debug|iPhone.Deploy.0 = Debug|Any CPU
		{602674D1-EEDF-459A-96D7-95615E3AB420}.Debug|iPhoneSimulator.ActiveCfg = Debug|Any CPU
		{602674D1-EEDF-459A-96D7-95615E3AB420}.Debug|iPhoneSimulator.Build.0 = Debug|Any CPU
		{602674D1-EEDF-459A-96D7-95615E3AB420}.Debug|iPhoneSimulator.Deploy.0 = Debug|Any CPU
		{602674D1-EEDF-459A-96D7-95615E3AB420}.Release|Any CPU.ActiveCfg = Release|Any CPU
		{602674D1-EEDF-459A-96D7-95615E3AB420}.Release|Any CPU.Build.0 = Release|Any CPU
		{602674D1-EEDF-459A-96D7-95615E3AB420}.Release|Any CPU.Deploy.0 = Release|Any CPU
		{602674D1-EEDF-459A-96D7-95615E3AB420}.Release|iPhone.ActiveCfg = Release|Any CPU
		{602674D1-EEDF-459A-96D7-95615E3AB420}.Release|iPhone.Build.0 = Release|Any CPU
		{602674D1-EEDF-459A-96D7-95615E3AB420}.Release|iPhone.Deploy.0 = Release|Any CPU
		{602674D1-EEDF-459A-96D7-95615E3AB420}.Release|iPhoneSimulator.ActiveCfg = Release|Any CPU
		{602674D1-EEDF-459A-96D7-95615E3AB420}.Release|iPhoneSimulator.Build.0 = Release|Any CPU
		{602674D1-EEDF-459A-96D7-95615E3AB420}.Release|iPhoneSimulator.Deploy.0 = Release|Any CPU
	EndGlobalSection
	GlobalSection(SolutionProperties) = preSolution
		HideSolutionNode = FALSE
	EndGlobalSection
	GlobalSection(ExtensibilityGlobals) = postSolution
		SolutionGuid = {1B397823-0351-42CC-AA88-F4C962A44F58}
	EndGlobalSection
EndGlobal
