
Microsoft Visual Studio Solution File, Format Version 12.00
# Visual Studio 15
VisualStudioVersion = 15.0.27703.2000
MinimumVisualStudioVersion = 10.0.40219.1
Project("{FAE04EC0-301F-11D3-BF4B-00C04F79EFBC}") = "RelativeLayoutPRactical.Android", "RelativeLayoutPRactical\RelativeLayoutPRactical.Android\RelativeLayoutPRactical.Android.csproj", "{24B954B0-15A7-47AD-89DC-C025735F7BEE}"
EndProject
Project("{FAE04EC0-301F-11D3-BF4B-00C04F79EFBC}") = "RelativeLayoutPRactical.iOS", "RelativeLayoutPRactical\RelativeLayoutPRactical.iOS\RelativeLayoutPRactical.iOS.csproj", "{FEB65ABE-47FB-4E46-B6D8-7701A53090F3}"
EndProject
Project("{FAE04EC0-301F-11D3-BF4B-00C04F79EFBC}") = "RelativeLayoutPRactical", "RelativeLayoutPRactical\RelativeLayoutPRactical\RelativeLayoutPRactical.csproj", "{766B758A-F23F-4CC4-9400-F499C0683EC2}"
EndProject
Global
	GlobalSection(SolutionConfigurationPlatforms) = preSolution
		Ad-Hoc|Any CPU = Ad-Hoc|Any CPU
		Ad-Hoc|iPhone = Ad-Hoc|iPhone
		Ad-Hoc|iPhoneSimulator = Ad-Hoc|iPhoneSimulator
		AppStore|Any CPU = AppStore|Any CPU
		AppStore|iPhone = AppStore|iPhone
		AppStore|iPhoneSimulator = AppStore|iPhoneSimulator
		Debug|Any CPU = Debug|Any CPU
		Debug|iPhone = Debug|iPhone
		Debug|iPhoneSimulator = Debug|iPhoneSimulator
		Release|Any CPU = Release|Any CPU
		Release|iPhone = Release|iPhone
		Release|iPhoneSimulator = Release|iPhoneSimulator
	EndGlobalSection
	GlobalSection(ProjectConfigurationPlatforms) = postSolution
		{24B954B0-15A7-47AD-89DC-C025735F7BEE}.Ad-Hoc|Any CPU.ActiveCfg = Release|Any CPU
		{24B954B0-15A7-47AD-89DC-C025735F7BEE}.Ad-Hoc|Any CPU.Build.0 = Release|Any CPU
		{24B954B0-15A7-47AD-89DC-C025735F7BEE}.Ad-Hoc|Any CPU.Deploy.0 = Release|Any CPU
		{24B954B0-15A7-47AD-89DC-C025735F7BEE}.Ad-Hoc|iPhone.ActiveCfg = Release|Any CPU
		{24B954B0-15A7-47AD-89DC-C025735F7BEE}.Ad-Hoc|iPhone.Build.0 = Release|Any CPU
		{24B954B0-15A7-47AD-89DC-C025735F7BEE}.Ad-Hoc|iPhone.Deploy.0 = Release|Any CPU
		{24B954B0-15A7-47AD-89DC-C025735F7BEE}.Ad-Hoc|iPhoneSimulator.ActiveCfg = Release|Any CPU
		{24B954B0-15A7-47AD-89DC-C025735F7BEE}.Ad-Hoc|iPhoneSimulator.Build.0 = Release|Any CPU
		{24B954B0-15A7-47AD-89DC-C025735F7BEE}.Ad-Hoc|iPhoneSimulator.Deploy.0 = Release|Any CPU
		{24B954B0-15A7-47AD-89DC-C025735F7BEE}.AppStore|Any CPU.ActiveCfg = Release|Any CPU
		{24B954B0-15A7-47AD-89DC-C025735F7BEE}.AppStore|Any CPU.Build.0 = Release|Any CPU
		{24B954B0-15A7-47AD-89DC-C025735F7BEE}.AppStore|Any CPU.Deploy.0 = Release|Any CPU
		{24B954B0-15A7-47AD-89DC-C025735F7BEE}.AppStore|iPhone.ActiveCfg = Release|Any CPU
		{24B954B0-15A7-47AD-89DC-C025735F7BEE}.AppStore|iPhone.Build.0 = Release|Any CPU
		{24B954B0-15A7-47AD-89DC-C025735F7BEE}.AppStore|iPhone.Deploy.0 = Release|Any CPU
		{24B954B0-15A7-47AD-89DC-C025735F7BEE}.AppStore|iPhoneSimulator.ActiveCfg = Release|Any CPU
		{24B954B0-15A7-47AD-89DC-C025735F7BEE}.AppStore|iPhoneSimulator.Build.0 = Release|Any CPU
		{24B954B0-15A7-47AD-89DC-C025735F7BEE}.AppStore|iPhoneSimulator.Deploy.0 = Release|Any CPU
		{24B954B0-15A7-47AD-89DC-C025735F7BEE}.Debug|Any CPU.ActiveCfg = Debug|Any CPU
		{24B954B0-15A7-47AD-89DC-C025735F7BEE}.Debug|Any CPU.Build.0 = Debug|Any CPU
		{24B954B0-15A7-47AD-89DC-C025735F7BEE}.Debug|Any CPU.Deploy.0 = Debug|Any CPU
		{24B954B0-15A7-47AD-89DC-C025735F7BEE}.Debug|iPhone.ActiveCfg = Debug|Any CPU
		{24B954B0-15A7-47AD-89DC-C025735F7BEE}.Debug|iPhone.Build.0 = Debug|Any CPU
		{24B954B0-15A7-47AD-89DC-C025735F7BEE}.Debug|iPhone.Deploy.0 = Debug|Any CPU
		{24B954B0-15A7-47AD-89DC-C025735F7BEE}.Debug|iPhoneSimulator.ActiveCfg = Debug|Any CPU
		{24B954B0-15A7-47AD-89DC-C025735F7BEE}.Debug|iPhoneSimulator.Build.0 = Debug|Any CPU
		{24B954B0-15A7-47AD-89DC-C025735F7BEE}.Debug|iPhoneSimulator.Deploy.0 = Debug|Any CPU
		{24B954B0-15A7-47AD-89DC-C025735F7BEE}.Release|Any CPU.ActiveCfg = Release|Any CPU
		{24B954B0-15A7-47AD-89DC-C025735F7BEE}.Release|Any CPU.Build.0 = Release|Any CPU
		{24B954B0-15A7-47AD-89DC-C025735F7BEE}.Release|Any CPU.Deploy.0 = Release|Any CPU
		{24B954B0-15A7-47AD-89DC-C025735F7BEE}.Release|iPhone.ActiveCfg = Release|Any CPU
		{24B954B0-15A7-47AD-89DC-C025735F7BEE}.Release|iPhone.Build.0 = Release|Any CPU
		{24B954B0-15A7-47AD-89DC-C025735F7BEE}.Release|iPhone.Deploy.0 = Release|Any CPU
		{24B954B0-15A7-47AD-89DC-C025735F7BEE}.Release|iPhoneSimulator.ActiveCfg = Release|Any CPU
		{24B954B0-15A7-47AD-89DC-C025735F7BEE}.Release|iPhoneSimulator.Build.0 = Release|Any CPU
		{24B954B0-15A7-47AD-89DC-C025735F7BEE}.Release|iPhoneSimulator.Deploy.0 = Release|Any CPU
		{FEB65ABE-47FB-4E46-B6D8-7701A53090F3}.Ad-Hoc|Any CPU.ActiveCfg = Ad-Hoc|iPhone
		{FEB65ABE-47FB-4E46-B6D8-7701A53090F3}.Ad-Hoc|Any CPU.Build.0 = Ad-Hoc|iPhone
		{FEB65ABE-47FB-4E46-B6D8-7701A53090F3}.Ad-Hoc|Any CPU.Deploy.0 = Ad-Hoc|iPhone
		{FEB65ABE-47FB-4E46-B6D8-7701A53090F3}.Ad-Hoc|iPhone.ActiveCfg = Ad-Hoc|iPhone
		{FEB65ABE-47FB-4E46-B6D8-7701A53090F3}.Ad-Hoc|iPhone.Build.0 = Ad-Hoc|iPhone
		{FEB65ABE-47FB-4E46-B6D8-7701A53090F3}.Ad-Hoc|iPhone.Deploy.0 = Ad-Hoc|iPhone
		{FEB65ABE-47FB-4E46-B6D8-7701A53090F3}.Ad-Hoc|iPhoneSimulator.ActiveCfg = Ad-Hoc|iPhoneSimulator
		{FEB65ABE-47FB-4E46-B6D8-7701A53090F3}.Ad-Hoc|iPhoneSimulator.Build.0 = Ad-Hoc|iPhoneSimulator
		{FEB65ABE-47FB-4E46-B6D8-7701A53090F3}.Ad-Hoc|iPhoneSimulator.Deploy.0 = Ad-Hoc|iPhoneSimulator
		{FEB65ABE-47FB-4E46-B6D8-7701A53090F3}.AppStore|Any CPU.ActiveCfg = AppStore|iPhone
		{FEB65ABE-47FB-4E46-B6D8-7701A53090F3}.AppStore|Any CPU.Build.0 = AppStore|iPhone
		{FEB65ABE-47FB-4E46-B6D8-7701A53090F3}.AppStore|Any CPU.Deploy.0 = AppStore|iPhone
		{FEB65ABE-47FB-4E46-B6D8-7701A53090F3}.AppStore|iPhone.ActiveCfg = AppStore|iPhone
		{FEB65ABE-47FB-4E46-B6D8-7701A53090F3}.AppStore|iPhone.Build.0 = AppStore|iPhone
		{FEB65ABE-47FB-4E46-B6D8-7701A53090F3}.AppStore|iPhone.Deploy.0 = AppStore|iPhone
		{FEB65ABE-47FB-4E46-B6D8-7701A53090F3}.AppStore|iPhoneSimulator.ActiveCfg = AppStore|iPhoneSimulator
		{FEB65ABE-47FB-4E46-B6D8-7701A53090F3}.AppStore|iPhoneSimulator.Build.0 = AppStore|iPhoneSimulator
		{FEB65ABE-47FB-4E46-B6D8-7701A53090F3}.AppStore|iPhoneSimulator.Deploy.0 = AppStore|iPhoneSimulator
		{FEB65ABE-47FB-4E46-B6D8-7701A53090F3}.Debug|Any CPU.ActiveCfg = Debug|iPhoneSimulator
		{FEB65ABE-47FB-4E46-B6D8-7701A53090F3}.Debug|Any CPU.Build.0 = Debug|iPhoneSimulator
		{FEB65ABE-47FB-4E46-B6D8-7701A53090F3}.Debug|Any CPU.Deploy.0 = Debug|iPhoneSimulator
		{FEB65ABE-47FB-4E46-B6D8-7701A53090F3}.Debug|iPhone.ActiveCfg = Debug|iPhone
		{FEB65ABE-47FB-4E46-B6D8-7701A53090F3}.Debug|iPhone.Build.0 = Debug|iPhone
		{FEB65ABE-47FB-4E46-B6D8-7701A53090F3}.Debug|iPhone.Deploy.0 = Debug|iPhone
		{FEB65ABE-47FB-4E46-B6D8-7701A53090F3}.Debug|iPhoneSimulator.ActiveCfg = Debug|iPhoneSimulator
		{FEB65ABE-47FB-4E46-B6D8-7701A53090F3}.Debug|iPhoneSimulator.Build.0 = Debug|iPhoneSimulator
		{FEB65ABE-47FB-4E46-B6D8-7701A53090F3}.Debug|iPhoneSimulator.Deploy.0 = Debug|iPhoneSimulator
		{FEB65ABE-47FB-4E46-B6D8-7701A53090F3}.Release|Any CPU.ActiveCfg = Release|iPhone
		{FEB65ABE-47FB-4E46-B6D8-7701A53090F3}.Release|Any CPU.Build.0 = Release|iPhone
		{FEB65ABE-47FB-4E46-B6D8-7701A53090F3}.Release|Any CPU.Deploy.0 = Release|iPhone
		{FEB65ABE-47FB-4E46-B6D8-7701A53090F3}.Release|iPhone.ActiveCfg = Release|iPhone
		{FEB65ABE-47FB-4E46-B6D8-7701A53090F3}.Release|iPhone.Build.0 = Release|iPhone
		{FEB65ABE-47FB-4E46-B6D8-7701A53090F3}.Release|iPhone.Deploy.0 = Release|iPhone
		{FEB65ABE-47FB-4E46-B6D8-7701A53090F3}.Release|iPhoneSimulator.ActiveCfg = Release|iPhoneSimulator
		{FEB65ABE-47FB-4E46-B6D8-7701A53090F3}.Release|iPhoneSimulator.Build.0 = Release|iPhoneSimulator
		{FEB65ABE-47FB-4E46-B6D8-7701A53090F3}.Release|iPhoneSimulator.Deploy.0 = Release|iPhoneSimulator
		{766B758A-F23F-4CC4-9400-F499C0683EC2}.Ad-Hoc|Any CPU.ActiveCfg = Debug|Any CPU
		{766B758A-F23F-4CC4-9400-F499C0683EC2}.Ad-Hoc|Any CPU.Build.0 = Debug|Any CPU
		{766B758A-F23F-4CC4-9400-F499C0683EC2}.Ad-Hoc|Any CPU.Deploy.0 = Debug|Any CPU
		{766B758A-F23F-4CC4-9400-F499C0683EC2}.Ad-Hoc|iPhone.ActiveCfg = Debug|Any CPU
		{766B758A-F23F-4CC4-9400-F499C0683EC2}.Ad-Hoc|iPhone.Build.0 = Debug|Any CPU
		{766B758A-F23F-4CC4-9400-F499C0683EC2}.Ad-Hoc|iPhone.Deploy.0 = Debug|Any CPU
		{766B758A-F23F-4CC4-9400-F499C0683EC2}.Ad-Hoc|iPhoneSimulator.ActiveCfg = Debug|Any CPU
		{766B758A-F23F-4CC4-9400-F499C0683EC2}.Ad-Hoc|iPhoneSimulator.Build.0 = Debug|Any CPU
		{766B758A-F23F-4CC4-9400-F499C0683EC2}.Ad-Hoc|iPhoneSimulator.Deploy.0 = Debug|Any CPU
		{766B758A-F23F-4CC4-9400-F499C0683EC2}.AppStore|Any CPU.ActiveCfg = Debug|Any CPU
		{766B758A-F23F-4CC4-9400-F499C0683EC2}.AppStore|Any CPU.Build.0 = Debug|Any CPU
		{766B758A-F23F-4CC4-9400-F499C0683EC2}.AppStore|Any CPU.Deploy.0 = Debug|Any CPU
		{766B758A-F23F-4CC4-9400-F499C0683EC2}.AppStore|iPhone.ActiveCfg = Debug|Any CPU
		{766B758A-F23F-4CC4-9400-F499C0683EC2}.AppStore|iPhone.Build.0 = Debug|Any CPU
		{766B758A-F23F-4CC4-9400-F499C0683EC2}.AppStore|iPhone.Deploy.0 = Debug|Any CPU
		{766B758A-F23F-4CC4-9400-F499C0683EC2}.AppStore|iPhoneSimulator.ActiveCfg = Debug|Any CPU
		{766B758A-F23F-4CC4-9400-F499C0683EC2}.AppStore|iPhoneSimulator.Build.0 = Debug|Any CPU
		{766B758A-F23F-4CC4-9400-F499C0683EC2}.AppStore|iPhoneSimulator.Deploy.0 = Debug|Any CPU
		{766B758A-F23F-4CC4-9400-F499C0683EC2}.Debug|Any CPU.ActiveCfg = Debug|Any CPU
		{766B758A-F23F-4CC4-9400-F499C0683EC2}.Debug|Any CPU.Build.0 = Debug|Any CPU
		{766B758A-F23F-4CC4-9400-F499C0683EC2}.Debug|Any CPU.Deploy.0 = Debug|Any CPU
		{766B758A-F23F-4CC4-9400-F499C0683EC2}.Debug|iPhone.ActiveCfg = Debug|Any CPU
		{766B758A-F23F-4CC4-9400-F499C0683EC2}.Debug|iPhone.Build.0 = Debug|Any CPU
		{766B758A-F23F-4CC4-9400-F499C0683EC2}.Debug|iPhone.Deploy.0 = Debug|Any CPU
		{766B758A-F23F-4CC4-9400-F499C0683EC2}.Debug|iPhoneSimulator.ActiveCfg = Debug|Any CPU
		{766B758A-F23F-4CC4-9400-F499C0683EC2}.Debug|iPhoneSimulator.Build.0 = Debug|Any CPU
		{766B758A-F23F-4CC4-9400-F499C0683EC2}.Debug|iPhoneSimulator.Deploy.0 = Debug|Any CPU
		{766B758A-F23F-4CC4-9400-F499C0683EC2}.Release|Any CPU.ActiveCfg = Release|Any CPU
		{766B758A-F23F-4CC4-9400-F499C0683EC2}.Release|Any CPU.Build.0 = Release|Any CPU
		{766B758A-F23F-4CC4-9400-F499C0683EC2}.Release|Any CPU.Deploy.0 = Release|Any CPU
		{766B758A-F23F-4CC4-9400-F499C0683EC2}.Release|iPhone.ActiveCfg = Release|Any CPU
		{766B758A-F23F-4CC4-9400-F499C0683EC2}.Release|iPhone.Build.0 = Release|Any CPU
		{766B758A-F23F-4CC4-9400-F499C0683EC2}.Release|iPhone.Deploy.0 = Release|Any CPU
		{766B758A-F23F-4CC4-9400-F499C0683EC2}.Release|iPhoneSimulator.ActiveCfg = Release|Any CPU
		{766B758A-F23F-4CC4-9400-F499C0683EC2}.Release|iPhoneSimulator.Build.0 = Release|Any CPU
		{766B758A-F23F-4CC4-9400-F499C0683EC2}.Release|iPhoneSimulator.Deploy.0 = Release|Any CPU
	EndGlobalSection
	GlobalSection(SolutionProperties) = preSolution
		HideSolutionNode = FALSE
	EndGlobalSection
	GlobalSection(ExtensibilityGlobals) = postSolution
		SolutionGuid = {86CCC097-B66F-4F03-B0DA-60ED9482D94E}
	EndGlobalSection
EndGlobal
