
Microsoft Visual Studio Solution File, Format Version 12.00
# Visual Studio 15
VisualStudioVersion = 15.0.27703.2000
MinimumVisualStudioVersion = 10.0.40219.1
Project("{FAE04EC0-301F-11D3-BF4B-00C04F79EFBC}") = "ListviewDemo.Android", "ListviewDemo\ListviewDemo.Android\ListviewDemo.Android.csproj", "{8F88C595-EFFF-40F3-A8E3-229796F4BB3A}"
EndProject
Project("{FAE04EC0-301F-11D3-BF4B-00C04F79EFBC}") = "ListviewDemo.iOS", "ListviewDemo\ListviewDemo.iOS\ListviewDemo.iOS.csproj", "{DC8124B2-A85C-4572-95F8-B31A40772ECA}"
EndProject
Project("{FAE04EC0-301F-11D3-BF4B-00C04F79EFBC}") = "ListviewDemo", "ListviewDemo\ListviewDemo\ListviewDemo.csproj", "{03BA06EA-8451-4946-A148-1CEAC601F003}"
EndProject
Global
	GlobalSection(SolutionConfigurationPlatforms) = preSolution
		Ad-Hoc|Any CPU = Ad-Hoc|Any CPU
		Ad-Hoc|iPhone = Ad-Hoc|iPhone
		Ad-Hoc|iPhoneSimulator = Ad-Hoc|iPhoneSimulator
		AppStore|Any CPU = AppStore|Any CPU
		AppStore|iPhone = AppStore|iPhone
		AppStore|iPhoneSimulator = AppStore|iPhoneSimulator
		Debug|Any CPU = Debug|Any CPU
		Debug|iPhone = Debug|iPhone
		Debug|iPhoneSimulator = Debug|iPhoneSimulator
		Release|Any CPU = Release|Any CPU
		Release|iPhone = Release|iPhone
		Release|iPhoneSimulator = Release|iPhoneSimulator
	EndGlobalSection
	GlobalSection(ProjectConfigurationPlatforms) = postSolution
		{8F88C595-EFFF-40F3-A8E3-229796F4BB3A}.Ad-Hoc|Any CPU.ActiveCfg = Release|Any CPU
		{8F88C595-EFFF-40F3-A8E3-229796F4BB3A}.Ad-Hoc|Any CPU.Build.0 = Release|Any CPU
		{8F88C595-EFFF-40F3-A8E3-229796F4BB3A}.Ad-Hoc|Any CPU.Deploy.0 = Release|Any CPU
		{8F88C595-EFFF-40F3-A8E3-229796F4BB3A}.Ad-Hoc|iPhone.ActiveCfg = Release|Any CPU
		{8F88C595-EFFF-40F3-A8E3-229796F4BB3A}.Ad-Hoc|iPhone.Build.0 = Release|Any CPU
		{8F88C595-EFFF-40F3-A8E3-229796F4BB3A}.Ad-Hoc|iPhone.Deploy.0 = Release|Any CPU
		{8F88C595-EFFF-40F3-A8E3-229796F4BB3A}.Ad-Hoc|iPhoneSimulator.ActiveCfg = Release|Any CPU
		{8F88C595-EFFF-40F3-A8E3-229796F4BB3A}.Ad-Hoc|iPhoneSimulator.Build.0 = Release|Any CPU
		{8F88C595-EFFF-40F3-A8E3-229796F4BB3A}.Ad-Hoc|iPhoneSimulator.Deploy.0 = Release|Any CPU
		{8F88C595-EFFF-40F3-A8E3-229796F4BB3A}.AppStore|Any CPU.ActiveCfg = Release|Any CPU
		{8F88C595-EFFF-40F3-A8E3-229796F4BB3A}.AppStore|Any CPU.Build.0 = Release|Any CPU
		{8F88C595-EFFF-40F3-A8E3-229796F4BB3A}.AppStore|Any CPU.Deploy.0 = Release|Any CPU
		{8F88C595-EFFF-40F3-A8E3-229796F4BB3A}.AppStore|iPhone.ActiveCfg = Release|Any CPU
		{8F88C595-EFFF-40F3-A8E3-229796F4BB3A}.AppStore|iPhone.Build.0 = Release|Any CPU
		{8F88C595-EFFF-40F3-A8E3-229796F4BB3A}.AppStore|iPhone.Deploy.0 = Release|Any CPU
		{8F88C595-EFFF-40F3-A8E3-229796F4BB3A}.AppStore|iPhoneSimulator.ActiveCfg = Release|Any CPU
		{8F88C595-EFFF-40F3-A8E3-229796F4BB3A}.AppStore|iPhoneSimulator.Build.0 = Release|Any CPU
		{8F88C595-EFFF-40F3-A8E3-229796F4BB3A}.AppStore|iPhoneSimulator.Deploy.0 = Release|Any CPU
		{8F88C595-EFFF-40F3-A8E3-229796F4BB3A}.Debug|Any CPU.ActiveCfg = Debug|Any CPU
		{8F88C595-EFFF-40F3-A8E3-229796F4BB3A}.Debug|Any CPU.Build.0 = Debug|Any CPU
		{8F88C595-EFFF-40F3-A8E3-229796F4BB3A}.Debug|Any CPU.Deploy.0 = Debug|Any CPU
		{8F88C595-EFFF-40F3-A8E3-229796F4BB3A}.Debug|iPhone.ActiveCfg = Debug|Any CPU
		{8F88C595-EFFF-40F3-A8E3-229796F4BB3A}.Debug|iPhone.Build.0 = Debug|Any CPU
		{8F88C595-EFFF-40F3-A8E3-229796F4BB3A}.Debug|iPhone.Deploy.0 = Debug|Any CPU
		{8F88C595-EFFF-40F3-A8E3-229796F4BB3A}.Debug|iPhoneSimulator.ActiveCfg = Debug|Any CPU
		{8F88C595-EFFF-40F3-A8E3-229796F4BB3A}.Debug|iPhoneSimulator.Build.0 = Debug|Any CPU
		{8F88C595-EFFF-40F3-A8E3-229796F4BB3A}.Debug|iPhoneSimulator.Deploy.0 = Debug|Any CPU
		{8F88C595-EFFF-40F3-A8E3-229796F4BB3A}.Release|Any CPU.ActiveCfg = Release|Any CPU
		{8F88C595-EFFF-40F3-A8E3-229796F4BB3A}.Release|Any CPU.Build.0 = Release|Any CPU
		{8F88C595-EFFF-40F3-A8E3-229796F4BB3A}.Release|Any CPU.Deploy.0 = Release|Any CPU
		{8F88C595-EFFF-40F3-A8E3-229796F4BB3A}.Release|iPhone.ActiveCfg = Release|Any CPU
		{8F88C595-EFFF-40F3-A8E3-229796F4BB3A}.Release|iPhone.Build.0 = Release|Any CPU
		{8F88C595-EFFF-40F3-A8E3-229796F4BB3A}.Release|iPhone.Deploy.0 = Release|Any CPU
		{8F88C595-EFFF-40F3-A8E3-229796F4BB3A}.Release|iPhoneSimulator.ActiveCfg = Release|Any CPU
		{8F88C595-EFFF-40F3-A8E3-229796F4BB3A}.Release|iPhoneSimulator.Build.0 = Release|Any CPU
		{8F88C595-EFFF-40F3-A8E3-229796F4BB3A}.Release|iPhoneSimulator.Deploy.0 = Release|Any CPU
		{DC8124B2-A85C-4572-95F8-B31A40772ECA}.Ad-Hoc|Any CPU.ActiveCfg = Ad-Hoc|iPhone
		{DC8124B2-A85C-4572-95F8-B31A40772ECA}.Ad-Hoc|Any CPU.Build.0 = Ad-Hoc|iPhone
		{DC8124B2-A85C-4572-95F8-B31A40772ECA}.Ad-Hoc|Any CPU.Deploy.0 = Ad-Hoc|iPhone
		{DC8124B2-A85C-4572-95F8-B31A40772ECA}.Ad-Hoc|iPhone.ActiveCfg = Ad-Hoc|iPhone
		{DC8124B2-A85C-4572-95F8-B31A40772ECA}.Ad-Hoc|iPhone.Build.0 = Ad-Hoc|iPhone
		{DC8124B2-A85C-4572-95F8-B31A40772ECA}.Ad-Hoc|iPhone.Deploy.0 = Ad-Hoc|iPhone
		{DC8124B2-A85C-4572-95F8-B31A40772ECA}.Ad-Hoc|iPhoneSimulator.ActiveCfg = Ad-Hoc|iPhoneSimulator
		{DC8124B2-A85C-4572-95F8-B31A40772ECA}.Ad-Hoc|iPhoneSimulator.Build.0 = Ad-Hoc|iPhoneSimulator
		{DC8124B2-A85C-4572-95F8-B31A40772ECA}.Ad-Hoc|iPhoneSimulator.Deploy.0 = Ad-Hoc|iPhoneSimulator
		{DC8124B2-A85C-4572-95F8-B31A40772ECA}.AppStore|Any CPU.ActiveCfg = AppStore|iPhone
		{DC8124B2-A85C-4572-95F8-B31A40772ECA}.AppStore|Any CPU.Build.0 = AppStore|iPhone
		{DC8124B2-A85C-4572-95F8-B31A40772ECA}.AppStore|Any CPU.Deploy.0 = AppStore|iPhone
		{DC8124B2-A85C-4572-95F8-B31A40772ECA}.AppStore|iPhone.ActiveCfg = AppStore|iPhone
		{DC8124B2-A85C-4572-95F8-B31A40772ECA}.AppStore|iPhone.Build.0 = AppStore|iPhone
		{DC8124B2-A85C-4572-95F8-B31A40772ECA}.AppStore|iPhone.Deploy.0 = AppStore|iPhone
		{DC8124B2-A85C-4572-95F8-B31A40772ECA}.AppStore|iPhoneSimulator.ActiveCfg = AppStore|iPhoneSimulator
		{DC8124B2-A85C-4572-95F8-B31A40772ECA}.AppStore|iPhoneSimulator.Build.0 = AppStore|iPhoneSimulator
		{DC8124B2-A85C-4572-95F8-B31A40772ECA}.AppStore|iPhoneSimulator.Deploy.0 = AppStore|iPhoneSimulator
		{DC8124B2-A85C-4572-95F8-B31A40772ECA}.Debug|Any CPU.ActiveCfg = Debug|iPhoneSimulator
		{DC8124B2-A85C-4572-95F8-B31A40772ECA}.Debug|Any CPU.Build.0 = Debug|iPhoneSimulator
		{DC8124B2-A85C-4572-95F8-B31A40772ECA}.Debug|Any CPU.Deploy.0 = Debug|iPhoneSimulator
		{DC8124B2-A85C-4572-95F8-B31A40772ECA}.Debug|iPhone.ActiveCfg = Debug|iPhone
		{DC8124B2-A85C-4572-95F8-B31A40772ECA}.Debug|iPhone.Build.0 = Debug|iPhone
		{DC8124B2-A85C-4572-95F8-B31A40772ECA}.Debug|iPhone.Deploy.0 = Debug|iPhone
		{DC8124B2-A85C-4572-95F8-B31A40772ECA}.Debug|iPhoneSimulator.ActiveCfg = Debug|iPhoneSimulator
		{DC8124B2-A85C-4572-95F8-B31A40772ECA}.Debug|iPhoneSimulator.Build.0 = Debug|iPhoneSimulator
		{DC8124B2-A85C-4572-95F8-B31A40772ECA}.Debug|iPhoneSimulator.Deploy.0 = Debug|iPhoneSimulator
		{DC8124B2-A85C-4572-95F8-B31A40772ECA}.Release|Any CPU.ActiveCfg = Release|iPhone
		{DC8124B2-A85C-4572-95F8-B31A40772ECA}.Release|Any CPU.Build.0 = Release|iPhone
		{DC8124B2-A85C-4572-95F8-B31A40772ECA}.Release|Any CPU.Deploy.0 = Release|iPhone
		{DC8124B2-A85C-4572-95F8-B31A40772ECA}.Release|iPhone.ActiveCfg = Release|iPhone
		{DC8124B2-A85C-4572-95F8-B31A40772ECA}.Release|iPhone.Build.0 = Release|iPhone
		{DC8124B2-A85C-4572-95F8-B31A40772ECA}.Release|iPhone.Deploy.0 = Release|iPhone
		{DC8124B2-A85C-4572-95F8-B31A40772ECA}.Release|iPhoneSimulator.ActiveCfg = Release|iPhoneSimulator
		{DC8124B2-A85C-4572-95F8-B31A40772ECA}.Release|iPhoneSimulator.Build.0 = Release|iPhoneSimulator
		{DC8124B2-A85C-4572-95F8-B31A40772ECA}.Release|iPhoneSimulator.Deploy.0 = Release|iPhoneSimulator
		{03BA06EA-8451-4946-A148-1CEAC601F003}.Ad-Hoc|Any CPU.ActiveCfg = Debug|Any CPU
		{03BA06EA-8451-4946-A148-1CEAC601F003}.Ad-Hoc|Any CPU.Build.0 = Debug|Any CPU
		{03BA06EA-8451-4946-A148-1CEAC601F003}.Ad-Hoc|Any CPU.Deploy.0 = Debug|Any CPU
		{03BA06EA-8451-4946-A148-1CEAC601F003}.Ad-Hoc|iPhone.ActiveCfg = Debug|Any CPU
		{03BA06EA-8451-4946-A148-1CEAC601F003}.Ad-Hoc|iPhone.Build.0 = Debug|Any CPU
		{03BA06EA-8451-4946-A148-1CEAC601F003}.Ad-Hoc|iPhone.Deploy.0 = Debug|Any CPU
		{03BA06EA-8451-4946-A148-1CEAC601F003}.Ad-Hoc|iPhoneSimulator.ActiveCfg = Debug|Any CPU
		{03BA06EA-8451-4946-A148-1CEAC601F003}.Ad-Hoc|iPhoneSimulator.Build.0 = Debug|Any CPU
		{03BA06EA-8451-4946-A148-1CEAC601F003}.Ad-Hoc|iPhoneSimulator.Deploy.0 = Debug|Any CPU
		{03BA06EA-8451-4946-A148-1CEAC601F003}.AppStore|Any CPU.ActiveCfg = Debug|Any CPU
		{03BA06EA-8451-4946-A148-1CEAC601F003}.AppStore|Any CPU.Build.0 = Debug|Any CPU
		{03BA06EA-8451-4946-A148-1CEAC601F003}.AppStore|Any CPU.Deploy.0 = Debug|Any CPU
		{03BA06EA-8451-4946-A148-1CEAC601F003}.AppStore|iPhone.ActiveCfg = Debug|Any CPU
		{03BA06EA-8451-4946-A148-1CEAC601F003}.AppStore|iPhone.Build.0 = Debug|Any CPU
		{03BA06EA-8451-4946-A148-1CEAC601F003}.AppStore|iPhone.Deploy.0 = Debug|Any CPU
		{03BA06EA-8451-4946-A148-1CEAC601F003}.AppStore|iPhoneSimulator.ActiveCfg = Debug|Any CPU
		{03BA06EA-8451-4946-A148-1CEAC601F003}.AppStore|iPhoneSimulator.Build.0 = Debug|Any CPU
		{03BA06EA-8451-4946-A148-1CEAC601F003}.AppStore|iPhoneSimulator.Deploy.0 = Debug|Any CPU
		{03BA06EA-8451-4946-A148-1CEAC601F003}.Debug|Any CPU.ActiveCfg = Debug|Any CPU
		{03BA06EA-8451-4946-A148-1CEAC601F003}.Debug|Any CPU.Build.0 = Debug|Any CPU
		{03BA06EA-8451-4946-A148-1CEAC601F003}.Debug|Any CPU.Deploy.0 = Debug|Any CPU
		{03BA06EA-8451-4946-A148-1CEAC601F003}.Debug|iPhone.ActiveCfg = Debug|Any CPU
		{03BA06EA-8451-4946-A148-1CEAC601F003}.Debug|iPhone.Build.0 = Debug|Any CPU
		{03BA06EA-8451-4946-A148-1CEAC601F003}.Debug|iPhone.Deploy.0 = Debug|Any CPU
		{03BA06EA-8451-4946-A148-1CEAC601F003}.Debug|iPhoneSimulator.ActiveCfg = Debug|Any CPU
		{03BA06EA-8451-4946-A148-1CEAC601F003}.Debug|iPhoneSimulator.Build.0 = Debug|Any CPU
		{03BA06EA-8451-4946-A148-1CEAC601F003}.Debug|iPhoneSimulator.Deploy.0 = Debug|Any CPU
		{03BA06EA-8451-4946-A148-1CEAC601F003}.Release|Any CPU.ActiveCfg = Release|Any CPU
		{03BA06EA-8451-4946-A148-1CEAC601F003}.Release|Any CPU.Build.0 = Release|Any CPU
		{03BA06EA-8451-4946-A148-1CEAC601F003}.Release|Any CPU.Deploy.0 = Release|Any CPU
		{03BA06EA-8451-4946-A148-1CEAC601F003}.Release|iPhone.ActiveCfg = Release|Any CPU
		{03BA06EA-8451-4946-A148-1CEAC601F003}.Release|iPhone.Build.0 = Release|Any CPU
		{03BA06EA-8451-4946-A148-1CEAC601F003}.Release|iPhone.Deploy.0 = Release|Any CPU
		{03BA06EA-8451-4946-A148-1CEAC601F003}.Release|iPhoneSimulator.ActiveCfg = Release|Any CPU
		{03BA06EA-8451-4946-A148-1CEAC601F003}.Release|iPhoneSimulator.Build.0 = Release|Any CPU
		{03BA06EA-8451-4946-A148-1CEAC601F003}.Release|iPhoneSimulator.Deploy.0 = Release|Any CPU
	EndGlobalSection
	GlobalSection(SolutionProperties) = preSolution
		HideSolutionNode = FALSE
	EndGlobalSection
	GlobalSection(ExtensibilityGlobals) = postSolution
		SolutionGuid = {AB8121D5-7F55-4DED-9ED4-BC2F4FAC65E0}
	EndGlobalSection
EndGlobal
