
Microsoft Visual Studio Solution File, Format Version 12.00
# Visual Studio 15
VisualStudioVersion = 15.0.27703.2000
MinimumVisualStudioVersion = 10.0.40219.1
Project("{FAE04EC0-301F-11D3-BF4B-00C04F79EFBC}") = "DataBindingDemo.Android", "DataBindingDemo\DataBindingDemo.Android\DataBindingDemo.Android.csproj", "{E4A3EFDE-E7EB-4391-8CBD-249174D678C1}"
EndProject
Project("{FAE04EC0-301F-11D3-BF4B-00C04F79EFBC}") = "DataBindingDemo.iOS", "DataBindingDemo\DataBindingDemo.iOS\DataBindingDemo.iOS.csproj", "{8AA4F8B0-05F3-4F5F-B9C2-37F91CC6ADD3}"
EndProject
Project("{FAE04EC0-301F-11D3-BF4B-00C04F79EFBC}") = "DataBindingDemo", "DataBindingDemo\DataBindingDemo\DataBindingDemo.csproj", "{2A3301D1-B0F8-4923-B39D-D8551DB2A48F}"
EndProject
Global
	GlobalSection(SolutionConfigurationPlatforms) = preSolution
		Ad-Hoc|Any CPU = Ad-Hoc|Any CPU
		Ad-Hoc|iPhone = Ad-Hoc|iPhone
		Ad-Hoc|iPhoneSimulator = Ad-Hoc|iPhoneSimulator
		AppStore|Any CPU = AppStore|Any CPU
		AppStore|iPhone = AppStore|iPhone
		AppStore|iPhoneSimulator = AppStore|iPhoneSimulator
		Debug|Any CPU = Debug|Any CPU
		Debug|iPhone = Debug|iPhone
		Debug|iPhoneSimulator = Debug|iPhoneSimulator
		Release|Any CPU = Release|Any CPU
		Release|iPhone = Release|iPhone
		Release|iPhoneSimulator = Release|iPhoneSimulator
	EndGlobalSection
	GlobalSection(ProjectConfigurationPlatforms) = postSolution
		{E4A3EFDE-E7EB-4391-8CBD-249174D678C1}.Ad-Hoc|Any CPU.ActiveCfg = Release|Any CPU
		{E4A3EFDE-E7EB-4391-8CBD-249174D678C1}.Ad-Hoc|Any CPU.Build.0 = Release|Any CPU
		{E4A3EFDE-E7EB-4391-8CBD-249174D678C1}.Ad-Hoc|Any CPU.Deploy.0 = Release|Any CPU
		{E4A3EFDE-E7EB-4391-8CBD-249174D678C1}.Ad-Hoc|iPhone.ActiveCfg = Release|Any CPU
		{E4A3EFDE-E7EB-4391-8CBD-249174D678C1}.Ad-Hoc|iPhone.Build.0 = Release|Any CPU
		{E4A3EFDE-E7EB-4391-8CBD-249174D678C1}.Ad-Hoc|iPhone.Deploy.0 = Release|Any CPU
		{E4A3EFDE-E7EB-4391-8CBD-249174D678C1}.Ad-Hoc|iPhoneSimulator.ActiveCfg = Release|Any CPU
		{E4A3EFDE-E7EB-4391-8CBD-249174D678C1}.Ad-Hoc|iPhoneSimulator.Build.0 = Release|Any CPU
		{E4A3EFDE-E7EB-4391-8CBD-249174D678C1}.Ad-Hoc|iPhoneSimulator.Deploy.0 = Release|Any CPU
		{E4A3EFDE-E7EB-4391-8CBD-249174D678C1}.AppStore|Any CPU.ActiveCfg = Release|Any CPU
		{E4A3EFDE-E7EB-4391-8CBD-249174D678C1}.AppStore|Any CPU.Build.0 = Release|Any CPU
		{E4A3EFDE-E7EB-4391-8CBD-249174D678C1}.AppStore|Any CPU.Deploy.0 = Release|Any CPU
		{E4A3EFDE-E7EB-4391-8CBD-249174D678C1}.AppStore|iPhone.ActiveCfg = Release|Any CPU
		{E4A3EFDE-E7EB-4391-8CBD-249174D678C1}.AppStore|iPhone.Build.0 = Release|Any CPU
		{E4A3EFDE-E7EB-4391-8CBD-249174D678C1}.AppStore|iPhone.Deploy.0 = Release|Any CPU
		{E4A3EFDE-E7EB-4391-8CBD-249174D678C1}.AppStore|iPhoneSimulator.ActiveCfg = Release|Any CPU
		{E4A3EFDE-E7EB-4391-8CBD-249174D678C1}.AppStore|iPhoneSimulator.Build.0 = Release|Any CPU
		{E4A3EFDE-E7EB-4391-8CBD-249174D678C1}.AppStore|iPhoneSimulator.Deploy.0 = Release|Any CPU
		{E4A3EFDE-E7EB-4391-8CBD-249174D678C1}.Debug|Any CPU.ActiveCfg = Debug|Any CPU
		{E4A3EFDE-E7EB-4391-8CBD-249174D678C1}.Debug|Any CPU.Build.0 = Debug|Any CPU
		{E4A3EFDE-E7EB-4391-8CBD-249174D678C1}.Debug|Any CPU.Deploy.0 = Debug|Any CPU
		{E4A3EFDE-E7EB-4391-8CBD-249174D678C1}.Debug|iPhone.ActiveCfg = Debug|Any CPU
		{E4A3EFDE-E7EB-4391-8CBD-249174D678C1}.Debug|iPhone.Build.0 = Debug|Any CPU
		{E4A3EFDE-E7EB-4391-8CBD-249174D678C1}.Debug|iPhone.Deploy.0 = Debug|Any CPU
		{E4A3EFDE-E7EB-4391-8CBD-249174D678C1}.Debug|iPhoneSimulator.ActiveCfg = Debug|Any CPU
		{E4A3EFDE-E7EB-4391-8CBD-249174D678C1}.Debug|iPhoneSimulator.Build.0 = Debug|Any CPU
		{E4A3EFDE-E7EB-4391-8CBD-249174D678C1}.Debug|iPhoneSimulator.Deploy.0 = Debug|Any CPU
		{E4A3EFDE-E7EB-4391-8CBD-249174D678C1}.Release|Any CPU.ActiveCfg = Release|Any CPU
		{E4A3EFDE-E7EB-4391-8CBD-249174D678C1}.Release|Any CPU.Build.0 = Release|Any CPU
		{E4A3EFDE-E7EB-4391-8CBD-249174D678C1}.Release|Any CPU.Deploy.0 = Release|Any CPU
		{E4A3EFDE-E7EB-4391-8CBD-249174D678C1}.Release|iPhone.ActiveCfg = Release|Any CPU
		{E4A3EFDE-E7EB-4391-8CBD-249174D678C1}.Release|iPhone.Build.0 = Release|Any CPU
		{E4A3EFDE-E7EB-4391-8CBD-249174D678C1}.Release|iPhone.Deploy.0 = Release|Any CPU
		{E4A3EFDE-E7EB-4391-8CBD-249174D678C1}.Release|iPhoneSimulator.ActiveCfg = Release|Any CPU
		{E4A3EFDE-E7EB-4391-8CBD-249174D678C1}.Release|iPhoneSimulator.Build.0 = Release|Any CPU
		{E4A3EFDE-E7EB-4391-8CBD-249174D678C1}.Release|iPhoneSimulator.Deploy.0 = Release|Any CPU
		{8AA4F8B0-05F3-4F5F-B9C2-37F91CC6ADD3}.Ad-Hoc|Any CPU.ActiveCfg = Ad-Hoc|iPhone
		{8AA4F8B0-05F3-4F5F-B9C2-37F91CC6ADD3}.Ad-Hoc|Any CPU.Build.0 = Ad-Hoc|iPhone
		{8AA4F8B0-05F3-4F5F-B9C2-37F91CC6ADD3}.Ad-Hoc|Any CPU.Deploy.0 = Ad-Hoc|iPhone
		{8AA4F8B0-05F3-4F5F-B9C2-37F91CC6ADD3}.Ad-Hoc|iPhone.ActiveCfg = Ad-Hoc|iPhone
		{8AA4F8B0-05F3-4F5F-B9C2-37F91CC6ADD3}.Ad-Hoc|iPhone.Build.0 = Ad-Hoc|iPhone
		{8AA4F8B0-05F3-4F5F-B9C2-37F91CC6ADD3}.Ad-Hoc|iPhone.Deploy.0 = Ad-Hoc|iPhone
		{8AA4F8B0-05F3-4F5F-B9C2-37F91CC6ADD3}.Ad-Hoc|iPhoneSimulator.ActiveCfg = Ad-Hoc|iPhoneSimulator
		{8AA4F8B0-05F3-4F5F-B9C2-37F91CC6ADD3}.Ad-Hoc|iPhoneSimulator.Build.0 = Ad-Hoc|iPhoneSimulator
		{8AA4F8B0-05F3-4F5F-B9C2-37F91CC6ADD3}.Ad-Hoc|iPhoneSimulator.Deploy.0 = Ad-Hoc|iPhoneSimulator
		{8AA4F8B0-05F3-4F5F-B9C2-37F91CC6ADD3}.AppStore|Any CPU.ActiveCfg = AppStore|iPhone
		{8AA4F8B0-05F3-4F5F-B9C2-37F91CC6ADD3}.AppStore|Any CPU.Build.0 = AppStore|iPhone
		{8AA4F8B0-05F3-4F5F-B9C2-37F91CC6ADD3}.AppStore|Any CPU.Deploy.0 = AppStore|iPhone
		{8AA4F8B0-05F3-4F5F-B9C2-37F91CC6ADD3}.AppStore|iPhone.ActiveCfg = AppStore|iPhone
		{8AA4F8B0-05F3-4F5F-B9C2-37F91CC6ADD3}.AppStore|iPhone.Build.0 = AppStore|iPhone
		{8AA4F8B0-05F3-4F5F-B9C2-37F91CC6ADD3}.AppStore|iPhone.Deploy.0 = AppStore|iPhone
		{8AA4F8B0-05F3-4F5F-B9C2-37F91CC6ADD3}.AppStore|iPhoneSimulator.ActiveCfg = AppStore|iPhoneSimulator
		{8AA4F8B0-05F3-4F5F-B9C2-37F91CC6ADD3}.AppStore|iPhoneSimulator.Build.0 = AppStore|iPhoneSimulator
		{8AA4F8B0-05F3-4F5F-B9C2-37F91CC6ADD3}.AppStore|iPhoneSimulator.Deploy.0 = AppStore|iPhoneSimulator
		{8AA4F8B0-05F3-4F5F-B9C2-37F91CC6ADD3}.Debug|Any CPU.ActiveCfg = Debug|iPhoneSimulator
		{8AA4F8B0-05F3-4F5F-B9C2-37F91CC6ADD3}.Debug|Any CPU.Build.0 = Debug|iPhoneSimulator
		{8AA4F8B0-05F3-4F5F-B9C2-37F91CC6ADD3}.Debug|Any CPU.Deploy.0 = Debug|iPhoneSimulator
		{8AA4F8B0-05F3-4F5F-B9C2-37F91CC6ADD3}.Debug|iPhone.ActiveCfg = Debug|iPhone
		{8AA4F8B0-05F3-4F5F-B9C2-37F91CC6ADD3}.Debug|iPhone.Build.0 = Debug|iPhone
		{8AA4F8B0-05F3-4F5F-B9C2-37F91CC6ADD3}.Debug|iPhone.Deploy.0 = Debug|iPhone
		{8AA4F8B0-05F3-4F5F-B9C2-37F91CC6ADD3}.Debug|iPhoneSimulator.ActiveCfg = Debug|iPhoneSimulator
		{8AA4F8B0-05F3-4F5F-B9C2-37F91CC6ADD3}.Debug|iPhoneSimulator.Build.0 = Debug|iPhoneSimulator
		{8AA4F8B0-05F3-4F5F-B9C2-37F91CC6ADD3}.Debug|iPhoneSimulator.Deploy.0 = Debug|iPhoneSimulator
		{8AA4F8B0-05F3-4F5F-B9C2-37F91CC6ADD3}.Release|Any CPU.ActiveCfg = Release|iPhone
		{8AA4F8B0-05F3-4F5F-B9C2-37F91CC6ADD3}.Release|Any CPU.Build.0 = Release|iPhone
		{8AA4F8B0-05F3-4F5F-B9C2-37F91CC6ADD3}.Release|Any CPU.Deploy.0 = Release|iPhone
		{8AA4F8B0-05F3-4F5F-B9C2-37F91CC6ADD3}.Release|iPhone.ActiveCfg = Release|iPhone
		{8AA4F8B0-05F3-4F5F-B9C2-37F91CC6ADD3}.Release|iPhone.Build.0 = Release|iPhone
		{8AA4F8B0-05F3-4F5F-B9C2-37F91CC6ADD3}.Release|iPhone.Deploy.0 = Release|iPhone
		{8AA4F8B0-05F3-4F5F-B9C2-37F91CC6ADD3}.Release|iPhoneSimulator.ActiveCfg = Release|iPhoneSimulator
		{8AA4F8B0-05F3-4F5F-B9C2-37F91CC6ADD3}.Release|iPhoneSimulator.Build.0 = Release|iPhoneSimulator
		{8AA4F8B0-05F3-4F5F-B9C2-37F91CC6ADD3}.Release|iPhoneSimulator.Deploy.0 = Release|iPhoneSimulator
		{2A3301D1-B0F8-4923-B39D-D8551DB2A48F}.Ad-Hoc|Any CPU.ActiveCfg = Debug|Any CPU
		{2A3301D1-B0F8-4923-B39D-D8551DB2A48F}.Ad-Hoc|Any CPU.Build.0 = Debug|Any CPU
		{2A3301D1-B0F8-4923-B39D-D8551DB2A48F}.Ad-Hoc|Any CPU.Deploy.0 = Debug|Any CPU
		{2A3301D1-B0F8-4923-B39D-D8551DB2A48F}.Ad-Hoc|iPhone.ActiveCfg = Debug|Any CPU
		{2A3301D1-B0F8-4923-B39D-D8551DB2A48F}.Ad-Hoc|iPhone.Build.0 = Debug|Any CPU
		{2A3301D1-B0F8-4923-B39D-D8551DB2A48F}.Ad-Hoc|iPhone.Deploy.0 = Debug|Any CPU
		{2A3301D1-B0F8-4923-B39D-D8551DB2A48F}.Ad-Hoc|iPhoneSimulator.ActiveCfg = Debug|Any CPU
		{2A3301D1-B0F8-4923-B39D-D8551DB2A48F}.Ad-Hoc|iPhoneSimulator.Build.0 = Debug|Any CPU
		{2A3301D1-B0F8-4923-B39D-D8551DB2A48F}.Ad-Hoc|iPhoneSimulator.Deploy.0 = Debug|Any CPU
		{2A3301D1-B0F8-4923-B39D-D8551DB2A48F}.AppStore|Any CPU.ActiveCfg = Debug|Any CPU
		{2A3301D1-B0F8-4923-B39D-D8551DB2A48F}.AppStore|Any CPU.Build.0 = Debug|Any CPU
		{2A3301D1-B0F8-4923-B39D-D8551DB2A48F}.AppStore|Any CPU.Deploy.0 = Debug|Any CPU
		{2A3301D1-B0F8-4923-B39D-D8551DB2A48F}.AppStore|iPhone.ActiveCfg = Debug|Any CPU
		{2A3301D1-B0F8-4923-B39D-D8551DB2A48F}.AppStore|iPhone.Build.0 = Debug|Any CPU
		{2A3301D1-B0F8-4923-B39D-D8551DB2A48F}.AppStore|iPhone.Deploy.0 = Debug|Any CPU
		{2A3301D1-B0F8-4923-B39D-D8551DB2A48F}.AppStore|iPhoneSimulator.ActiveCfg = Debug|Any CPU
		{2A3301D1-B0F8-4923-B39D-D8551DB2A48F}.AppStore|iPhoneSimulator.Build.0 = Debug|Any CPU
		{2A3301D1-B0F8-4923-B39D-D8551DB2A48F}.AppStore|iPhoneSimulator.Deploy.0 = Debug|Any CPU
		{2A3301D1-B0F8-4923-B39D-D8551DB2A48F}.Debug|Any CPU.ActiveCfg = Debug|Any CPU
		{2A3301D1-B0F8-4923-B39D-D8551DB2A48F}.Debug|Any CPU.Build.0 = Debug|Any CPU
		{2A3301D1-B0F8-4923-B39D-D8551DB2A48F}.Debug|Any CPU.Deploy.0 = Debug|Any CPU
		{2A3301D1-B0F8-4923-B39D-D8551DB2A48F}.Debug|iPhone.ActiveCfg = Debug|Any CPU
		{2A3301D1-B0F8-4923-B39D-D8551DB2A48F}.Debug|iPhone.Build.0 = Debug|Any CPU
		{2A3301D1-B0F8-4923-B39D-D8551DB2A48F}.Debug|iPhone.Deploy.0 = Debug|Any CPU
		{2A3301D1-B0F8-4923-B39D-D8551DB2A48F}.Debug|iPhoneSimulator.ActiveCfg = Debug|Any CPU
		{2A3301D1-B0F8-4923-B39D-D8551DB2A48F}.Debug|iPhoneSimulator.Build.0 = Debug|Any CPU
		{2A3301D1-B0F8-4923-B39D-D8551DB2A48F}.Debug|iPhoneSimulator.Deploy.0 = Debug|Any CPU
		{2A3301D1-B0F8-4923-B39D-D8551DB2A48F}.Release|Any CPU.ActiveCfg = Release|Any CPU
		{2A3301D1-B0F8-4923-B39D-D8551DB2A48F}.Release|Any CPU.Build.0 = Release|Any CPU
		{2A3301D1-B0F8-4923-B39D-D8551DB2A48F}.Release|Any CPU.Deploy.0 = Release|Any CPU
		{2A3301D1-B0F8-4923-B39D-D8551DB2A48F}.Release|iPhone.ActiveCfg = Release|Any CPU
		{2A3301D1-B0F8-4923-B39D-D8551DB2A48F}.Release|iPhone.Build.0 = Release|Any CPU
		{2A3301D1-B0F8-4923-B39D-D8551DB2A48F}.Release|iPhone.Deploy.0 = Release|Any CPU
		{2A3301D1-B0F8-4923-B39D-D8551DB2A48F}.Release|iPhoneSimulator.ActiveCfg = Release|Any CPU
		{2A3301D1-B0F8-4923-B39D-D8551DB2A48F}.Release|iPhoneSimulator.Build.0 = Release|Any CPU
		{2A3301D1-B0F8-4923-B39D-D8551DB2A48F}.Release|iPhoneSimulator.Deploy.0 = Release|Any CPU
	EndGlobalSection
	GlobalSection(SolutionProperties) = preSolution
		HideSolutionNode = FALSE
	EndGlobalSection
	GlobalSection(ExtensibilityGlobals) = postSolution
		SolutionGuid = {A6B818B5-A5D5-4C9E-8AC8-79D25D9685EE}
	EndGlobalSection
EndGlobal
