
Microsoft Visual Studio Solution File, Format Version 12.00
# Visual Studio 15
VisualStudioVersion = 15.0.27703.2000
MinimumVisualStudioVersion = 10.0.40219.1
Project("{FAE04EC0-301F-11D3-BF4B-00C04F79EFBC}") = "GestureDemo.Android", "GestureDemo\GestureDemo.Android\GestureDemo.Android.csproj", "{6316B36D-E3C5-49F5-BC1E-D75697C1E19E}"
EndProject
Project("{FAE04EC0-301F-11D3-BF4B-00C04F79EFBC}") = "GestureDemo.iOS", "GestureDemo\GestureDemo.iOS\GestureDemo.iOS.csproj", "{9E7B1CF8-DCC3-4752-AF52-8126B896DB2E}"
EndProject
Project("{FAE04EC0-301F-11D3-BF4B-00C04F79EFBC}") = "GestureDemo", "GestureDemo\GestureDemo\GestureDemo.csproj", "{BA2139A1-41A0-4F4B-944A-1A20F77B8E8F}"
EndProject
Global
	GlobalSection(SolutionConfigurationPlatforms) = preSolution
		Ad-Hoc|Any CPU = Ad-Hoc|Any CPU
		Ad-Hoc|iPhone = Ad-Hoc|iPhone
		Ad-Hoc|iPhoneSimulator = Ad-Hoc|iPhoneSimulator
		AppStore|Any CPU = AppStore|Any CPU
		AppStore|iPhone = AppStore|iPhone
		AppStore|iPhoneSimulator = AppStore|iPhoneSimulator
		Debug|Any CPU = Debug|Any CPU
		Debug|iPhone = Debug|iPhone
		Debug|iPhoneSimulator = Debug|iPhoneSimulator
		Release|Any CPU = Release|Any CPU
		Release|iPhone = Release|iPhone
		Release|iPhoneSimulator = Release|iPhoneSimulator
	EndGlobalSection
	GlobalSection(ProjectConfigurationPlatforms) = postSolution
		{6316B36D-E3C5-49F5-BC1E-D75697C1E19E}.Ad-Hoc|Any CPU.ActiveCfg = Release|Any CPU
		{6316B36D-E3C5-49F5-BC1E-D75697C1E19E}.Ad-Hoc|Any CPU.Build.0 = Release|Any CPU
		{6316B36D-E3C5-49F5-BC1E-D75697C1E19E}.Ad-Hoc|Any CPU.Deploy.0 = Release|Any CPU
		{6316B36D-E3C5-49F5-BC1E-D75697C1E19E}.Ad-Hoc|iPhone.ActiveCfg = Release|Any CPU
		{6316B36D-E3C5-49F5-BC1E-D75697C1E19E}.Ad-Hoc|iPhone.Build.0 = Release|Any CPU
		{6316B36D-E3C5-49F5-BC1E-D75697C1E19E}.Ad-Hoc|iPhone.Deploy.0 = Release|Any CPU
		{6316B36D-E3C5-49F5-BC1E-D75697C1E19E}.Ad-Hoc|iPhoneSimulator.ActiveCfg = Release|Any CPU
		{6316B36D-E3C5-49F5-BC1E-D75697C1E19E}.Ad-Hoc|iPhoneSimulator.Build.0 = Release|Any CPU
		{6316B36D-E3C5-49F5-BC1E-D75697C1E19E}.Ad-Hoc|iPhoneSimulator.Deploy.0 = Release|Any CPU
		{6316B36D-E3C5-49F5-BC1E-D75697C1E19E}.AppStore|Any CPU.ActiveCfg = Release|Any CPU
		{6316B36D-E3C5-49F5-BC1E-D75697C1E19E}.AppStore|Any CPU.Build.0 = Release|Any CPU
		{6316B36D-E3C5-49F5-BC1E-D75697C1E19E}.AppStore|Any CPU.Deploy.0 = Release|Any CPU
		{6316B36D-E3C5-49F5-BC1E-D75697C1E19E}.AppStore|iPhone.ActiveCfg = Release|Any CPU
		{6316B36D-E3C5-49F5-BC1E-D75697C1E19E}.AppStore|iPhone.Build.0 = Release|Any CPU
		{6316B36D-E3C5-49F5-BC1E-D75697C1E19E}.AppStore|iPhone.Deploy.0 = Release|Any CPU
		{6316B36D-E3C5-49F5-BC1E-D75697C1E19E}.AppStore|iPhoneSimulator.ActiveCfg = Release|Any CPU
		{6316B36D-E3C5-49F5-BC1E-D75697C1E19E}.AppStore|iPhoneSimulator.Build.0 = Release|Any CPU
		{6316B36D-E3C5-49F5-BC1E-D75697C1E19E}.AppStore|iPhoneSimulator.Deploy.0 = Release|Any CPU
		{6316B36D-E3C5-49F5-BC1E-D75697C1E19E}.Debug|Any CPU.ActiveCfg = Debug|Any CPU
		{6316B36D-E3C5-49F5-BC1E-D75697C1E19E}.Debug|Any CPU.Build.0 = Debug|Any CPU
		{6316B36D-E3C5-49F5-BC1E-D75697C1E19E}.Debug|Any CPU.Deploy.0 = Debug|Any CPU
		{6316B36D-E3C5-49F5-BC1E-D75697C1E19E}.Debug|iPhone.ActiveCfg = Debug|Any CPU
		{6316B36D-E3C5-49F5-BC1E-D75697C1E19E}.Debug|iPhone.Build.0 = Debug|Any CPU
		{6316B36D-E3C5-49F5-BC1E-D75697C1E19E}.Debug|iPhone.Deploy.0 = Debug|Any CPU
		{6316B36D-E3C5-49F5-BC1E-D75697C1E19E}.Debug|iPhoneSimulator.ActiveCfg = Debug|Any CPU
		{6316B36D-E3C5-49F5-BC1E-D75697C1E19E}.Debug|iPhoneSimulator.Build.0 = Debug|Any CPU
		{6316B36D-E3C5-49F5-BC1E-D75697C1E19E}.Debug|iPhoneSimulator.Deploy.0 = Debug|Any CPU
		{6316B36D-E3C5-49F5-BC1E-D75697C1E19E}.Release|Any CPU.ActiveCfg = Release|Any CPU
		{6316B36D-E3C5-49F5-BC1E-D75697C1E19E}.Release|Any CPU.Build.0 = Release|Any CPU
		{6316B36D-E3C5-49F5-BC1E-D75697C1E19E}.Release|Any CPU.Deploy.0 = Release|Any CPU
		{6316B36D-E3C5-49F5-BC1E-D75697C1E19E}.Release|iPhone.ActiveCfg = Release|Any CPU
		{6316B36D-E3C5-49F5-BC1E-D75697C1E19E}.Release|iPhone.Build.0 = Release|Any CPU
		{6316B36D-E3C5-49F5-BC1E-D75697C1E19E}.Release|iPhone.Deploy.0 = Release|Any CPU
		{6316B36D-E3C5-49F5-BC1E-D75697C1E19E}.Release|iPhoneSimulator.ActiveCfg = Release|Any CPU
		{6316B36D-E3C5-49F5-BC1E-D75697C1E19E}.Release|iPhoneSimulator.Build.0 = Release|Any CPU
		{6316B36D-E3C5-49F5-BC1E-D75697C1E19E}.Release|iPhoneSimulator.Deploy.0 = Release|Any CPU
		{9E7B1CF8-DCC3-4752-AF52-8126B896DB2E}.Ad-Hoc|Any CPU.ActiveCfg = Ad-Hoc|iPhone
		{9E7B1CF8-DCC3-4752-AF52-8126B896DB2E}.Ad-Hoc|Any CPU.Build.0 = Ad-Hoc|iPhone
		{9E7B1CF8-DCC3-4752-AF52-8126B896DB2E}.Ad-Hoc|Any CPU.Deploy.0 = Ad-Hoc|iPhone
		{9E7B1CF8-DCC3-4752-AF52-8126B896DB2E}.Ad-Hoc|iPhone.ActiveCfg = Ad-Hoc|iPhone
		{9E7B1CF8-DCC3-4752-AF52-8126B896DB2E}.Ad-Hoc|iPhone.Build.0 = Ad-Hoc|iPhone
		{9E7B1CF8-DCC3-4752-AF52-8126B896DB2E}.Ad-Hoc|iPhone.Deploy.0 = Ad-Hoc|iPhone
		{9E7B1CF8-DCC3-4752-AF52-8126B896DB2E}.Ad-Hoc|iPhoneSimulator.ActiveCfg = Ad-Hoc|iPhoneSimulator
		{9E7B1CF8-DCC3-4752-AF52-8126B896DB2E}.Ad-Hoc|iPhoneSimulator.Build.0 = Ad-Hoc|iPhoneSimulator
		{9E7B1CF8-DCC3-4752-AF52-8126B896DB2E}.Ad-Hoc|iPhoneSimulator.Deploy.0 = Ad-Hoc|iPhoneSimulator
		{9E7B1CF8-DCC3-4752-AF52-8126B896DB2E}.AppStore|Any CPU.ActiveCfg = AppStore|iPhone
		{9E7B1CF8-DCC3-4752-AF52-8126B896DB2E}.AppStore|Any CPU.Build.0 = AppStore|iPhone
		{9E7B1CF8-DCC3-4752-AF52-8126B896DB2E}.AppStore|Any CPU.Deploy.0 = AppStore|iPhone
		{9E7B1CF8-DCC3-4752-AF52-8126B896DB2E}.AppStore|iPhone.ActiveCfg = AppStore|iPhone
		{9E7B1CF8-DCC3-4752-AF52-8126B896DB2E}.AppStore|iPhone.Build.0 = AppStore|iPhone
		{9E7B1CF8-DCC3-4752-AF52-8126B896DB2E}.AppStore|iPhone.Deploy.0 = AppStore|iPhone
		{9E7B1CF8-DCC3-4752-AF52-8126B896DB2E}.AppStore|iPhoneSimulator.ActiveCfg = AppStore|iPhoneSimulator
		{9E7B1CF8-DCC3-4752-AF52-8126B896DB2E}.AppStore|iPhoneSimulator.Build.0 = AppStore|iPhoneSimulator
		{9E7B1CF8-DCC3-4752-AF52-8126B896DB2E}.AppStore|iPhoneSimulator.Deploy.0 = AppStore|iPhoneSimulator
		{9E7B1CF8-DCC3-4752-AF52-8126B896DB2E}.Debug|Any CPU.ActiveCfg = Debug|iPhoneSimulator
		{9E7B1CF8-DCC3-4752-AF52-8126B896DB2E}.Debug|Any CPU.Build.0 = Debug|iPhoneSimulator
		{9E7B1CF8-DCC3-4752-AF52-8126B896DB2E}.Debug|Any CPU.Deploy.0 = Debug|iPhoneSimulator
		{9E7B1CF8-DCC3-4752-AF52-8126B896DB2E}.Debug|iPhone.ActiveCfg = Debug|iPhone
		{9E7B1CF8-DCC3-4752-AF52-8126B896DB2E}.Debug|iPhone.Build.0 = Debug|iPhone
		{9E7B1CF8-DCC3-4752-AF52-8126B896DB2E}.Debug|iPhone.Deploy.0 = Debug|iPhone
		{9E7B1CF8-DCC3-4752-AF52-8126B896DB2E}.Debug|iPhoneSimulator.ActiveCfg = Debug|iPhoneSimulator
		{9E7B1CF8-DCC3-4752-AF52-8126B896DB2E}.Debug|iPhoneSimulator.Build.0 = Debug|iPhoneSimulator
		{9E7B1CF8-DCC3-4752-AF52-8126B896DB2E}.Debug|iPhoneSimulator.Deploy.0 = Debug|iPhoneSimulator
		{9E7B1CF8-DCC3-4752-AF52-8126B896DB2E}.Release|Any CPU.ActiveCfg = Release|iPhone
		{9E7B1CF8-DCC3-4752-AF52-8126B896DB2E}.Release|Any CPU.Build.0 = Release|iPhone
		{9E7B1CF8-DCC3-4752-AF52-8126B896DB2E}.Release|Any CPU.Deploy.0 = Release|iPhone
		{9E7B1CF8-DCC3-4752-AF52-8126B896DB2E}.Release|iPhone.ActiveCfg = Release|iPhone
		{9E7B1CF8-DCC3-4752-AF52-8126B896DB2E}.Release|iPhone.Build.0 = Release|iPhone
		{9E7B1CF8-DCC3-4752-AF52-8126B896DB2E}.Release|iPhone.Deploy.0 = Release|iPhone
		{9E7B1CF8-DCC3-4752-AF52-8126B896DB2E}.Release|iPhoneSimulator.ActiveCfg = Release|iPhoneSimulator
		{9E7B1CF8-DCC3-4752-AF52-8126B896DB2E}.Release|iPhoneSimulator.Build.0 = Release|iPhoneSimulator
		{9E7B1CF8-DCC3-4752-AF52-8126B896DB2E}.Release|iPhoneSimulator.Deploy.0 = Release|iPhoneSimulator
		{BA2139A1-41A0-4F4B-944A-1A20F77B8E8F}.Ad-Hoc|Any CPU.ActiveCfg = Debug|Any CPU
		{BA2139A1-41A0-4F4B-944A-1A20F77B8E8F}.Ad-Hoc|Any CPU.Build.0 = Debug|Any CPU
		{BA2139A1-41A0-4F4B-944A-1A20F77B8E8F}.Ad-Hoc|Any CPU.Deploy.0 = Debug|Any CPU
		{BA2139A1-41A0-4F4B-944A-1A20F77B8E8F}.Ad-Hoc|iPhone.ActiveCfg = Debug|Any CPU
		{BA2139A1-41A0-4F4B-944A-1A20F77B8E8F}.Ad-Hoc|iPhone.Build.0 = Debug|Any CPU
		{BA2139A1-41A0-4F4B-944A-1A20F77B8E8F}.Ad-Hoc|iPhone.Deploy.0 = Debug|Any CPU
		{BA2139A1-41A0-4F4B-944A-1A20F77B8E8F}.Ad-Hoc|iPhoneSimulator.ActiveCfg = Debug|Any CPU
		{BA2139A1-41A0-4F4B-944A-1A20F77B8E8F}.Ad-Hoc|iPhoneSimulator.Build.0 = Debug|Any CPU
		{BA2139A1-41A0-4F4B-944A-1A20F77B8E8F}.Ad-Hoc|iPhoneSimulator.Deploy.0 = Debug|Any CPU
		{BA2139A1-41A0-4F4B-944A-1A20F77B8E8F}.AppStore|Any CPU.ActiveCfg = Debug|Any CPU
		{BA2139A1-41A0-4F4B-944A-1A20F77B8E8F}.AppStore|Any CPU.Build.0 = Debug|Any CPU
		{BA2139A1-41A0-4F4B-944A-1A20F77B8E8F}.AppStore|Any CPU.Deploy.0 = Debug|Any CPU
		{BA2139A1-41A0-4F4B-944A-1A20F77B8E8F}.AppStore|iPhone.ActiveCfg = Debug|Any CPU
		{BA2139A1-41A0-4F4B-944A-1A20F77B8E8F}.AppStore|iPhone.Build.0 = Debug|Any CPU
		{BA2139A1-41A0-4F4B-944A-1A20F77B8E8F}.AppStore|iPhone.Deploy.0 = Debug|Any CPU
		{BA2139A1-41A0-4F4B-944A-1A20F77B8E8F}.AppStore|iPhoneSimulator.ActiveCfg = Debug|Any CPU
		{BA2139A1-41A0-4F4B-944A-1A20F77B8E8F}.AppStore|iPhoneSimulator.Build.0 = Debug|Any CPU
		{BA2139A1-41A0-4F4B-944A-1A20F77B8E8F}.AppStore|iPhoneSimulator.Deploy.0 = Debug|Any CPU
		{BA2139A1-41A0-4F4B-944A-1A20F77B8E8F}.Debug|Any CPU.ActiveCfg = Debug|Any CPU
		{BA2139A1-41A0-4F4B-944A-1A20F77B8E8F}.Debug|Any CPU.Build.0 = Debug|Any CPU
		{BA2139A1-41A0-4F4B-944A-1A20F77B8E8F}.Debug|Any CPU.Deploy.0 = Debug|Any CPU
		{BA2139A1-41A0-4F4B-944A-1A20F77B8E8F}.Debug|iPhone.ActiveCfg = Debug|Any CPU
		{BA2139A1-41A0-4F4B-944A-1A20F77B8E8F}.Debug|iPhone.Build.0 = Debug|Any CPU
		{BA2139A1-41A0-4F4B-944A-1A20F77B8E8F}.Debug|iPhone.Deploy.0 = Debug|Any CPU
		{BA2139A1-41A0-4F4B-944A-1A20F77B8E8F}.Debug|iPhoneSimulator.ActiveCfg = Debug|Any CPU
		{BA2139A1-41A0-4F4B-944A-1A20F77B8E8F}.Debug|iPhoneSimulator.Build.0 = Debug|Any CPU
		{BA2139A1-41A0-4F4B-944A-1A20F77B8E8F}.Debug|iPhoneSimulator.Deploy.0 = Debug|Any CPU
		{BA2139A1-41A0-4F4B-944A-1A20F77B8E8F}.Release|Any CPU.ActiveCfg = Release|Any CPU
		{BA2139A1-41A0-4F4B-944A-1A20F77B8E8F}.Release|Any CPU.Build.0 = Release|Any CPU
		{BA2139A1-41A0-4F4B-944A-1A20F77B8E8F}.Release|Any CPU.Deploy.0 = Release|Any CPU
		{BA2139A1-41A0-4F4B-944A-1A20F77B8E8F}.Release|iPhone.ActiveCfg = Release|Any CPU
		{BA2139A1-41A0-4F4B-944A-1A20F77B8E8F}.Release|iPhone.Build.0 = Release|Any CPU
		{BA2139A1-41A0-4F4B-944A-1A20F77B8E8F}.Release|iPhone.Deploy.0 = Release|Any CPU
		{BA2139A1-41A0-4F4B-944A-1A20F77B8E8F}.Release|iPhoneSimulator.ActiveCfg = Release|Any CPU
		{BA2139A1-41A0-4F4B-944A-1A20F77B8E8F}.Release|iPhoneSimulator.Build.0 = Release|Any CPU
		{BA2139A1-41A0-4F4B-944A-1A20F77B8E8F}.Release|iPhoneSimulator.Deploy.0 = Release|Any CPU
	EndGlobalSection
	GlobalSection(SolutionProperties) = preSolution
		HideSolutionNode = FALSE
	EndGlobalSection
	GlobalSection(ExtensibilityGlobals) = postSolution
		SolutionGuid = {DBAC969E-468F-4ABD-A44E-5F4AFDC34518}
	EndGlobalSection
EndGlobal
