
Microsoft Visual Studio Solution File, Format Version 12.00
# Visual Studio 15
VisualStudioVersion = 15.0.27703.2000
MinimumVisualStudioVersion = 10.0.40219.1
Project("{FAE04EC0-301F-11D3-BF4B-00C04F79EFBC}") = "AbsoluteLayoutDemo.Android", "AbsoluteLayoutDemo\AbsoluteLayoutDemo.Android\AbsoluteLayoutDemo.Android.csproj", "{4F4627B2-6DDC-40B2-BA25-1328922B04AE}"
EndProject
Project("{FAE04EC0-301F-11D3-BF4B-00C04F79EFBC}") = "AbsoluteLayoutDemo.iOS", "AbsoluteLayoutDemo\AbsoluteLayoutDemo.iOS\AbsoluteLayoutDemo.iOS.csproj", "{552073B1-E5BB-40D9-9D7F-C9C56CF7EA7B}"
EndProject
Project("{FAE04EC0-301F-11D3-BF4B-00C04F79EFBC}") = "AbsoluteLayoutDemo", "AbsoluteLayoutDemo\AbsoluteLayoutDemo\AbsoluteLayoutDemo.csproj", "{345E1636-7755-45CE-BC34-32F12953B5AE}"
EndProject
Global
	GlobalSection(SolutionConfigurationPlatforms) = preSolution
		Ad-Hoc|Any CPU = Ad-Hoc|Any CPU
		Ad-Hoc|iPhone = Ad-Hoc|iPhone
		Ad-Hoc|iPhoneSimulator = Ad-Hoc|iPhoneSimulator
		AppStore|Any CPU = AppStore|Any CPU
		AppStore|iPhone = AppStore|iPhone
		AppStore|iPhoneSimulator = AppStore|iPhoneSimulator
		Debug|Any CPU = Debug|Any CPU
		Debug|iPhone = Debug|iPhone
		Debug|iPhoneSimulator = Debug|iPhoneSimulator
		Release|Any CPU = Release|Any CPU
		Release|iPhone = Release|iPhone
		Release|iPhoneSimulator = Release|iPhoneSimulator
	EndGlobalSection
	GlobalSection(ProjectConfigurationPlatforms) = postSolution
		{4F4627B2-6DDC-40B2-BA25-1328922B04AE}.Ad-Hoc|Any CPU.ActiveCfg = Release|Any CPU
		{4F4627B2-6DDC-40B2-BA25-1328922B04AE}.Ad-Hoc|Any CPU.Build.0 = Release|Any CPU
		{4F4627B2-6DDC-40B2-BA25-1328922B04AE}.Ad-Hoc|Any CPU.Deploy.0 = Release|Any CPU
		{4F4627B2-6DDC-40B2-BA25-1328922B04AE}.Ad-Hoc|iPhone.ActiveCfg = Release|Any CPU
		{4F4627B2-6DDC-40B2-BA25-1328922B04AE}.Ad-Hoc|iPhone.Build.0 = Release|Any CPU
		{4F4627B2-6DDC-40B2-BA25-1328922B04AE}.Ad-Hoc|iPhone.Deploy.0 = Release|Any CPU
		{4F4627B2-6DDC-40B2-BA25-1328922B04AE}.Ad-Hoc|iPhoneSimulator.ActiveCfg = Release|Any CPU
		{4F4627B2-6DDC-40B2-BA25-1328922B04AE}.Ad-Hoc|iPhoneSimulator.Build.0 = Release|Any CPU
		{4F4627B2-6DDC-40B2-BA25-1328922B04AE}.Ad-Hoc|iPhoneSimulator.Deploy.0 = Release|Any CPU
		{4F4627B2-6DDC-40B2-BA25-1328922B04AE}.AppStore|Any CPU.ActiveCfg = Release|Any CPU
		{4F4627B2-6DDC-40B2-BA25-1328922B04AE}.AppStore|Any CPU.Build.0 = Release|Any CPU
		{4F4627B2-6DDC-40B2-BA25-1328922B04AE}.AppStore|Any CPU.Deploy.0 = Release|Any CPU
		{4F4627B2-6DDC-40B2-BA25-1328922B04AE}.AppStore|iPhone.ActiveCfg = Release|Any CPU
		{4F4627B2-6DDC-40B2-BA25-1328922B04AE}.AppStore|iPhone.Build.0 = Release|Any CPU
		{4F4627B2-6DDC-40B2-BA25-1328922B04AE}.AppStore|iPhone.Deploy.0 = Release|Any CPU
		{4F4627B2-6DDC-40B2-BA25-1328922B04AE}.AppStore|iPhoneSimulator.ActiveCfg = Release|Any CPU
		{4F4627B2-6DDC-40B2-BA25-1328922B04AE}.AppStore|iPhoneSimulator.Build.0 = Release|Any CPU
		{4F4627B2-6DDC-40B2-BA25-1328922B04AE}.AppStore|iPhoneSimulator.Deploy.0 = Release|Any CPU
		{4F4627B2-6DDC-40B2-BA25-1328922B04AE}.Debug|Any CPU.ActiveCfg = Debug|Any CPU
		{4F4627B2-6DDC-40B2-BA25-1328922B04AE}.Debug|Any CPU.Build.0 = Debug|Any CPU
		{4F4627B2-6DDC-40B2-BA25-1328922B04AE}.Debug|Any CPU.Deploy.0 = Debug|Any CPU
		{4F4627B2-6DDC-40B2-BA25-1328922B04AE}.Debug|iPhone.ActiveCfg = Debug|Any CPU
		{4F4627B2-6DDC-40B2-BA25-1328922B04AE}.Debug|iPhone.Build.0 = Debug|Any CPU
		{4F4627B2-6DDC-40B2-BA25-1328922B04AE}.Debug|iPhone.Deploy.0 = Debug|Any CPU
		{4F4627B2-6DDC-40B2-BA25-1328922B04AE}.Debug|iPhoneSimulator.ActiveCfg = Debug|Any CPU
		{4F4627B2-6DDC-40B2-BA25-1328922B04AE}.Debug|iPhoneSimulator.Build.0 = Debug|Any CPU
		{4F4627B2-6DDC-40B2-BA25-1328922B04AE}.Debug|iPhoneSimulator.Deploy.0 = Debug|Any CPU
		{4F4627B2-6DDC-40B2-BA25-1328922B04AE}.Release|Any CPU.ActiveCfg = Release|Any CPU
		{4F4627B2-6DDC-40B2-BA25-1328922B04AE}.Release|Any CPU.Build.0 = Release|Any CPU
		{4F4627B2-6DDC-40B2-BA25-1328922B04AE}.Release|Any CPU.Deploy.0 = Release|Any CPU
		{4F4627B2-6DDC-40B2-BA25-1328922B04AE}.Release|iPhone.ActiveCfg = Release|Any CPU
		{4F4627B2-6DDC-40B2-BA25-1328922B04AE}.Release|iPhone.Build.0 = Release|Any CPU
		{4F4627B2-6DDC-40B2-BA25-1328922B04AE}.Release|iPhone.Deploy.0 = Release|Any CPU
		{4F4627B2-6DDC-40B2-BA25-1328922B04AE}.Release|iPhoneSimulator.ActiveCfg = Release|Any CPU
		{4F4627B2-6DDC-40B2-BA25-1328922B04AE}.Release|iPhoneSimulator.Build.0 = Release|Any CPU
		{4F4627B2-6DDC-40B2-BA25-1328922B04AE}.Release|iPhoneSimulator.Deploy.0 = Release|Any CPU
		{552073B1-E5BB-40D9-9D7F-C9C56CF7EA7B}.Ad-Hoc|Any CPU.ActiveCfg = Ad-Hoc|iPhone
		{552073B1-E5BB-40D9-9D7F-C9C56CF7EA7B}.Ad-Hoc|Any CPU.Build.0 = Ad-Hoc|iPhone
		{552073B1-E5BB-40D9-9D7F-C9C56CF7EA7B}.Ad-Hoc|Any CPU.Deploy.0 = Ad-Hoc|iPhone
		{552073B1-E5BB-40D9-9D7F-C9C56CF7EA7B}.Ad-Hoc|iPhone.ActiveCfg = Ad-Hoc|iPhone
		{552073B1-E5BB-40D9-9D7F-C9C56CF7EA7B}.Ad-Hoc|iPhone.Build.0 = Ad-Hoc|iPhone
		{552073B1-E5BB-40D9-9D7F-C9C56CF7EA7B}.Ad-Hoc|iPhone.Deploy.0 = Ad-Hoc|iPhone
		{552073B1-E5BB-40D9-9D7F-C9C56CF7EA7B}.Ad-Hoc|iPhoneSimulator.ActiveCfg = Ad-Hoc|iPhoneSimulator
		{552073B1-E5BB-40D9-9D7F-C9C56CF7EA7B}.Ad-Hoc|iPhoneSimulator.Build.0 = Ad-Hoc|iPhoneSimulator
		{552073B1-E5BB-40D9-9D7F-C9C56CF7EA7B}.Ad-Hoc|iPhoneSimulator.Deploy.0 = Ad-Hoc|iPhoneSimulator
		{552073B1-E5BB-40D9-9D7F-C9C56CF7EA7B}.AppStore|Any CPU.ActiveCfg = AppStore|iPhone
		{552073B1-E5BB-40D9-9D7F-C9C56CF7EA7B}.AppStore|Any CPU.Build.0 = AppStore|iPhone
		{552073B1-E5BB-40D9-9D7F-C9C56CF7EA7B}.AppStore|Any CPU.Deploy.0 = AppStore|iPhone
		{552073B1-E5BB-40D9-9D7F-C9C56CF7EA7B}.AppStore|iPhone.ActiveCfg = AppStore|iPhone
		{552073B1-E5BB-40D9-9D7F-C9C56CF7EA7B}.AppStore|iPhone.Build.0 = AppStore|iPhone
		{552073B1-E5BB-40D9-9D7F-C9C56CF7EA7B}.AppStore|iPhone.Deploy.0 = AppStore|iPhone
		{552073B1-E5BB-40D9-9D7F-C9C56CF7EA7B}.AppStore|iPhoneSimulator.ActiveCfg = AppStore|iPhoneSimulator
		{552073B1-E5BB-40D9-9D7F-C9C56CF7EA7B}.AppStore|iPhoneSimulator.Build.0 = AppStore|iPhoneSimulator
		{552073B1-E5BB-40D9-9D7F-C9C56CF7EA7B}.AppStore|iPhoneSimulator.Deploy.0 = AppStore|iPhoneSimulator
		{552073B1-E5BB-40D9-9D7F-C9C56CF7EA7B}.Debug|Any CPU.ActiveCfg = Debug|iPhoneSimulator
		{552073B1-E5BB-40D9-9D7F-C9C56CF7EA7B}.Debug|Any CPU.Build.0 = Debug|iPhoneSimulator
		{552073B1-E5BB-40D9-9D7F-C9C56CF7EA7B}.Debug|Any CPU.Deploy.0 = Debug|iPhoneSimulator
		{552073B1-E5BB-40D9-9D7F-C9C56CF7EA7B}.Debug|iPhone.ActiveCfg = Debug|iPhone
		{552073B1-E5BB-40D9-9D7F-C9C56CF7EA7B}.Debug|iPhone.Build.0 = Debug|iPhone
		{552073B1-E5BB-40D9-9D7F-C9C56CF7EA7B}.Debug|iPhone.Deploy.0 = Debug|iPhone
		{552073B1-E5BB-40D9-9D7F-C9C56CF7EA7B}.Debug|iPhoneSimulator.ActiveCfg = Debug|iPhoneSimulator
		{552073B1-E5BB-40D9-9D7F-C9C56CF7EA7B}.Debug|iPhoneSimulator.Build.0 = Debug|iPhoneSimulator
		{552073B1-E5BB-40D9-9D7F-C9C56CF7EA7B}.Debug|iPhoneSimulator.Deploy.0 = Debug|iPhoneSimulator
		{552073B1-E5BB-40D9-9D7F-C9C56CF7EA7B}.Release|Any CPU.ActiveCfg = Release|iPhone
		{552073B1-E5BB-40D9-9D7F-C9C56CF7EA7B}.Release|Any CPU.Build.0 = Release|iPhone
		{552073B1-E5BB-40D9-9D7F-C9C56CF7EA7B}.Release|Any CPU.Deploy.0 = Release|iPhone
		{552073B1-E5BB-40D9-9D7F-C9C56CF7EA7B}.Release|iPhone.ActiveCfg = Release|iPhone
		{552073B1-E5BB-40D9-9D7F-C9C56CF7EA7B}.Release|iPhone.Build.0 = Release|iPhone
		{552073B1-E5BB-40D9-9D7F-C9C56CF7EA7B}.Release|iPhone.Deploy.0 = Release|iPhone
		{552073B1-E5BB-40D9-9D7F-C9C56CF7EA7B}.Release|iPhoneSimulator.ActiveCfg = Release|iPhoneSimulator
		{552073B1-E5BB-40D9-9D7F-C9C56CF7EA7B}.Release|iPhoneSimulator.Build.0 = Release|iPhoneSimulator
		{552073B1-E5BB-40D9-9D7F-C9C56CF7EA7B}.Release|iPhoneSimulator.Deploy.0 = Release|iPhoneSimulator
		{345E1636-7755-45CE-BC34-32F12953B5AE}.Ad-Hoc|Any CPU.ActiveCfg = Debug|Any CPU
		{345E1636-7755-45CE-BC34-32F12953B5AE}.Ad-Hoc|Any CPU.Build.0 = Debug|Any CPU
		{345E1636-7755-45CE-BC34-32F12953B5AE}.Ad-Hoc|Any CPU.Deploy.0 = Debug|Any CPU
		{345E1636-7755-45CE-BC34-32F12953B5AE}.Ad-Hoc|iPhone.ActiveCfg = Debug|Any CPU
		{345E1636-7755-45CE-BC34-32F12953B5AE}.Ad-Hoc|iPhone.Build.0 = Debug|Any CPU
		{345E1636-7755-45CE-BC34-32F12953B5AE}.Ad-Hoc|iPhone.Deploy.0 = Debug|Any CPU
		{345E1636-7755-45CE-BC34-32F12953B5AE}.Ad-Hoc|iPhoneSimulator.ActiveCfg = Debug|Any CPU
		{345E1636-7755-45CE-BC34-32F12953B5AE}.Ad-Hoc|iPhoneSimulator.Build.0 = Debug|Any CPU
		{345E1636-7755-45CE-BC34-32F12953B5AE}.Ad-Hoc|iPhoneSimulator.Deploy.0 = Debug|Any CPU
		{345E1636-7755-45CE-BC34-32F12953B5AE}.AppStore|Any CPU.ActiveCfg = Debug|Any CPU
		{345E1636-7755-45CE-BC34-32F12953B5AE}.AppStore|Any CPU.Build.0 = Debug|Any CPU
		{345E1636-7755-45CE-BC34-32F12953B5AE}.AppStore|Any CPU.Deploy.0 = Debug|Any CPU
		{345E1636-7755-45CE-BC34-32F12953B5AE}.AppStore|iPhone.ActiveCfg = Debug|Any CPU
		{345E1636-7755-45CE-BC34-32F12953B5AE}.AppStore|iPhone.Build.0 = Debug|Any CPU
		{345E1636-7755-45CE-BC34-32F12953B5AE}.AppStore|iPhone.Deploy.0 = Debug|Any CPU
		{345E1636-7755-45CE-BC34-32F12953B5AE}.AppStore|iPhoneSimulator.ActiveCfg = Debug|Any CPU
		{345E1636-7755-45CE-BC34-32F12953B5AE}.AppStore|iPhoneSimulator.Build.0 = Debug|Any CPU
		{345E1636-7755-45CE-BC34-32F12953B5AE}.AppStore|iPhoneSimulator.Deploy.0 = Debug|Any CPU
		{345E1636-7755-45CE-BC34-32F12953B5AE}.Debug|Any CPU.ActiveCfg = Debug|Any CPU
		{345E1636-7755-45CE-BC34-32F12953B5AE}.Debug|Any CPU.Build.0 = Debug|Any CPU
		{345E1636-7755-45CE-BC34-32F12953B5AE}.Debug|Any CPU.Deploy.0 = Debug|Any CPU
		{345E1636-7755-45CE-BC34-32F12953B5AE}.Debug|iPhone.ActiveCfg = Debug|Any CPU
		{345E1636-7755-45CE-BC34-32F12953B5AE}.Debug|iPhone.Build.0 = Debug|Any CPU
		{345E1636-7755-45CE-BC34-32F12953B5AE}.Debug|iPhone.Deploy.0 = Debug|Any CPU
		{345E1636-7755-45CE-BC34-32F12953B5AE}.Debug|iPhoneSimulator.ActiveCfg = Debug|Any CPU
		{345E1636-7755-45CE-BC34-32F12953B5AE}.Debug|iPhoneSimulator.Build.0 = Debug|Any CPU
		{345E1636-7755-45CE-BC34-32F12953B5AE}.Debug|iPhoneSimulator.Deploy.0 = Debug|Any CPU
		{345E1636-7755-45CE-BC34-32F12953B5AE}.Release|Any CPU.ActiveCfg = Release|Any CPU
		{345E1636-7755-45CE-BC34-32F12953B5AE}.Release|Any CPU.Build.0 = Release|Any CPU
		{345E1636-7755-45CE-BC34-32F12953B5AE}.Release|Any CPU.Deploy.0 = Release|Any CPU
		{345E1636-7755-45CE-BC34-32F12953B5AE}.Release|iPhone.ActiveCfg = Release|Any CPU
		{345E1636-7755-45CE-BC34-32F12953B5AE}.Release|iPhone.Build.0 = Release|Any CPU
		{345E1636-7755-45CE-BC34-32F12953B5AE}.Release|iPhone.Deploy.0 = Release|Any CPU
		{345E1636-7755-45CE-BC34-32F12953B5AE}.Release|iPhoneSimulator.ActiveCfg = Release|Any CPU
		{345E1636-7755-45CE-BC34-32F12953B5AE}.Release|iPhoneSimulator.Build.0 = Release|Any CPU
		{345E1636-7755-45CE-BC34-32F12953B5AE}.Release|iPhoneSimulator.Deploy.0 = Release|Any CPU
	EndGlobalSection
	GlobalSection(SolutionProperties) = preSolution
		HideSolutionNode = FALSE
	EndGlobalSection
	GlobalSection(ExtensibilityGlobals) = postSolution
		SolutionGuid = {F2823007-6E00-4FE6-80B6-F94765A61F0C}
	EndGlobalSection
EndGlobal
